{
  "version": 4,
  "terraform_version": "1.14.0",
  "serial": 248,
  "lineage": "3d2ee89b-2740-ff59-db00-42890fa32551",
  "outputs": {
    "alb_internal_dns_name": {
      "value": "internal-neumo-dev-internal-1987845174.us-east-1.elb.amazonaws.com",
      "type": "string"
    },
    "alb_public_dns_name": {
      "value": "neumo-dev-public-1899773425.us-east-1.elb.amazonaws.com",
      "type": "string"
    },
    "api_gateway_internal_url": {
      "value": "http://internal-neumo-dev-internal-1987845174.us-east-1.elb.amazonaws.com",
      "type": "string"
    },
    "application_url": {
      "value": "http://neumo-dev-public-1899773425.us-east-1.elb.amazonaws.com",
      "type": "string"
    },
    "availability_patterns_summary": {
      "value": {
        "scenario_1_hot_spare": {
          "architecture": "web-frontend → ALB Interno → [api-gateway-1, api-gateway-2, api-gateway-3]\r\nSi una instancia falla, ALB detecta via health check y redistribuye tráfico\r\n",
          "component": "api-gateway",
          "description": "API Gateway con 3+ tareas activas detrás de ALB interno",
          "load_balancer": "ALB Interno: internal-neumo-dev-internal-1987845174.us-east-1.elb.amazonaws.com",
          "tasks": 1
        },
        "scenario_2_service_discovery": {
          "description": "Service Discovery vía AWS Cloud Map",
          "namespace": "neumo.internal",
          "services": [
            "api-gateway",
            "auth-be",
            "message-producer",
            "mongodb",
            "notification-be",
            "prediagnostic-be",
            "rabbitmq"
          ]
        },
        "scenario_3_cluster": {
          "component": "prediagnostic-be",
          "description": "Cluster Pattern con N+1 redundancia",
          "max_tasks": 4,
          "min_tasks": 2,
          "tasks": 2
        },
        "scenario_4_warm_spare": {
          "component": "auth-db (RDS PostgreSQL)",
          "description": "Database Failover con RDS Multi-AZ",
          "endpoint": "neumo-dev-auth-db.cgl0ou8kgi9a.us-east-1.rds.amazonaws.com:5432",
          "multi_az": false
        }
      },
      "type": [
        "object",
        {
          "scenario_1_hot_spare": [
            "object",
            {
              "architecture": "string",
              "component": "string",
              "description": "string",
              "load_balancer": "string",
              "tasks": "number"
            }
          ],
          "scenario_2_service_discovery": [
            "object",
            {
              "description": "string",
              "namespace": "string",
              "services": [
                "tuple",
                [
                  "string",
                  "string",
                  "string",
                  "string",
                  "string",
                  "string",
                  "string"
                ]
              ]
            }
          ],
          "scenario_3_cluster": [
            "object",
            {
              "component": "string",
              "description": "string",
              "max_tasks": "number",
              "min_tasks": "number",
              "tasks": "number"
            }
          ],
          "scenario_4_warm_spare": [
            "object",
            {
              "component": "string",
              "description": "string",
              "endpoint": "string",
              "multi_az": "bool"
            }
          ]
        }
      ]
    },
    "ecr_repository_urls": {
      "value": {
        "api-gateway": "566115828526.dkr.ecr.us-east-1.amazonaws.com/neumo/api-gateway",
        "auth-be": "566115828526.dkr.ecr.us-east-1.amazonaws.com/neumo/auth-be",
        "message-producer": "566115828526.dkr.ecr.us-east-1.amazonaws.com/neumo/message-producer",
        "notification-be": "566115828526.dkr.ecr.us-east-1.amazonaws.com/neumo/notification-be",
        "prediagnostic-be": "566115828526.dkr.ecr.us-east-1.amazonaws.com/neumo/prediagnostic-be",
        "web-frontend": "566115828526.dkr.ecr.us-east-1.amazonaws.com/neumo/web-frontend"
      },
      "type": [
        "object",
        {
          "api-gateway": "string",
          "auth-be": "string",
          "message-producer": "string",
          "notification-be": "string",
          "prediagnostic-be": "string",
          "web-frontend": "string"
        }
      ]
    },
    "ecs_cluster_id": {
      "value": "arn:aws:ecs:us-east-1:566115828526:cluster/neumo-dev-cluster",
      "type": "string"
    },
    "ecs_cluster_name": {
      "value": "neumo-dev-cluster",
      "type": "string"
    },
    "mongodb_endpoint": {
      "value": "mongodb.neumo.internal:27017",
      "type": "string"
    },
    "private_subnet_ids": {
      "value": [
        "subnet-00d977fba2a50ff40",
        "subnet-03f0878632e0779f5"
      ],
      "type": [
        "tuple",
        [
          "string",
          "string"
        ]
      ]
    },
    "public_subnet_ids": {
      "value": [
        "subnet-0049864bde9be0eca",
        "subnet-0b166a74dfc420f44"
      ],
      "type": [
        "tuple",
        [
          "string",
          "string"
        ]
      ]
    },
    "rabbitmq_endpoint": {
      "value": "rabbitmq.neumo.internal:5672",
      "type": "string"
    },
    "rds_endpoint": {
      "value": "neumo-dev-auth-db.cgl0ou8kgi9a.us-east-1.rds.amazonaws.com:5432",
      "type": "string"
    },
    "rds_multi_az_enabled": {
      "value": false,
      "type": "bool"
    },
    "s3_models_bucket": {
      "value": "neumo-dev-models-566115828526",
      "type": "string"
    },
    "s3_radiographs_bucket": {
      "value": "neumo-dev-radiographs-566115828526",
      "type": "string"
    },
    "service_discovery_namespace": {
      "value": "neumo.internal",
      "type": "string"
    },
    "service_endpoints": {
      "value": {
        "api-gateway": "api-gateway.neumo.internal",
        "auth-be": "auth-be.neumo.internal",
        "message-producer": "message-producer.neumo.internal",
        "mongodb": "mongodb.neumo.internal",
        "notification-be": "notification-be.neumo.internal",
        "prediagnostic-be": "prediagnostic-be.neumo.internal",
        "rabbitmq": "rabbitmq.neumo.internal"
      },
      "type": [
        "object",
        {
          "api-gateway": "string",
          "auth-be": "string",
          "message-producer": "string",
          "mongodb": "string",
          "notification-be": "string",
          "prediagnostic-be": "string",
          "rabbitmq": "string"
        }
      ]
    },
    "vpc_id": {
      "value": "vpc-0c5b5be65746da882",
      "type": "string"
    }
  },
  "resources": [
    {
      "mode": "data",
      "type": "aws_caller_identity",
      "name": "current",
      "provider": "provider[\"registry.terraform.io/hashicorp/aws\"]",
      "instances": [
        {
          "schema_version": 0,
          "attributes": {
            "account_id": "566115828526",
            "arn": "arn:aws:iam::566115828526:user/terraform",
            "id": "566115828526",
            "user_id": "AIDAYHTZCAMXG46RAP7ZE"
          },
          "sensitive_attributes": [],
          "identity_schema_version": 0
        }
      ]
    },
    {
      "mode": "data",
      "type": "aws_region",
      "name": "current",
      "provider": "provider[\"registry.terraform.io/hashicorp/aws\"]",
      "instances": [
        {
          "schema_version": 0,
          "attributes": {
            "description": "US East (N. Virginia)",
            "endpoint": "ec2.us-east-1.amazonaws.com",
            "id": "us-east-1",
            "name": "us-east-1"
          },
          "sensitive_attributes": [],
          "identity_schema_version": 0
        }
      ]
    },
    {
      "module": "module.alb_internal",
      "mode": "managed",
      "type": "aws_lb",
      "name": "main",
      "provider": "provider[\"registry.terraform.io/hashicorp/aws\"]",
      "instances": [
        {
          "schema_version": 0,
          "attributes": {
            "access_logs": [
              {
                "bucket": "",
                "enabled": false,
                "prefix": ""
              }
            ],
            "arn": "arn:aws:elasticloadbalancing:us-east-1:566115828526:loadbalancer/app/neumo-dev-internal/1859541fb001c570",
            "arn_suffix": "app/neumo-dev-internal/1859541fb001c570",
            "client_keep_alive": 3600,
            "connection_logs": [
              {
                "bucket": "",
                "enabled": false,
                "prefix": ""
              }
            ],
            "customer_owned_ipv4_pool": "",
            "desync_mitigation_mode": "defensive",
            "dns_name": "internal-neumo-dev-internal-1987845174.us-east-1.elb.amazonaws.com",
            "dns_record_client_routing_policy": null,
            "drop_invalid_header_fields": false,
            "enable_cross_zone_load_balancing": true,
            "enable_deletion_protection": false,
            "enable_http2": true,
            "enable_tls_version_and_cipher_suite_headers": false,
            "enable_waf_fail_open": false,
            "enable_xff_client_port": false,
            "enable_zonal_shift": false,
            "enforce_security_group_inbound_rules_on_private_link_traffic": "",
            "id": "arn:aws:elasticloadbalancing:us-east-1:566115828526:loadbalancer/app/neumo-dev-internal/1859541fb001c570",
            "idle_timeout": 60,
            "internal": true,
            "ip_address_type": "ipv4",
            "ipam_pools": [],
            "load_balancer_type": "application",
            "minimum_load_balancer_capacity": [],
            "name": "neumo-dev-internal",
            "name_prefix": "",
            "preserve_host_header": false,
            "security_groups": [
              "sg-00de5135794332a09"
            ],
            "subnet_mapping": [
              {
                "allocation_id": "",
                "ipv6_address": "",
                "outpost_id": "",
                "private_ipv4_address": "",
                "subnet_id": "subnet-00d977fba2a50ff40"
              },
              {
                "allocation_id": "",
                "ipv6_address": "",
                "outpost_id": "",
                "private_ipv4_address": "",
                "subnet_id": "subnet-03f0878632e0779f5"
              }
            ],
            "subnets": [
              "subnet-00d977fba2a50ff40",
              "subnet-03f0878632e0779f5"
            ],
            "tags": {
              "Budget": "minimal",
              "Course": "Software Architecture",
              "Environment": "dev",
              "ManagedBy": "Terraform",
              "Name": "neumo-dev-internal",
              "Owner": "student@university.edu",
              "Pattern": "HotSpare",
              "Project": "NeumoDiagnostics",
              "Purpose": "InternalLoadBalancer",
              "ReplicationType": "HotSpare",
              "Scenario": "1-Replication",
              "Service": "api-gateway",
              "Team": "NeumoDiagnostics"
            },
            "tags_all": {
              "Budget": "minimal",
              "Course": "Software Architecture",
              "Environment": "dev",
              "ManagedBy": "Terraform",
              "Name": "neumo-dev-internal",
              "Owner": "student@university.edu",
              "Pattern": "HotSpare",
              "Project": "NeumoDiagnostics",
              "Purpose": "InternalLoadBalancer",
              "ReplicationType": "HotSpare",
              "Repository": "NeumoDiagnostics-Docker-1",
              "Scenario": "1-Replication",
              "Service": "api-gateway",
              "Team": "NeumoDiagnostics"
            },
            "timeouts": null,
            "vpc_id": "vpc-0c5b5be65746da882",
            "xff_header_processing_mode": "append",
            "zone_id": "Z35SXDOTRQ7X7K"
          },
          "sensitive_attributes": [],
          "identity_schema_version": 0,
          "private": "eyJlMmJmYjczMC1lY2FhLTExZTYtOGY4OC0zNDM2M2JjN2M0YzAiOnsiY3JlYXRlIjo2MDAwMDAwMDAwMDAsImRlbGV0ZSI6NjAwMDAwMDAwMDAwLCJ1cGRhdGUiOjYwMDAwMDAwMDAwMH19",
          "dependencies": [
            "module.alb_internal.aws_security_group.alb",
            "module.network.aws_subnet.private",
            "module.network.aws_vpc.main"
          ]
        }
      ]
    },
    {
      "module": "module.alb_internal",
      "mode": "managed",
      "type": "aws_lb_listener",
      "name": "http",
      "provider": "provider[\"registry.terraform.io/hashicorp/aws\"]",
      "instances": [
        {
          "schema_version": 0,
          "attributes": {
            "alpn_policy": null,
            "arn": "arn:aws:elasticloadbalancing:us-east-1:566115828526:listener/app/neumo-dev-internal/1859541fb001c570/0086002520d78aa0",
            "certificate_arn": null,
            "default_action": [
              {
                "authenticate_cognito": [],
                "authenticate_oidc": [],
                "fixed_response": [
                  {
                    "content_type": "text/plain",
                    "message_body": "OK",
                    "status_code": "200"
                  }
                ],
                "forward": [],
                "order": 1,
                "redirect": [],
                "target_group_arn": "",
                "type": "fixed-response"
              }
            ],
            "id": "arn:aws:elasticloadbalancing:us-east-1:566115828526:listener/app/neumo-dev-internal/1859541fb001c570/0086002520d78aa0",
            "load_balancer_arn": "arn:aws:elasticloadbalancing:us-east-1:566115828526:loadbalancer/app/neumo-dev-internal/1859541fb001c570",
            "mutual_authentication": [],
            "port": 80,
            "protocol": "HTTP",
            "routing_http_request_x_amzn_mtls_clientcert_header_name": null,
            "routing_http_request_x_amzn_mtls_clientcert_issuer_header_name": null,
            "routing_http_request_x_amzn_mtls_clientcert_leaf_header_name": null,
            "routing_http_request_x_amzn_mtls_clientcert_serial_number_header_name": null,
            "routing_http_request_x_amzn_mtls_clientcert_subject_header_name": null,
            "routing_http_request_x_amzn_mtls_clientcert_validity_header_name": null,
            "routing_http_request_x_amzn_tls_cipher_suite_header_name": null,
            "routing_http_request_x_amzn_tls_version_header_name": null,
            "routing_http_response_access_control_allow_credentials_header_value": "",
            "routing_http_response_access_control_allow_headers_header_value": "",
            "routing_http_response_access_control_allow_methods_header_value": "",
            "routing_http_response_access_control_allow_origin_header_value": "",
            "routing_http_response_access_control_expose_headers_header_value": "",
            "routing_http_response_access_control_max_age_header_value": "",
            "routing_http_response_content_security_policy_header_value": "",
            "routing_http_response_server_enabled": true,
            "routing_http_response_strict_transport_security_header_value": "",
            "routing_http_response_x_content_type_options_header_value": "",
            "routing_http_response_x_frame_options_header_value": "",
            "ssl_policy": "",
            "tags": {
              "Budget": "minimal",
              "Course": "Software Architecture",
              "Environment": "dev",
              "ManagedBy": "Terraform",
              "Name": "neumo-dev-internal-http",
              "Owner": "student@university.edu",
              "Pattern": "HotSpare",
              "Project": "NeumoDiagnostics",
              "Purpose": "InternalLoadBalancer",
              "ReplicationType": "HotSpare",
              "Scenario": "1-Availability",
              "Service": "api-gateway",
              "Team": "NeumoDiagnostics"
            },
            "tags_all": {
              "Budget": "minimal",
              "Course": "Software Architecture",
              "Environment": "dev",
              "ManagedBy": "Terraform",
              "Name": "neumo-dev-internal-http",
              "Owner": "student@university.edu",
              "Pattern": "HotSpare",
              "Project": "NeumoDiagnostics",
              "Purpose": "InternalLoadBalancer",
              "ReplicationType": "HotSpare",
              "Repository": "NeumoDiagnostics-Docker-1",
              "Scenario": "1-Availability",
              "Service": "api-gateway",
              "Team": "NeumoDiagnostics"
            },
            "tcp_idle_timeout_seconds": null,
            "timeouts": null
          },
          "sensitive_attributes": [],
          "identity_schema_version": 0,
          "private": "eyJlMmJmYjczMC1lY2FhLTExZTYtOGY4OC0zNDM2M2JjN2M0YzAiOnsiY3JlYXRlIjozMDAwMDAwMDAwMDAsInVwZGF0ZSI6MzAwMDAwMDAwMDAwfX0=",
          "dependencies": [
            "module.alb_internal.aws_lb.main",
            "module.alb_internal.aws_security_group.alb",
            "module.network.aws_subnet.private",
            "module.network.aws_vpc.main"
          ]
        }
      ]
    },
    {
      "module": "module.alb_internal",
      "mode": "managed",
      "type": "aws_lb_listener_rule",
      "name": "services",
      "provider": "provider[\"registry.terraform.io/hashicorp/aws\"]",
      "instances": [
        {
          "index_key": "api-gateway",
          "schema_version": 0,
          "attributes": {
            "action": [
              {
                "authenticate_cognito": [],
                "authenticate_oidc": [],
                "fixed_response": [],
                "forward": [],
                "order": 1,
                "redirect": [],
                "target_group_arn": "arn:aws:elasticloadbalancing:us-east-1:566115828526:targetgroup/neumo-dev-api-gateway-tg/7fa70a5af426af96",
                "type": "forward"
              }
            ],
            "arn": "arn:aws:elasticloadbalancing:us-east-1:566115828526:listener-rule/app/neumo-dev-internal/1859541fb001c570/0086002520d78aa0/2c22c6200cbe5b09",
            "condition": [
              {
                "host_header": [],
                "http_header": [],
                "http_request_method": [],
                "path_pattern": [
                  {
                    "values": [
                      "/*"
                    ]
                  }
                ],
                "query_string": [],
                "source_ip": []
              }
            ],
            "id": "arn:aws:elasticloadbalancing:us-east-1:566115828526:listener-rule/app/neumo-dev-internal/1859541fb001c570/0086002520d78aa0/2c22c6200cbe5b09",
            "listener_arn": "arn:aws:elasticloadbalancing:us-east-1:566115828526:listener/app/neumo-dev-internal/1859541fb001c570/0086002520d78aa0",
            "priority": 10,
            "tags": {
              "Budget": "minimal",
              "Course": "Software Architecture",
              "Environment": "dev",
              "ManagedBy": "Terraform",
              "Name": "neumo-dev-api-gateway-rule",
              "Owner": "student@university.edu",
              "Pattern": "HotSpare",
              "Project": "NeumoDiagnostics",
              "Purpose": "InternalLoadBalancer",
              "ReplicationType": "HotSpare",
              "Scenario": "1-Availability",
              "Service": "api-gateway",
              "Team": "NeumoDiagnostics"
            },
            "tags_all": {
              "Budget": "minimal",
              "Course": "Software Architecture",
              "Environment": "dev",
              "ManagedBy": "Terraform",
              "Name": "neumo-dev-api-gateway-rule",
              "Owner": "student@university.edu",
              "Pattern": "HotSpare",
              "Project": "NeumoDiagnostics",
              "Purpose": "InternalLoadBalancer",
              "ReplicationType": "HotSpare",
              "Repository": "NeumoDiagnostics-Docker-1",
              "Scenario": "1-Availability",
              "Service": "api-gateway",
              "Team": "NeumoDiagnostics"
            }
          },
          "sensitive_attributes": [],
          "identity_schema_version": 0,
          "private": "bnVsbA==",
          "dependencies": [
            "module.alb_internal.aws_lb.main",
            "module.alb_internal.aws_lb_listener.http",
            "module.alb_internal.aws_lb_listener.https",
            "module.alb_internal.aws_lb_target_group.services",
            "module.alb_internal.aws_security_group.alb",
            "module.network.aws_subnet.private",
            "module.network.aws_vpc.main"
          ]
        }
      ]
    },
    {
      "module": "module.alb_internal",
      "mode": "managed",
      "type": "aws_lb_target_group",
      "name": "services",
      "provider": "provider[\"registry.terraform.io/hashicorp/aws\"]",
      "instances": [
        {
          "index_key": "api-gateway",
          "schema_version": 0,
          "attributes": {
            "arn": "arn:aws:elasticloadbalancing:us-east-1:566115828526:targetgroup/neumo-dev-api-gateway-tg/7fa70a5af426af96",
            "arn_suffix": "targetgroup/neumo-dev-api-gateway-tg/7fa70a5af426af96",
            "connection_termination": null,
            "deregistration_delay": "30",
            "health_check": [
              {
                "enabled": true,
                "healthy_threshold": 2,
                "interval": 30,
                "matcher": "200",
                "path": "/",
                "port": "traffic-port",
                "protocol": "HTTP",
                "timeout": 5,
                "unhealthy_threshold": 3
              }
            ],
            "id": "arn:aws:elasticloadbalancing:us-east-1:566115828526:targetgroup/neumo-dev-api-gateway-tg/7fa70a5af426af96",
            "ip_address_type": "ipv4",
            "lambda_multi_value_headers_enabled": false,
            "load_balancer_arns": [
              "arn:aws:elasticloadbalancing:us-east-1:566115828526:loadbalancer/app/neumo-dev-internal/1859541fb001c570"
            ],
            "load_balancing_algorithm_type": "round_robin",
            "load_balancing_anomaly_mitigation": "off",
            "load_balancing_cross_zone_enabled": "use_load_balancer_configuration",
            "name": "neumo-dev-api-gateway-tg",
            "name_prefix": "",
            "port": 8080,
            "preserve_client_ip": null,
            "protocol": "HTTP",
            "protocol_version": "HTTP1",
            "proxy_protocol_v2": false,
            "slow_start": 0,
            "stickiness": [
              {
                "cookie_duration": 86400,
                "cookie_name": "",
                "enabled": false,
                "type": "lb_cookie"
              }
            ],
            "tags": {
              "Budget": "minimal",
              "Course": "Software Architecture",
              "Environment": "dev",
              "ManagedBy": "Terraform",
              "Name": "neumo-dev-api-gateway-tg",
              "Owner": "student@university.edu",
              "Pattern": "HotSpare",
              "Project": "NeumoDiagnostics",
              "Purpose": "InternalLoadBalancer",
              "ReplicationType": "HotSpare",
              "Scenario": "1-Replication",
              "Service": "api-gateway",
              "Team": "NeumoDiagnostics"
            },
            "tags_all": {
              "Budget": "minimal",
              "Course": "Software Architecture",
              "Environment": "dev",
              "ManagedBy": "Terraform",
              "Name": "neumo-dev-api-gateway-tg",
              "Owner": "student@university.edu",
              "Pattern": "HotSpare",
              "Project": "NeumoDiagnostics",
              "Purpose": "InternalLoadBalancer",
              "ReplicationType": "HotSpare",
              "Repository": "NeumoDiagnostics-Docker-1",
              "Scenario": "1-Replication",
              "Service": "api-gateway",
              "Team": "NeumoDiagnostics"
            },
            "target_failover": [
              {
                "on_deregistration": null,
                "on_unhealthy": null
              }
            ],
            "target_group_health": [
              {
                "dns_failover": [
                  {
                    "minimum_healthy_targets_count": "1",
                    "minimum_healthy_targets_percentage": "off"
                  }
                ],
                "unhealthy_state_routing": [
                  {
                    "minimum_healthy_targets_count": 1,
                    "minimum_healthy_targets_percentage": "off"
                  }
                ]
              }
            ],
            "target_health_state": [
              {
                "enable_unhealthy_connection_termination": null,
                "unhealthy_draining_interval": null
              }
            ],
            "target_type": "ip",
            "vpc_id": "vpc-0c5b5be65746da882"
          },
          "sensitive_attributes": [],
          "identity_schema_version": 0,
          "private": "bnVsbA==",
          "dependencies": [
            "module.network.aws_vpc.main"
          ],
          "create_before_destroy": true
        }
      ]
    },
    {
      "module": "module.alb_internal",
      "mode": "managed",
      "type": "aws_security_group",
      "name": "alb",
      "provider": "provider[\"registry.terraform.io/hashicorp/aws\"]",
      "instances": [
        {
          "schema_version": 1,
          "attributes": {
            "arn": "arn:aws:ec2:us-east-1:566115828526:security-group/sg-00de5135794332a09",
            "description": "Security group for internal ALB",
            "egress": [
              {
                "cidr_blocks": [
                  "0.0.0.0/0"
                ],
                "description": "",
                "from_port": 0,
                "ipv6_cidr_blocks": [],
                "prefix_list_ids": [],
                "protocol": "-1",
                "security_groups": [],
                "self": false,
                "to_port": 0
              }
            ],
            "id": "sg-00de5135794332a09",
            "ingress": [
              {
                "cidr_blocks": [
                  "10.0.0.0/16"
                ],
                "description": "HTTP",
                "from_port": 80,
                "ipv6_cidr_blocks": [],
                "prefix_list_ids": [],
                "protocol": "tcp",
                "security_groups": [],
                "self": false,
                "to_port": 80
              },
              {
                "cidr_blocks": [
                  "10.0.0.0/16"
                ],
                "description": "HTTPS",
                "from_port": 443,
                "ipv6_cidr_blocks": [],
                "prefix_list_ids": [],
                "protocol": "tcp",
                "security_groups": [],
                "self": false,
                "to_port": 443
              }
            ],
            "name": "neumo-dev-internal-sg",
            "name_prefix": "",
            "owner_id": "566115828526",
            "revoke_rules_on_delete": false,
            "tags": {
              "Budget": "minimal",
              "Course": "Software Architecture",
              "Environment": "dev",
              "ManagedBy": "Terraform",
              "Name": "neumo-dev-internal-sg",
              "Owner": "student@university.edu",
              "Pattern": "HotSpare",
              "Project": "NeumoDiagnostics",
              "Purpose": "InternalLoadBalancer",
              "ReplicationType": "HotSpare",
              "Scenario": "1-Availability",
              "Service": "api-gateway",
              "Team": "NeumoDiagnostics"
            },
            "tags_all": {
              "Budget": "minimal",
              "Course": "Software Architecture",
              "Environment": "dev",
              "ManagedBy": "Terraform",
              "Name": "neumo-dev-internal-sg",
              "Owner": "student@university.edu",
              "Pattern": "HotSpare",
              "Project": "NeumoDiagnostics",
              "Purpose": "InternalLoadBalancer",
              "ReplicationType": "HotSpare",
              "Repository": "NeumoDiagnostics-Docker-1",
              "Scenario": "1-Availability",
              "Service": "api-gateway",
              "Team": "NeumoDiagnostics"
            },
            "timeouts": null,
            "vpc_id": "vpc-0c5b5be65746da882"
          },
          "sensitive_attributes": [],
          "identity_schema_version": 0,
          "private": "eyJlMmJmYjczMC1lY2FhLTExZTYtOGY4OC0zNDM2M2JjN2M0YzAiOnsiY3JlYXRlIjo2MDAwMDAwMDAwMDAsImRlbGV0ZSI6OTAwMDAwMDAwMDAwfSwic2NoZW1hX3ZlcnNpb24iOiIxIn0=",
          "dependencies": [
            "module.network.aws_vpc.main"
          ]
        }
      ]
    },
    {
      "module": "module.alb_public",
      "mode": "managed",
      "type": "aws_lb",
      "name": "main",
      "provider": "provider[\"registry.terraform.io/hashicorp/aws\"]",
      "instances": [
        {
          "schema_version": 0,
          "attributes": {
            "access_logs": [
              {
                "bucket": "",
                "enabled": false,
                "prefix": ""
              }
            ],
            "arn": "arn:aws:elasticloadbalancing:us-east-1:566115828526:loadbalancer/app/neumo-dev-public/babb4a25b952d36c",
            "arn_suffix": "app/neumo-dev-public/babb4a25b952d36c",
            "client_keep_alive": 3600,
            "connection_logs": [
              {
                "bucket": "",
                "enabled": false,
                "prefix": ""
              }
            ],
            "customer_owned_ipv4_pool": "",
            "desync_mitigation_mode": "defensive",
            "dns_name": "neumo-dev-public-1899773425.us-east-1.elb.amazonaws.com",
            "dns_record_client_routing_policy": null,
            "drop_invalid_header_fields": false,
            "enable_cross_zone_load_balancing": true,
            "enable_deletion_protection": false,
            "enable_http2": true,
            "enable_tls_version_and_cipher_suite_headers": false,
            "enable_waf_fail_open": false,
            "enable_xff_client_port": false,
            "enable_zonal_shift": false,
            "enforce_security_group_inbound_rules_on_private_link_traffic": "",
            "id": "arn:aws:elasticloadbalancing:us-east-1:566115828526:loadbalancer/app/neumo-dev-public/babb4a25b952d36c",
            "idle_timeout": 60,
            "internal": false,
            "ip_address_type": "ipv4",
            "ipam_pools": [],
            "load_balancer_type": "application",
            "minimum_load_balancer_capacity": [],
            "name": "neumo-dev-public",
            "name_prefix": "",
            "preserve_host_header": false,
            "security_groups": [
              "sg-04622cedb5b962e05"
            ],
            "subnet_mapping": [
              {
                "allocation_id": "",
                "ipv6_address": "",
                "outpost_id": "",
                "private_ipv4_address": "",
                "subnet_id": "subnet-0049864bde9be0eca"
              },
              {
                "allocation_id": "",
                "ipv6_address": "",
                "outpost_id": "",
                "private_ipv4_address": "",
                "subnet_id": "subnet-0b166a74dfc420f44"
              }
            ],
            "subnets": [
              "subnet-0049864bde9be0eca",
              "subnet-0b166a74dfc420f44"
            ],
            "tags": {
              "Budget": "minimal",
              "Course": "Software Architecture",
              "Environment": "dev",
              "ManagedBy": "Terraform",
              "Name": "neumo-dev-public",
              "Owner": "student@university.edu",
              "Pattern": "HotSpare",
              "Project": "NeumoDiagnostics",
              "Purpose": "PublicAccess",
              "Scenario": "1-Replication",
              "Service": "web-frontend",
              "Team": "NeumoDiagnostics"
            },
            "tags_all": {
              "Budget": "minimal",
              "Course": "Software Architecture",
              "Environment": "dev",
              "ManagedBy": "Terraform",
              "Name": "neumo-dev-public",
              "Owner": "student@university.edu",
              "Pattern": "HotSpare",
              "Project": "NeumoDiagnostics",
              "Purpose": "PublicAccess",
              "Repository": "NeumoDiagnostics-Docker-1",
              "Scenario": "1-Replication",
              "Service": "web-frontend",
              "Team": "NeumoDiagnostics"
            },
            "timeouts": null,
            "vpc_id": "vpc-0c5b5be65746da882",
            "xff_header_processing_mode": "append",
            "zone_id": "Z35SXDOTRQ7X7K"
          },
          "sensitive_attributes": [],
          "identity_schema_version": 0,
          "private": "eyJlMmJmYjczMC1lY2FhLTExZTYtOGY4OC0zNDM2M2JjN2M0YzAiOnsiY3JlYXRlIjo2MDAwMDAwMDAwMDAsImRlbGV0ZSI6NjAwMDAwMDAwMDAwLCJ1cGRhdGUiOjYwMDAwMDAwMDAwMH19",
          "dependencies": [
            "module.alb_public.aws_security_group.alb",
            "module.network.aws_subnet.public",
            "module.network.aws_vpc.main"
          ]
        }
      ]
    },
    {
      "module": "module.alb_public",
      "mode": "managed",
      "type": "aws_lb_listener",
      "name": "http",
      "provider": "provider[\"registry.terraform.io/hashicorp/aws\"]",
      "instances": [
        {
          "schema_version": 0,
          "attributes": {
            "alpn_policy": null,
            "arn": "arn:aws:elasticloadbalancing:us-east-1:566115828526:listener/app/neumo-dev-public/babb4a25b952d36c/a8c0be12393bc777",
            "certificate_arn": null,
            "default_action": [
              {
                "authenticate_cognito": [],
                "authenticate_oidc": [],
                "fixed_response": [
                  {
                    "content_type": "text/plain",
                    "message_body": "OK",
                    "status_code": "200"
                  }
                ],
                "forward": [],
                "order": 1,
                "redirect": [],
                "target_group_arn": "",
                "type": "fixed-response"
              }
            ],
            "id": "arn:aws:elasticloadbalancing:us-east-1:566115828526:listener/app/neumo-dev-public/babb4a25b952d36c/a8c0be12393bc777",
            "load_balancer_arn": "arn:aws:elasticloadbalancing:us-east-1:566115828526:loadbalancer/app/neumo-dev-public/babb4a25b952d36c",
            "mutual_authentication": [],
            "port": 80,
            "protocol": "HTTP",
            "routing_http_request_x_amzn_mtls_clientcert_header_name": null,
            "routing_http_request_x_amzn_mtls_clientcert_issuer_header_name": null,
            "routing_http_request_x_amzn_mtls_clientcert_leaf_header_name": null,
            "routing_http_request_x_amzn_mtls_clientcert_serial_number_header_name": null,
            "routing_http_request_x_amzn_mtls_clientcert_subject_header_name": null,
            "routing_http_request_x_amzn_mtls_clientcert_validity_header_name": null,
            "routing_http_request_x_amzn_tls_cipher_suite_header_name": null,
            "routing_http_request_x_amzn_tls_version_header_name": null,
            "routing_http_response_access_control_allow_credentials_header_value": "",
            "routing_http_response_access_control_allow_headers_header_value": "",
            "routing_http_response_access_control_allow_methods_header_value": "",
            "routing_http_response_access_control_allow_origin_header_value": "",
            "routing_http_response_access_control_expose_headers_header_value": "",
            "routing_http_response_access_control_max_age_header_value": "",
            "routing_http_response_content_security_policy_header_value": "",
            "routing_http_response_server_enabled": true,
            "routing_http_response_strict_transport_security_header_value": "",
            "routing_http_response_x_content_type_options_header_value": "",
            "routing_http_response_x_frame_options_header_value": "",
            "ssl_policy": "",
            "tags": {
              "Budget": "minimal",
              "Course": "Software Architecture",
              "Environment": "dev",
              "ManagedBy": "Terraform",
              "Name": "neumo-dev-public-http",
              "Owner": "student@university.edu",
              "Project": "NeumoDiagnostics",
              "Purpose": "PublicAccess",
              "Service": "web-frontend",
              "Team": "NeumoDiagnostics"
            },
            "tags_all": {
              "Budget": "minimal",
              "Course": "Software Architecture",
              "Environment": "dev",
              "ManagedBy": "Terraform",
              "Name": "neumo-dev-public-http",
              "Owner": "student@university.edu",
              "Project": "NeumoDiagnostics",
              "Purpose": "PublicAccess",
              "Repository": "NeumoDiagnostics-Docker-1",
              "Service": "web-frontend",
              "Team": "NeumoDiagnostics"
            },
            "tcp_idle_timeout_seconds": null,
            "timeouts": null
          },
          "sensitive_attributes": [],
          "identity_schema_version": 0,
          "private": "eyJlMmJmYjczMC1lY2FhLTExZTYtOGY4OC0zNDM2M2JjN2M0YzAiOnsiY3JlYXRlIjozMDAwMDAwMDAwMDAsInVwZGF0ZSI6MzAwMDAwMDAwMDAwfX0=",
          "dependencies": [
            "module.alb_public.aws_lb.main",
            "module.alb_public.aws_security_group.alb",
            "module.network.aws_subnet.public",
            "module.network.aws_vpc.main"
          ]
        }
      ]
    },
    {
      "module": "module.alb_public",
      "mode": "managed",
      "type": "aws_lb_listener_rule",
      "name": "services",
      "provider": "provider[\"registry.terraform.io/hashicorp/aws\"]",
      "instances": [
        {
          "index_key": "web-frontend",
          "schema_version": 0,
          "attributes": {
            "action": [
              {
                "authenticate_cognito": [],
                "authenticate_oidc": [],
                "fixed_response": [],
                "forward": [],
                "order": 1,
                "redirect": [],
                "target_group_arn": "arn:aws:elasticloadbalancing:us-east-1:566115828526:targetgroup/neumo-dev-web-frontend-tg/2c8de1e2260a53a2",
                "type": "forward"
              }
            ],
            "arn": "arn:aws:elasticloadbalancing:us-east-1:566115828526:listener-rule/app/neumo-dev-public/babb4a25b952d36c/a8c0be12393bc777/11e68a0bb0e255c7",
            "condition": [
              {
                "host_header": [],
                "http_header": [],
                "http_request_method": [],
                "path_pattern": [
                  {
                    "values": [
                      "/*"
                    ]
                  }
                ],
                "query_string": [],
                "source_ip": []
              }
            ],
            "id": "arn:aws:elasticloadbalancing:us-east-1:566115828526:listener-rule/app/neumo-dev-public/babb4a25b952d36c/a8c0be12393bc777/11e68a0bb0e255c7",
            "listener_arn": "arn:aws:elasticloadbalancing:us-east-1:566115828526:listener/app/neumo-dev-public/babb4a25b952d36c/a8c0be12393bc777",
            "priority": 100,
            "tags": {
              "Budget": "minimal",
              "Course": "Software Architecture",
              "Environment": "dev",
              "ManagedBy": "Terraform",
              "Name": "neumo-dev-web-frontend-rule",
              "Owner": "student@university.edu",
              "Project": "NeumoDiagnostics",
              "Purpose": "PublicAccess",
              "Service": "web-frontend",
              "Team": "NeumoDiagnostics"
            },
            "tags_all": {
              "Budget": "minimal",
              "Course": "Software Architecture",
              "Environment": "dev",
              "ManagedBy": "Terraform",
              "Name": "neumo-dev-web-frontend-rule",
              "Owner": "student@university.edu",
              "Project": "NeumoDiagnostics",
              "Purpose": "PublicAccess",
              "Repository": "NeumoDiagnostics-Docker-1",
              "Service": "web-frontend",
              "Team": "NeumoDiagnostics"
            }
          },
          "sensitive_attributes": [],
          "identity_schema_version": 0,
          "private": "bnVsbA==",
          "dependencies": [
            "aws_acm_certificate.main",
            "module.alb_public.aws_lb.main",
            "module.alb_public.aws_lb_listener.http",
            "module.alb_public.aws_lb_listener.https",
            "module.alb_public.aws_lb_target_group.services",
            "module.alb_public.aws_security_group.alb",
            "module.network.aws_subnet.public",
            "module.network.aws_vpc.main"
          ]
        }
      ]
    },
    {
      "module": "module.alb_public",
      "mode": "managed",
      "type": "aws_lb_target_group",
      "name": "services",
      "provider": "provider[\"registry.terraform.io/hashicorp/aws\"]",
      "instances": [
        {
          "index_key": "web-frontend",
          "schema_version": 0,
          "attributes": {
            "arn": "arn:aws:elasticloadbalancing:us-east-1:566115828526:targetgroup/neumo-dev-web-frontend-tg/2c8de1e2260a53a2",
            "arn_suffix": "targetgroup/neumo-dev-web-frontend-tg/2c8de1e2260a53a2",
            "connection_termination": null,
            "deregistration_delay": "30",
            "health_check": [
              {
                "enabled": true,
                "healthy_threshold": 2,
                "interval": 30,
                "matcher": "200",
                "path": "/",
                "port": "traffic-port",
                "protocol": "HTTP",
                "timeout": 5,
                "unhealthy_threshold": 3
              }
            ],
            "id": "arn:aws:elasticloadbalancing:us-east-1:566115828526:targetgroup/neumo-dev-web-frontend-tg/2c8de1e2260a53a2",
            "ip_address_type": "ipv4",
            "lambda_multi_value_headers_enabled": false,
            "load_balancer_arns": [
              "arn:aws:elasticloadbalancing:us-east-1:566115828526:loadbalancer/app/neumo-dev-public/babb4a25b952d36c"
            ],
            "load_balancing_algorithm_type": "round_robin",
            "load_balancing_anomaly_mitigation": "off",
            "load_balancing_cross_zone_enabled": "use_load_balancer_configuration",
            "name": "neumo-dev-web-frontend-tg",
            "name_prefix": "",
            "port": 3000,
            "preserve_client_ip": null,
            "protocol": "HTTP",
            "protocol_version": "HTTP1",
            "proxy_protocol_v2": false,
            "slow_start": 0,
            "stickiness": [
              {
                "cookie_duration": 86400,
                "cookie_name": "",
                "enabled": false,
                "type": "lb_cookie"
              }
            ],
            "tags": {
              "Budget": "minimal",
              "Course": "Software Architecture",
              "Environment": "dev",
              "ManagedBy": "Terraform",
              "Name": "neumo-dev-web-frontend-tg",
              "Owner": "student@university.edu",
              "Pattern": "HotSpare",
              "Project": "NeumoDiagnostics",
              "Purpose": "PublicAccess",
              "Scenario": "1-Replication",
              "Service": "web-frontend",
              "Team": "NeumoDiagnostics"
            },
            "tags_all": {
              "Budget": "minimal",
              "Course": "Software Architecture",
              "Environment": "dev",
              "ManagedBy": "Terraform",
              "Name": "neumo-dev-web-frontend-tg",
              "Owner": "student@university.edu",
              "Pattern": "HotSpare",
              "Project": "NeumoDiagnostics",
              "Purpose": "PublicAccess",
              "Repository": "NeumoDiagnostics-Docker-1",
              "Scenario": "1-Replication",
              "Service": "web-frontend",
              "Team": "NeumoDiagnostics"
            },
            "target_failover": [
              {
                "on_deregistration": null,
                "on_unhealthy": null
              }
            ],
            "target_group_health": [
              {
                "dns_failover": [
                  {
                    "minimum_healthy_targets_count": "1",
                    "minimum_healthy_targets_percentage": "off"
                  }
                ],
                "unhealthy_state_routing": [
                  {
                    "minimum_healthy_targets_count": 1,
                    "minimum_healthy_targets_percentage": "off"
                  }
                ]
              }
            ],
            "target_health_state": [
              {
                "enable_unhealthy_connection_termination": null,
                "unhealthy_draining_interval": null
              }
            ],
            "target_type": "ip",
            "vpc_id": "vpc-0c5b5be65746da882"
          },
          "sensitive_attributes": [],
          "identity_schema_version": 0,
          "private": "bnVsbA==",
          "dependencies": [
            "module.network.aws_vpc.main"
          ],
          "create_before_destroy": true
        }
      ]
    },
    {
      "module": "module.alb_public",
      "mode": "managed",
      "type": "aws_security_group",
      "name": "alb",
      "provider": "provider[\"registry.terraform.io/hashicorp/aws\"]",
      "instances": [
        {
          "schema_version": 1,
          "attributes": {
            "arn": "arn:aws:ec2:us-east-1:566115828526:security-group/sg-04622cedb5b962e05",
            "description": "Security group for public ALB",
            "egress": [
              {
                "cidr_blocks": [
                  "0.0.0.0/0"
                ],
                "description": "",
                "from_port": 0,
                "ipv6_cidr_blocks": [],
                "prefix_list_ids": [],
                "protocol": "-1",
                "security_groups": [],
                "self": false,
                "to_port": 0
              }
            ],
            "id": "sg-04622cedb5b962e05",
            "ingress": [
              {
                "cidr_blocks": [
                  "0.0.0.0/0"
                ],
                "description": "HTTP",
                "from_port": 80,
                "ipv6_cidr_blocks": [],
                "prefix_list_ids": [],
                "protocol": "tcp",
                "security_groups": [],
                "self": false,
                "to_port": 80
              },
              {
                "cidr_blocks": [
                  "0.0.0.0/0"
                ],
                "description": "HTTPS",
                "from_port": 443,
                "ipv6_cidr_blocks": [],
                "prefix_list_ids": [],
                "protocol": "tcp",
                "security_groups": [],
                "self": false,
                "to_port": 443
              }
            ],
            "name": "neumo-dev-public-sg",
            "name_prefix": "",
            "owner_id": "566115828526",
            "revoke_rules_on_delete": false,
            "tags": {
              "Budget": "minimal",
              "Course": "Software Architecture",
              "Environment": "dev",
              "ManagedBy": "Terraform",
              "Name": "neumo-dev-public-sg",
              "Owner": "student@university.edu",
              "Project": "NeumoDiagnostics",
              "Purpose": "PublicAccess",
              "Service": "web-frontend",
              "Team": "NeumoDiagnostics"
            },
            "tags_all": {
              "Budget": "minimal",
              "Course": "Software Architecture",
              "Environment": "dev",
              "ManagedBy": "Terraform",
              "Name": "neumo-dev-public-sg",
              "Owner": "student@university.edu",
              "Project": "NeumoDiagnostics",
              "Purpose": "PublicAccess",
              "Repository": "NeumoDiagnostics-Docker-1",
              "Service": "web-frontend",
              "Team": "NeumoDiagnostics"
            },
            "timeouts": null,
            "vpc_id": "vpc-0c5b5be65746da882"
          },
          "sensitive_attributes": [],
          "identity_schema_version": 0,
          "private": "eyJlMmJmYjczMC1lY2FhLTExZTYtOGY4OC0zNDM2M2JjN2M0YzAiOnsiY3JlYXRlIjo2MDAwMDAwMDAwMDAsImRlbGV0ZSI6OTAwMDAwMDAwMDAwfSwic2NoZW1hX3ZlcnNpb24iOiIxIn0=",
          "dependencies": [
            "module.network.aws_vpc.main"
          ]
        }
      ]
    },
    {
      "module": "module.ecr",
      "mode": "managed",
      "type": "aws_ecr_lifecycle_policy",
      "name": "main",
      "provider": "provider[\"registry.terraform.io/hashicorp/aws\"]",
      "instances": [
        {
          "index_key": "api-gateway",
          "schema_version": 0,
          "attributes": {
            "id": "neumo/api-gateway",
            "policy": "{\"rules\":[{\"action\":{\"type\":\"expire\"},\"description\":\"Keep last 30 images\",\"rulePriority\":1,\"selection\":{\"countNumber\":30,\"countType\":\"imageCountMoreThan\",\"tagPrefixList\":[\"v\"],\"tagStatus\":\"tagged\"}},{\"action\":{\"type\":\"expire\"},\"description\":\"Expire untagged images older than 7 days\",\"rulePriority\":2,\"selection\":{\"countNumber\":7,\"countType\":\"sinceImagePushed\",\"countUnit\":\"days\",\"tagStatus\":\"untagged\"}}]}",
            "registry_id": "566115828526",
            "repository": "neumo/api-gateway"
          },
          "sensitive_attributes": [],
          "identity_schema_version": 0,
          "private": "bnVsbA==",
          "dependencies": [
            "module.ecr.aws_ecr_repository.main"
          ]
        },
        {
          "index_key": "auth-be",
          "schema_version": 0,
          "attributes": {
            "id": "neumo/auth-be",
            "policy": "{\"rules\":[{\"action\":{\"type\":\"expire\"},\"description\":\"Keep last 30 images\",\"rulePriority\":1,\"selection\":{\"countNumber\":30,\"countType\":\"imageCountMoreThan\",\"tagPrefixList\":[\"v\"],\"tagStatus\":\"tagged\"}},{\"action\":{\"type\":\"expire\"},\"description\":\"Expire untagged images older than 7 days\",\"rulePriority\":2,\"selection\":{\"countNumber\":7,\"countType\":\"sinceImagePushed\",\"countUnit\":\"days\",\"tagStatus\":\"untagged\"}}]}",
            "registry_id": "566115828526",
            "repository": "neumo/auth-be"
          },
          "sensitive_attributes": [],
          "identity_schema_version": 0,
          "private": "bnVsbA==",
          "dependencies": [
            "module.ecr.aws_ecr_repository.main"
          ]
        },
        {
          "index_key": "message-producer",
          "schema_version": 0,
          "attributes": {
            "id": "neumo/message-producer",
            "policy": "{\"rules\":[{\"action\":{\"type\":\"expire\"},\"description\":\"Keep last 30 images\",\"rulePriority\":1,\"selection\":{\"countNumber\":30,\"countType\":\"imageCountMoreThan\",\"tagPrefixList\":[\"v\"],\"tagStatus\":\"tagged\"}},{\"action\":{\"type\":\"expire\"},\"description\":\"Expire untagged images older than 7 days\",\"rulePriority\":2,\"selection\":{\"countNumber\":7,\"countType\":\"sinceImagePushed\",\"countUnit\":\"days\",\"tagStatus\":\"untagged\"}}]}",
            "registry_id": "566115828526",
            "repository": "neumo/message-producer"
          },
          "sensitive_attributes": [],
          "identity_schema_version": 0,
          "private": "bnVsbA==",
          "dependencies": [
            "module.ecr.aws_ecr_repository.main"
          ]
        },
        {
          "index_key": "notification-be",
          "schema_version": 0,
          "attributes": {
            "id": "neumo/notification-be",
            "policy": "{\"rules\":[{\"action\":{\"type\":\"expire\"},\"description\":\"Keep last 30 images\",\"rulePriority\":1,\"selection\":{\"countNumber\":30,\"countType\":\"imageCountMoreThan\",\"tagPrefixList\":[\"v\"],\"tagStatus\":\"tagged\"}},{\"action\":{\"type\":\"expire\"},\"description\":\"Expire untagged images older than 7 days\",\"rulePriority\":2,\"selection\":{\"countNumber\":7,\"countType\":\"sinceImagePushed\",\"countUnit\":\"days\",\"tagStatus\":\"untagged\"}}]}",
            "registry_id": "566115828526",
            "repository": "neumo/notification-be"
          },
          "sensitive_attributes": [],
          "identity_schema_version": 0,
          "private": "bnVsbA==",
          "dependencies": [
            "module.ecr.aws_ecr_repository.main"
          ]
        },
        {
          "index_key": "prediagnostic-be",
          "schema_version": 0,
          "attributes": {
            "id": "neumo/prediagnostic-be",
            "policy": "{\"rules\":[{\"action\":{\"type\":\"expire\"},\"description\":\"Keep last 30 images\",\"rulePriority\":1,\"selection\":{\"countNumber\":30,\"countType\":\"imageCountMoreThan\",\"tagPrefixList\":[\"v\"],\"tagStatus\":\"tagged\"}},{\"action\":{\"type\":\"expire\"},\"description\":\"Expire untagged images older than 7 days\",\"rulePriority\":2,\"selection\":{\"countNumber\":7,\"countType\":\"sinceImagePushed\",\"countUnit\":\"days\",\"tagStatus\":\"untagged\"}}]}",
            "registry_id": "566115828526",
            "repository": "neumo/prediagnostic-be"
          },
          "sensitive_attributes": [],
          "identity_schema_version": 0,
          "private": "bnVsbA==",
          "dependencies": [
            "module.ecr.aws_ecr_repository.main"
          ]
        },
        {
          "index_key": "web-frontend",
          "schema_version": 0,
          "attributes": {
            "id": "neumo/web-frontend",
            "policy": "{\"rules\":[{\"action\":{\"type\":\"expire\"},\"description\":\"Keep last 30 images\",\"rulePriority\":1,\"selection\":{\"countNumber\":30,\"countType\":\"imageCountMoreThan\",\"tagPrefixList\":[\"v\"],\"tagStatus\":\"tagged\"}},{\"action\":{\"type\":\"expire\"},\"description\":\"Expire untagged images older than 7 days\",\"rulePriority\":2,\"selection\":{\"countNumber\":7,\"countType\":\"sinceImagePushed\",\"countUnit\":\"days\",\"tagStatus\":\"untagged\"}}]}",
            "registry_id": "566115828526",
            "repository": "neumo/web-frontend"
          },
          "sensitive_attributes": [],
          "identity_schema_version": 0,
          "private": "bnVsbA==",
          "dependencies": [
            "module.ecr.aws_ecr_repository.main"
          ]
        }
      ]
    },
    {
      "module": "module.ecr",
      "mode": "managed",
      "type": "aws_ecr_repository",
      "name": "main",
      "provider": "provider[\"registry.terraform.io/hashicorp/aws\"]",
      "instances": [
        {
          "index_key": "api-gateway",
          "schema_version": 0,
          "attributes": {
            "arn": "arn:aws:ecr:us-east-1:566115828526:repository/neumo/api-gateway",
            "encryption_configuration": [
              {
                "encryption_type": "AES256",
                "kms_key": ""
              }
            ],
            "force_delete": null,
            "id": "neumo/api-gateway",
            "image_scanning_configuration": [
              {
                "scan_on_push": true
              }
            ],
            "image_tag_mutability": "MUTABLE",
            "name": "neumo/api-gateway",
            "registry_id": "566115828526",
            "repository_url": "566115828526.dkr.ecr.us-east-1.amazonaws.com/neumo/api-gateway",
            "tags": {
              "Budget": "minimal",
              "Course": "Software Architecture",
              "Environment": "dev",
              "ManagedBy": "Terraform",
              "Name": "neumo/api-gateway",
              "Owner": "student@university.edu",
              "Project": "NeumoDiagnostics",
              "Service": "api-gateway",
              "Team": "NeumoDiagnostics"
            },
            "tags_all": {
              "Budget": "minimal",
              "Course": "Software Architecture",
              "Environment": "dev",
              "ManagedBy": "Terraform",
              "Name": "neumo/api-gateway",
              "Owner": "student@university.edu",
              "Project": "NeumoDiagnostics",
              "Repository": "NeumoDiagnostics-Docker-1",
              "Service": "api-gateway",
              "Team": "NeumoDiagnostics"
            },
            "timeouts": null
          },
          "sensitive_attributes": [],
          "identity_schema_version": 0,
          "private": "eyJlMmJmYjczMC1lY2FhLTExZTYtOGY4OC0zNDM2M2JjN2M0YzAiOnsiZGVsZXRlIjoxMjAwMDAwMDAwMDAwfX0="
        },
        {
          "index_key": "auth-be",
          "schema_version": 0,
          "attributes": {
            "arn": "arn:aws:ecr:us-east-1:566115828526:repository/neumo/auth-be",
            "encryption_configuration": [
              {
                "encryption_type": "AES256",
                "kms_key": ""
              }
            ],
            "force_delete": null,
            "id": "neumo/auth-be",
            "image_scanning_configuration": [
              {
                "scan_on_push": true
              }
            ],
            "image_tag_mutability": "MUTABLE",
            "name": "neumo/auth-be",
            "registry_id": "566115828526",
            "repository_url": "566115828526.dkr.ecr.us-east-1.amazonaws.com/neumo/auth-be",
            "tags": {
              "Budget": "minimal",
              "Course": "Software Architecture",
              "Environment": "dev",
              "ManagedBy": "Terraform",
              "Name": "neumo/auth-be",
              "Owner": "student@university.edu",
              "Project": "NeumoDiagnostics",
              "Service": "auth-be",
              "Team": "NeumoDiagnostics"
            },
            "tags_all": {
              "Budget": "minimal",
              "Course": "Software Architecture",
              "Environment": "dev",
              "ManagedBy": "Terraform",
              "Name": "neumo/auth-be",
              "Owner": "student@university.edu",
              "Project": "NeumoDiagnostics",
              "Repository": "NeumoDiagnostics-Docker-1",
              "Service": "auth-be",
              "Team": "NeumoDiagnostics"
            },
            "timeouts": null
          },
          "sensitive_attributes": [],
          "identity_schema_version": 0,
          "private": "eyJlMmJmYjczMC1lY2FhLTExZTYtOGY4OC0zNDM2M2JjN2M0YzAiOnsiZGVsZXRlIjoxMjAwMDAwMDAwMDAwfX0="
        },
        {
          "index_key": "message-producer",
          "schema_version": 0,
          "attributes": {
            "arn": "arn:aws:ecr:us-east-1:566115828526:repository/neumo/message-producer",
            "encryption_configuration": [
              {
                "encryption_type": "AES256",
                "kms_key": ""
              }
            ],
            "force_delete": null,
            "id": "neumo/message-producer",
            "image_scanning_configuration": [
              {
                "scan_on_push": true
              }
            ],
            "image_tag_mutability": "MUTABLE",
            "name": "neumo/message-producer",
            "registry_id": "566115828526",
            "repository_url": "566115828526.dkr.ecr.us-east-1.amazonaws.com/neumo/message-producer",
            "tags": {
              "Budget": "minimal",
              "Course": "Software Architecture",
              "Environment": "dev",
              "ManagedBy": "Terraform",
              "Name": "neumo/message-producer",
              "Owner": "student@university.edu",
              "Project": "NeumoDiagnostics",
              "Service": "message-producer",
              "Team": "NeumoDiagnostics"
            },
            "tags_all": {
              "Budget": "minimal",
              "Course": "Software Architecture",
              "Environment": "dev",
              "ManagedBy": "Terraform",
              "Name": "neumo/message-producer",
              "Owner": "student@university.edu",
              "Project": "NeumoDiagnostics",
              "Repository": "NeumoDiagnostics-Docker-1",
              "Service": "message-producer",
              "Team": "NeumoDiagnostics"
            },
            "timeouts": null
          },
          "sensitive_attributes": [],
          "identity_schema_version": 0,
          "private": "eyJlMmJmYjczMC1lY2FhLTExZTYtOGY4OC0zNDM2M2JjN2M0YzAiOnsiZGVsZXRlIjoxMjAwMDAwMDAwMDAwfX0="
        },
        {
          "index_key": "notification-be",
          "schema_version": 0,
          "attributes": {
            "arn": "arn:aws:ecr:us-east-1:566115828526:repository/neumo/notification-be",
            "encryption_configuration": [
              {
                "encryption_type": "AES256",
                "kms_key": ""
              }
            ],
            "force_delete": null,
            "id": "neumo/notification-be",
            "image_scanning_configuration": [
              {
                "scan_on_push": true
              }
            ],
            "image_tag_mutability": "MUTABLE",
            "name": "neumo/notification-be",
            "registry_id": "566115828526",
            "repository_url": "566115828526.dkr.ecr.us-east-1.amazonaws.com/neumo/notification-be",
            "tags": {
              "Budget": "minimal",
              "Course": "Software Architecture",
              "Environment": "dev",
              "ManagedBy": "Terraform",
              "Name": "neumo/notification-be",
              "Owner": "student@university.edu",
              "Project": "NeumoDiagnostics",
              "Service": "notification-be",
              "Team": "NeumoDiagnostics"
            },
            "tags_all": {
              "Budget": "minimal",
              "Course": "Software Architecture",
              "Environment": "dev",
              "ManagedBy": "Terraform",
              "Name": "neumo/notification-be",
              "Owner": "student@university.edu",
              "Project": "NeumoDiagnostics",
              "Repository": "NeumoDiagnostics-Docker-1",
              "Service": "notification-be",
              "Team": "NeumoDiagnostics"
            },
            "timeouts": null
          },
          "sensitive_attributes": [],
          "identity_schema_version": 0,
          "private": "eyJlMmJmYjczMC1lY2FhLTExZTYtOGY4OC0zNDM2M2JjN2M0YzAiOnsiZGVsZXRlIjoxMjAwMDAwMDAwMDAwfX0="
        },
        {
          "index_key": "prediagnostic-be",
          "schema_version": 0,
          "attributes": {
            "arn": "arn:aws:ecr:us-east-1:566115828526:repository/neumo/prediagnostic-be",
            "encryption_configuration": [
              {
                "encryption_type": "AES256",
                "kms_key": ""
              }
            ],
            "force_delete": null,
            "id": "neumo/prediagnostic-be",
            "image_scanning_configuration": [
              {
                "scan_on_push": true
              }
            ],
            "image_tag_mutability": "MUTABLE",
            "name": "neumo/prediagnostic-be",
            "registry_id": "566115828526",
            "repository_url": "566115828526.dkr.ecr.us-east-1.amazonaws.com/neumo/prediagnostic-be",
            "tags": {
              "Budget": "minimal",
              "Course": "Software Architecture",
              "Environment": "dev",
              "ManagedBy": "Terraform",
              "Name": "neumo/prediagnostic-be",
              "Owner": "student@university.edu",
              "Project": "NeumoDiagnostics",
              "Service": "prediagnostic-be",
              "Team": "NeumoDiagnostics"
            },
            "tags_all": {
              "Budget": "minimal",
              "Course": "Software Architecture",
              "Environment": "dev",
              "ManagedBy": "Terraform",
              "Name": "neumo/prediagnostic-be",
              "Owner": "student@university.edu",
              "Project": "NeumoDiagnostics",
              "Repository": "NeumoDiagnostics-Docker-1",
              "Service": "prediagnostic-be",
              "Team": "NeumoDiagnostics"
            },
            "timeouts": null
          },
          "sensitive_attributes": [],
          "identity_schema_version": 0,
          "private": "eyJlMmJmYjczMC1lY2FhLTExZTYtOGY4OC0zNDM2M2JjN2M0YzAiOnsiZGVsZXRlIjoxMjAwMDAwMDAwMDAwfX0="
        },
        {
          "index_key": "web-frontend",
          "schema_version": 0,
          "attributes": {
            "arn": "arn:aws:ecr:us-east-1:566115828526:repository/neumo/web-frontend",
            "encryption_configuration": [
              {
                "encryption_type": "AES256",
                "kms_key": ""
              }
            ],
            "force_delete": null,
            "id": "neumo/web-frontend",
            "image_scanning_configuration": [
              {
                "scan_on_push": true
              }
            ],
            "image_tag_mutability": "MUTABLE",
            "name": "neumo/web-frontend",
            "registry_id": "566115828526",
            "repository_url": "566115828526.dkr.ecr.us-east-1.amazonaws.com/neumo/web-frontend",
            "tags": {
              "Budget": "minimal",
              "Course": "Software Architecture",
              "Environment": "dev",
              "ManagedBy": "Terraform",
              "Name": "neumo/web-frontend",
              "Owner": "student@university.edu",
              "Project": "NeumoDiagnostics",
              "Service": "web-frontend",
              "Team": "NeumoDiagnostics"
            },
            "tags_all": {
              "Budget": "minimal",
              "Course": "Software Architecture",
              "Environment": "dev",
              "ManagedBy": "Terraform",
              "Name": "neumo/web-frontend",
              "Owner": "student@university.edu",
              "Project": "NeumoDiagnostics",
              "Repository": "NeumoDiagnostics-Docker-1",
              "Service": "web-frontend",
              "Team": "NeumoDiagnostics"
            },
            "timeouts": null
          },
          "sensitive_attributes": [],
          "identity_schema_version": 0,
          "private": "eyJlMmJmYjczMC1lY2FhLTExZTYtOGY4OC0zNDM2M2JjN2M0YzAiOnsiZGVsZXRlIjoxMjAwMDAwMDAwMDAwfX0="
        }
      ]
    },
    {
      "module": "module.ecs_cluster",
      "mode": "managed",
      "type": "aws_cloudwatch_log_group",
      "name": "ecs",
      "provider": "provider[\"registry.terraform.io/hashicorp/aws\"]",
      "instances": [
        {
          "schema_version": 0,
          "attributes": {
            "arn": "arn:aws:logs:us-east-1:566115828526:log-group:/ecs/neumo-dev",
            "id": "/ecs/neumo-dev",
            "kms_key_id": "",
            "log_group_class": "STANDARD",
            "name": "/ecs/neumo-dev",
            "name_prefix": "",
            "retention_in_days": 14,
            "skip_destroy": false,
            "tags": {
              "Budget": "minimal",
              "ClusterType": "N+1",
              "Course": "Software Architecture",
              "Environment": "dev",
              "ManagedBy": "Terraform",
              "Owner": "student@university.edu",
              "Pattern": "Cluster",
              "Project": "NeumoDiagnostics",
              "Scenario": "3-Cluster",
              "Team": "NeumoDiagnostics"
            },
            "tags_all": {
              "Budget": "minimal",
              "ClusterType": "N+1",
              "Course": "Software Architecture",
              "Environment": "dev",
              "ManagedBy": "Terraform",
              "Owner": "student@university.edu",
              "Pattern": "Cluster",
              "Project": "NeumoDiagnostics",
              "Repository": "NeumoDiagnostics-Docker-1",
              "Scenario": "3-Cluster",
              "Team": "NeumoDiagnostics"
            }
          },
          "sensitive_attributes": [],
          "identity_schema_version": 0,
          "private": "bnVsbA=="
        }
      ]
    },
    {
      "module": "module.ecs_cluster",
      "mode": "managed",
      "type": "aws_ecs_cluster",
      "name": "main",
      "provider": "provider[\"registry.terraform.io/hashicorp/aws\"]",
      "instances": [
        {
          "schema_version": 0,
          "attributes": {
            "arn": "arn:aws:ecs:us-east-1:566115828526:cluster/neumo-dev-cluster",
            "configuration": [],
            "id": "arn:aws:ecs:us-east-1:566115828526:cluster/neumo-dev-cluster",
            "name": "neumo-dev-cluster",
            "service_connect_defaults": [],
            "setting": [
              {
                "name": "containerInsights",
                "value": "enabled"
              }
            ],
            "tags": {
              "Budget": "minimal",
              "ClusterType": "N+1",
              "Course": "Software Architecture",
              "Environment": "dev",
              "ManagedBy": "Terraform",
              "Name": "neumo-dev-cluster",
              "Owner": "student@university.edu",
              "Pattern": "Cluster",
              "Project": "NeumoDiagnostics",
              "Scenario": "3-ClusterPattern",
              "Team": "NeumoDiagnostics"
            },
            "tags_all": {
              "Budget": "minimal",
              "ClusterType": "N+1",
              "Course": "Software Architecture",
              "Environment": "dev",
              "ManagedBy": "Terraform",
              "Name": "neumo-dev-cluster",
              "Owner": "student@university.edu",
              "Pattern": "Cluster",
              "Project": "NeumoDiagnostics",
              "Repository": "NeumoDiagnostics-Docker-1",
              "Scenario": "3-ClusterPattern",
              "Team": "NeumoDiagnostics"
            }
          },
          "sensitive_attributes": [],
          "identity_schema_version": 0,
          "private": "bnVsbA=="
        }
      ]
    },
    {
      "module": "module.ecs_cluster",
      "mode": "managed",
      "type": "aws_ecs_cluster_capacity_providers",
      "name": "main",
      "provider": "provider[\"registry.terraform.io/hashicorp/aws\"]",
      "instances": [
        {
          "schema_version": 0,
          "attributes": {
            "capacity_providers": [
              "FARGATE",
              "FARGATE_SPOT"
            ],
            "cluster_name": "neumo-dev-cluster",
            "default_capacity_provider_strategy": [
              {
                "base": 0,
                "capacity_provider": "FARGATE_SPOT",
                "weight": 1
              },
              {
                "base": 2,
                "capacity_provider": "FARGATE",
                "weight": 1
              }
            ],
            "id": "neumo-dev-cluster"
          },
          "sensitive_attributes": [],
          "identity_schema_version": 0,
          "private": "bnVsbA==",
          "dependencies": [
            "module.ecs_cluster.aws_ecs_cluster.main"
          ]
        }
      ]
    },
    {
      "module": "module.ecs_cluster",
      "mode": "managed",
      "type": "aws_iam_role",
      "name": "ecs_task",
      "provider": "provider[\"registry.terraform.io/hashicorp/aws\"]",
      "instances": [
        {
          "schema_version": 0,
          "attributes": {
            "arn": "arn:aws:iam::566115828526:role/neumo-dev-ecs-task",
            "assume_role_policy": "{\"Statement\":[{\"Action\":\"sts:AssumeRole\",\"Effect\":\"Allow\",\"Principal\":{\"Service\":\"ecs-tasks.amazonaws.com\"}}],\"Version\":\"2012-10-17\"}",
            "create_date": "2025-12-08T15:23:41Z",
            "description": "",
            "force_detach_policies": false,
            "id": "neumo-dev-ecs-task",
            "inline_policy": [
              {
                "name": "neumo-dev-ecs-s3-policy",
                "policy": "{\"Version\":\"2012-10-17\",\"Statement\":[{\"Action\":[\"s3:GetObject\",\"s3:PutObject\",\"s3:ListBucket\"],\"Effect\":\"Allow\",\"Resource\":[\"arn:aws:s3:::neumo-dev-*\",\"arn:aws:s3:::neumo-dev-*/*\"]}]}"
              }
            ],
            "managed_policy_arns": [],
            "max_session_duration": 3600,
            "name": "neumo-dev-ecs-task",
            "name_prefix": "",
            "path": "/",
            "permissions_boundary": "",
            "tags": {
              "Budget": "minimal",
              "ClusterType": "N+1",
              "Course": "Software Architecture",
              "Environment": "dev",
              "ManagedBy": "Terraform",
              "Owner": "student@university.edu",
              "Pattern": "Cluster",
              "Project": "NeumoDiagnostics",
              "Scenario": "3-Cluster",
              "Team": "NeumoDiagnostics"
            },
            "tags_all": {
              "Budget": "minimal",
              "ClusterType": "N+1",
              "Course": "Software Architecture",
              "Environment": "dev",
              "ManagedBy": "Terraform",
              "Owner": "student@university.edu",
              "Pattern": "Cluster",
              "Project": "NeumoDiagnostics",
              "Repository": "NeumoDiagnostics-Docker-1",
              "Scenario": "3-Cluster",
              "Team": "NeumoDiagnostics"
            },
            "unique_id": "AROAYHTZCAMXOO5QOEEYK"
          },
          "sensitive_attributes": [],
          "identity_schema_version": 0,
          "private": "bnVsbA=="
        }
      ]
    },
    {
      "module": "module.ecs_cluster",
      "mode": "managed",
      "type": "aws_iam_role",
      "name": "ecs_task_execution",
      "provider": "provider[\"registry.terraform.io/hashicorp/aws\"]",
      "instances": [
        {
          "schema_version": 0,
          "attributes": {
            "arn": "arn:aws:iam::566115828526:role/neumo-dev-ecs-task-execution",
            "assume_role_policy": "{\"Statement\":[{\"Action\":\"sts:AssumeRole\",\"Effect\":\"Allow\",\"Principal\":{\"Service\":\"ecs-tasks.amazonaws.com\"}}],\"Version\":\"2012-10-17\"}",
            "create_date": "2025-12-08T15:23:41Z",
            "description": "",
            "force_detach_policies": false,
            "id": "neumo-dev-ecs-task-execution",
            "inline_policy": [
              {
                "name": "neumo-dev-ecs-secrets-policy",
                "policy": "{\"Version\":\"2012-10-17\",\"Statement\":[{\"Action\":[\"secretsmanager:GetSecretValue\",\"kms:Decrypt\"],\"Effect\":\"Allow\",\"Resource\":\"*\"}]}"
              }
            ],
            "managed_policy_arns": [
              "arn:aws:iam::aws:policy/service-role/AmazonECSTaskExecutionRolePolicy"
            ],
            "max_session_duration": 3600,
            "name": "neumo-dev-ecs-task-execution",
            "name_prefix": "",
            "path": "/",
            "permissions_boundary": "",
            "tags": {
              "Budget": "minimal",
              "ClusterType": "N+1",
              "Course": "Software Architecture",
              "Environment": "dev",
              "ManagedBy": "Terraform",
              "Owner": "student@university.edu",
              "Pattern": "Cluster",
              "Project": "NeumoDiagnostics",
              "Scenario": "3-Cluster",
              "Team": "NeumoDiagnostics"
            },
            "tags_all": {
              "Budget": "minimal",
              "ClusterType": "N+1",
              "Course": "Software Architecture",
              "Environment": "dev",
              "ManagedBy": "Terraform",
              "Owner": "student@university.edu",
              "Pattern": "Cluster",
              "Project": "NeumoDiagnostics",
              "Repository": "NeumoDiagnostics-Docker-1",
              "Scenario": "3-Cluster",
              "Team": "NeumoDiagnostics"
            },
            "unique_id": "AROAYHTZCAMXLW52TP3LO"
          },
          "sensitive_attributes": [],
          "identity_schema_version": 0,
          "private": "bnVsbA=="
        }
      ]
    },
    {
      "module": "module.ecs_cluster",
      "mode": "managed",
      "type": "aws_iam_role_policy",
      "name": "ecs_task_execution_secrets",
      "provider": "provider[\"registry.terraform.io/hashicorp/aws\"]",
      "instances": [
        {
          "schema_version": 0,
          "attributes": {
            "id": "neumo-dev-ecs-task-execution:neumo-dev-ecs-secrets-policy",
            "name": "neumo-dev-ecs-secrets-policy",
            "name_prefix": "",
            "policy": "{\"Version\":\"2012-10-17\",\"Statement\":[{\"Action\":[\"secretsmanager:GetSecretValue\",\"kms:Decrypt\"],\"Effect\":\"Allow\",\"Resource\":\"*\"}]}",
            "role": "neumo-dev-ecs-task-execution"
          },
          "sensitive_attributes": [],
          "identity_schema_version": 0,
          "private": "bnVsbA==",
          "dependencies": [
            "module.ecs_cluster.aws_iam_role.ecs_task_execution"
          ]
        }
      ]
    },
    {
      "module": "module.ecs_cluster",
      "mode": "managed",
      "type": "aws_iam_role_policy",
      "name": "ecs_task_s3",
      "provider": "provider[\"registry.terraform.io/hashicorp/aws\"]",
      "instances": [
        {
          "schema_version": 0,
          "attributes": {
            "id": "neumo-dev-ecs-task:neumo-dev-ecs-s3-policy",
            "name": "neumo-dev-ecs-s3-policy",
            "name_prefix": "",
            "policy": "{\"Version\":\"2012-10-17\",\"Statement\":[{\"Action\":[\"s3:GetObject\",\"s3:PutObject\",\"s3:ListBucket\"],\"Effect\":\"Allow\",\"Resource\":[\"arn:aws:s3:::neumo-dev-*\",\"arn:aws:s3:::neumo-dev-*/*\"]}]}",
            "role": "neumo-dev-ecs-task"
          },
          "sensitive_attributes": [],
          "identity_schema_version": 0,
          "private": "bnVsbA==",
          "dependencies": [
            "module.ecs_cluster.aws_iam_role.ecs_task"
          ]
        }
      ]
    },
    {
      "module": "module.ecs_cluster",
      "mode": "managed",
      "type": "aws_iam_role_policy_attachment",
      "name": "ecs_task_execution",
      "provider": "provider[\"registry.terraform.io/hashicorp/aws\"]",
      "instances": [
        {
          "schema_version": 0,
          "attributes": {
            "id": "neumo-dev-ecs-task-execution-20251208152401013500000001",
            "policy_arn": "arn:aws:iam::aws:policy/service-role/AmazonECSTaskExecutionRolePolicy",
            "role": "neumo-dev-ecs-task-execution"
          },
          "sensitive_attributes": [],
          "identity_schema_version": 0,
          "private": "bnVsbA==",
          "dependencies": [
            "module.ecs_cluster.aws_iam_role.ecs_task_execution"
          ]
        }
      ]
    },
    {
      "module": "module.ecs_service_api_gateway",
      "mode": "managed",
      "type": "aws_appautoscaling_policy",
      "name": "cpu",
      "provider": "provider[\"registry.terraform.io/hashicorp/aws\"]",
      "instances": [
        {
          "index_key": 0,
          "schema_version": 0,
          "attributes": {
            "alarm_arns": [
              "arn:aws:cloudwatch:us-east-1:566115828526:alarm:TargetTracking-service/neumo-dev-cluster/api-gateway-AlarmHigh-2aef7471-95b5-4c24-951c-f7266bbd3ce8",
              "arn:aws:cloudwatch:us-east-1:566115828526:alarm:TargetTracking-service/neumo-dev-cluster/api-gateway-AlarmLow-0b0eaa89-3d1f-4aa8-81f7-0ec39033c8a1"
            ],
            "arn": "arn:aws:autoscaling:us-east-1:566115828526:scalingPolicy:83ba2267-64fe-4598-8e8d-a29fc235555b:resource/ecs/service/neumo-dev-cluster/api-gateway:policyName/neumo-dev-api-gateway-cpu-scaling",
            "id": "neumo-dev-api-gateway-cpu-scaling",
            "name": "neumo-dev-api-gateway-cpu-scaling",
            "policy_type": "TargetTrackingScaling",
            "resource_id": "service/neumo-dev-cluster/api-gateway",
            "scalable_dimension": "ecs:service:DesiredCount",
            "service_namespace": "ecs",
            "step_scaling_policy_configuration": [],
            "target_tracking_scaling_policy_configuration": [
              {
                "customized_metric_specification": [],
                "disable_scale_in": false,
                "predefined_metric_specification": [
                  {
                    "predefined_metric_type": "ECSServiceAverageCPUUtilization",
                    "resource_label": ""
                  }
                ],
                "scale_in_cooldown": 300,
                "scale_out_cooldown": 60,
                "target_value": 70
              }
            ]
          },
          "sensitive_attributes": [],
          "identity_schema_version": 0,
          "private": "bnVsbA==",
          "dependencies": [
            "module.alb_internal.aws_lb.main",
            "module.alb_internal.aws_lb_listener.http",
            "module.alb_internal.aws_lb_target_group.services",
            "module.alb_internal.aws_security_group.alb",
            "module.ecr.aws_ecr_repository.main",
            "module.ecs_cluster.aws_cloudwatch_log_group.ecs",
            "module.ecs_cluster.aws_ecs_cluster.main",
            "module.ecs_cluster.aws_iam_role.ecs_task",
            "module.ecs_cluster.aws_iam_role.ecs_task_execution",
            "module.ecs_service_api_gateway.aws_appautoscaling_target.main",
            "module.ecs_service_api_gateway.aws_ecs_service.main",
            "module.ecs_service_api_gateway.aws_ecs_task_definition.main",
            "module.ecs_service_api_gateway.aws_security_group.service",
            "module.network.aws_subnet.private",
            "module.network.aws_vpc.main",
            "module.service_discovery.aws_service_discovery_private_dns_namespace.main",
            "module.service_discovery.aws_service_discovery_service.services"
          ]
        }
      ]
    },
    {
      "module": "module.ecs_service_api_gateway",
      "mode": "managed",
      "type": "aws_appautoscaling_policy",
      "name": "requests",
      "provider": "provider[\"registry.terraform.io/hashicorp/aws\"]",
      "instances": [
        {
          "index_key": 0,
          "schema_version": 0,
          "attributes": {
            "alarm_arns": [
              "arn:aws:cloudwatch:us-east-1:566115828526:alarm:TargetTracking-service/neumo-dev-cluster/api-gateway-AlarmHigh-6317479e-24df-404a-946c-c8f8d029efe9",
              "arn:aws:cloudwatch:us-east-1:566115828526:alarm:TargetTracking-service/neumo-dev-cluster/api-gateway-AlarmLow-426508cf-f62c-4d47-92b2-eb58948b9555"
            ],
            "arn": "arn:aws:autoscaling:us-east-1:566115828526:scalingPolicy:83ba2267-64fe-4598-8e8d-a29fc235555b:resource/ecs/service/neumo-dev-cluster/api-gateway:policyName/neumo-dev-api-gateway-requests-scaling",
            "id": "neumo-dev-api-gateway-requests-scaling",
            "name": "neumo-dev-api-gateway-requests-scaling",
            "policy_type": "TargetTrackingScaling",
            "resource_id": "service/neumo-dev-cluster/api-gateway",
            "scalable_dimension": "ecs:service:DesiredCount",
            "service_namespace": "ecs",
            "step_scaling_policy_configuration": [],
            "target_tracking_scaling_policy_configuration": [
              {
                "customized_metric_specification": [],
                "disable_scale_in": false,
                "predefined_metric_specification": [
                  {
                    "predefined_metric_type": "ALBRequestCountPerTarget",
                    "resource_label": "app/neumo-dev-internal/1859541fb001c570/targetgroup/neumo-dev-api-gateway-tg/7fa70a5af426af96"
                  }
                ],
                "scale_in_cooldown": 300,
                "scale_out_cooldown": 60,
                "target_value": 1000
              }
            ]
          },
          "sensitive_attributes": [],
          "identity_schema_version": 0,
          "private": "bnVsbA==",
          "dependencies": [
            "module.alb_internal.aws_lb.main",
            "module.alb_internal.aws_lb_listener.http",
            "module.alb_internal.aws_lb_target_group.services",
            "module.alb_internal.aws_security_group.alb",
            "module.ecr.aws_ecr_repository.main",
            "module.ecs_cluster.aws_cloudwatch_log_group.ecs",
            "module.ecs_cluster.aws_ecs_cluster.main",
            "module.ecs_cluster.aws_iam_role.ecs_task",
            "module.ecs_cluster.aws_iam_role.ecs_task_execution",
            "module.ecs_service_api_gateway.aws_appautoscaling_target.main",
            "module.ecs_service_api_gateway.aws_ecs_service.main",
            "module.ecs_service_api_gateway.aws_ecs_task_definition.main",
            "module.ecs_service_api_gateway.aws_security_group.service",
            "module.network.aws_subnet.private",
            "module.network.aws_vpc.main",
            "module.service_discovery.aws_service_discovery_private_dns_namespace.main",
            "module.service_discovery.aws_service_discovery_service.services"
          ]
        }
      ]
    },
    {
      "module": "module.ecs_service_api_gateway",
      "mode": "managed",
      "type": "aws_appautoscaling_target",
      "name": "main",
      "provider": "provider[\"registry.terraform.io/hashicorp/aws\"]",
      "instances": [
        {
          "index_key": 0,
          "schema_version": 0,
          "attributes": {
            "arn": "arn:aws:application-autoscaling:us-east-1:566115828526:scalable-target/0ec583ba226764fe45988e8da29fc235555b",
            "id": "service/neumo-dev-cluster/api-gateway",
            "max_capacity": 3,
            "min_capacity": 1,
            "resource_id": "service/neumo-dev-cluster/api-gateway",
            "role_arn": "arn:aws:iam::566115828526:role/aws-service-role/ecs.application-autoscaling.amazonaws.com/AWSServiceRoleForApplicationAutoScaling_ECSService",
            "scalable_dimension": "ecs:service:DesiredCount",
            "service_namespace": "ecs",
            "suspended_state": [
              {
                "dynamic_scaling_in_suspended": false,
                "dynamic_scaling_out_suspended": false,
                "scheduled_scaling_suspended": false
              }
            ],
            "tags": {},
            "tags_all": {
              "Environment": "dev",
              "ManagedBy": "Terraform",
              "Project": "NeumoDiagnostics",
              "Repository": "NeumoDiagnostics-Docker-1"
            }
          },
          "sensitive_attributes": [],
          "identity_schema_version": 0,
          "private": "bnVsbA==",
          "dependencies": [
            "module.alb_internal.aws_lb.main",
            "module.alb_internal.aws_lb_listener.http",
            "module.alb_internal.aws_lb_target_group.services",
            "module.alb_internal.aws_security_group.alb",
            "module.ecr.aws_ecr_repository.main",
            "module.ecs_cluster.aws_cloudwatch_log_group.ecs",
            "module.ecs_cluster.aws_ecs_cluster.main",
            "module.ecs_cluster.aws_iam_role.ecs_task",
            "module.ecs_cluster.aws_iam_role.ecs_task_execution",
            "module.ecs_service_api_gateway.aws_ecs_service.main",
            "module.ecs_service_api_gateway.aws_ecs_task_definition.main",
            "module.ecs_service_api_gateway.aws_security_group.service",
            "module.network.aws_subnet.private",
            "module.network.aws_vpc.main",
            "module.service_discovery.aws_service_discovery_private_dns_namespace.main",
            "module.service_discovery.aws_service_discovery_service.services"
          ]
        }
      ]
    },
    {
      "module": "module.ecs_service_api_gateway",
      "mode": "managed",
      "type": "aws_ecs_service",
      "name": "main",
      "provider": "provider[\"registry.terraform.io/hashicorp/aws\"]",
      "instances": [
        {
          "schema_version": 1,
          "attributes": {
            "alarms": [],
            "availability_zone_rebalancing": "DISABLED",
            "capacity_provider_strategy": [],
            "cluster": "arn:aws:ecs:us-east-1:566115828526:cluster/neumo-dev-cluster",
            "deployment_circuit_breaker": [
              {
                "enable": true,
                "rollback": true
              }
            ],
            "deployment_controller": [
              {
                "type": "ECS"
              }
            ],
            "deployment_maximum_percent": 200,
            "deployment_minimum_healthy_percent": 100,
            "desired_count": 1,
            "enable_ecs_managed_tags": false,
            "enable_execute_command": false,
            "force_delete": null,
            "force_new_deployment": null,
            "health_check_grace_period_seconds": 60,
            "iam_role": "/aws-service-role/ecs.amazonaws.com/AWSServiceRoleForECS",
            "id": "arn:aws:ecs:us-east-1:566115828526:service/neumo-dev-cluster/api-gateway",
            "launch_type": "FARGATE",
            "load_balancer": [
              {
                "container_name": "api-gateway",
                "container_port": 8080,
                "elb_name": "",
                "target_group_arn": "arn:aws:elasticloadbalancing:us-east-1:566115828526:targetgroup/neumo-dev-api-gateway-tg/7fa70a5af426af96"
              }
            ],
            "name": "api-gateway",
            "network_configuration": [
              {
                "assign_public_ip": false,
                "security_groups": [
                  "sg-0af04399fb01f9a61"
                ],
                "subnets": [
                  "subnet-00d977fba2a50ff40",
                  "subnet-03f0878632e0779f5"
                ]
              }
            ],
            "ordered_placement_strategy": [],
            "placement_constraints": [],
            "platform_version": "LATEST",
            "propagate_tags": "NONE",
            "scheduling_strategy": "REPLICA",
            "service_connect_configuration": [],
            "service_registries": [
              {
                "container_name": "api-gateway",
                "container_port": 0,
                "port": 0,
                "registry_arn": "arn:aws:servicediscovery:us-east-1:566115828526:service/srv-6ohv6yssgo5hlg3y"
              }
            ],
            "tags": {
              "Budget": "minimal",
              "Course": "Software Architecture",
              "Environment": "dev",
              "LoadBalancer": "Internal",
              "ManagedBy": "Terraform",
              "Name": "neumo-dev-api-gateway",
              "Owner": "student@university.edu",
              "Pattern": "Standard",
              "Project": "NeumoDiagnostics",
              "ReplicationType": "HotSpare",
              "Scenario": "1-Availability",
              "Service": "api-gateway",
              "Team": "NeumoDiagnostics"
            },
            "tags_all": {
              "Budget": "minimal",
              "Course": "Software Architecture",
              "Environment": "dev",
              "LoadBalancer": "Internal",
              "ManagedBy": "Terraform",
              "Name": "neumo-dev-api-gateway",
              "Owner": "student@university.edu",
              "Pattern": "Standard",
              "Project": "NeumoDiagnostics",
              "ReplicationType": "HotSpare",
              "Repository": "NeumoDiagnostics-Docker-1",
              "Scenario": "1-Availability",
              "Service": "api-gateway",
              "Team": "NeumoDiagnostics"
            },
            "task_definition": "arn:aws:ecs:us-east-1:566115828526:task-definition/neumo-dev-api-gateway:1",
            "timeouts": null,
            "triggers": {},
            "volume_configuration": [],
            "vpc_lattice_configurations": [],
            "wait_for_steady_state": false
          },
          "sensitive_attributes": [],
          "identity_schema_version": 0,
          "private": "eyJlMmJmYjczMC1lY2FhLTExZTYtOGY4OC0zNDM2M2JjN2M0YzAiOnsiY3JlYXRlIjoxMjAwMDAwMDAwMDAwLCJkZWxldGUiOjEyMDAwMDAwMDAwMDAsInVwZGF0ZSI6MTIwMDAwMDAwMDAwMH0sInNjaGVtYV92ZXJzaW9uIjoiMSJ9",
          "dependencies": [
            "module.alb_internal.aws_lb.main",
            "module.alb_internal.aws_lb_listener.http",
            "module.alb_internal.aws_lb_target_group.services",
            "module.alb_internal.aws_security_group.alb",
            "module.ecr.aws_ecr_repository.main",
            "module.ecs_cluster.aws_cloudwatch_log_group.ecs",
            "module.ecs_cluster.aws_ecs_cluster.main",
            "module.ecs_cluster.aws_iam_role.ecs_task",
            "module.ecs_cluster.aws_iam_role.ecs_task_execution",
            "module.ecs_service_api_gateway.aws_ecs_task_definition.main",
            "module.ecs_service_api_gateway.aws_security_group.service",
            "module.network.aws_subnet.private",
            "module.network.aws_vpc.main",
            "module.service_discovery.aws_service_discovery_private_dns_namespace.main",
            "module.service_discovery.aws_service_discovery_service.services"
          ]
        }
      ]
    },
    {
      "module": "module.ecs_service_api_gateway",
      "mode": "managed",
      "type": "aws_ecs_task_definition",
      "name": "main",
      "provider": "provider[\"registry.terraform.io/hashicorp/aws\"]",
      "instances": [
        {
          "schema_version": 1,
          "attributes": {
            "arn": "arn:aws:ecs:us-east-1:566115828526:task-definition/neumo-dev-api-gateway:1",
            "arn_without_revision": "arn:aws:ecs:us-east-1:566115828526:task-definition/neumo-dev-api-gateway",
            "container_definitions": "[{\"environment\":[{\"name\":\"AUTH_SERVICE_URL\",\"value\":\"http://auth-be.neumo.internal:8081\"},{\"name\":\"NOTIFICATION_SERVICE_URL\",\"value\":\"http://message-producer.neumo.internal:8082\"},{\"name\":\"PREDIAGNOSTIC_SERVICE_URL\",\"value\":\"http://prediagnostic-be.neumo.internal:8000\"}],\"essential\":true,\"image\":\"566115828526.dkr.ecr.us-east-1.amazonaws.com/neumo/api-gateway:latest\",\"logConfiguration\":{\"logDriver\":\"awslogs\",\"options\":{\"awslogs-stream-prefix\":\"api-gateway\",\"awslogs-group\":\"/ecs/neumo-dev\",\"awslogs-region\":\"us-east-1\"}},\"mountPoints\":[],\"name\":\"api-gateway\",\"portMappings\":[{\"containerPort\":8080,\"hostPort\":8080,\"protocol\":\"tcp\"}],\"secrets\":[],\"systemControls\":[],\"ulimits\":[{\"hardLimit\":65536,\"name\":\"nofile\",\"softLimit\":65536}],\"volumesFrom\":[]}]",
            "cpu": "256",
            "enable_fault_injection": false,
            "ephemeral_storage": [],
            "execution_role_arn": "arn:aws:iam::566115828526:role/neumo-dev-ecs-task-execution",
            "family": "neumo-dev-api-gateway",
            "id": "neumo-dev-api-gateway",
            "inference_accelerator": [],
            "ipc_mode": "",
            "memory": "512",
            "network_mode": "awsvpc",
            "pid_mode": "",
            "placement_constraints": [],
            "proxy_configuration": [],
            "requires_compatibilities": [
              "FARGATE"
            ],
            "revision": 1,
            "runtime_platform": [],
            "skip_destroy": false,
            "tags": {
              "Budget": "minimal",
              "Course": "Software Architecture",
              "Environment": "dev",
              "LoadBalancer": "Internal",
              "ManagedBy": "Terraform",
              "Name": "neumo-dev-api-gateway-task",
              "Owner": "student@university.edu",
              "Pattern": "HotSpare",
              "Project": "NeumoDiagnostics",
              "ReplicationType": "HotSpare",
              "Scenario": "1-Availability",
              "Service": "api-gateway",
              "Team": "NeumoDiagnostics"
            },
            "tags_all": {
              "Budget": "minimal",
              "Course": "Software Architecture",
              "Environment": "dev",
              "LoadBalancer": "Internal",
              "ManagedBy": "Terraform",
              "Name": "neumo-dev-api-gateway-task",
              "Owner": "student@university.edu",
              "Pattern": "HotSpare",
              "Project": "NeumoDiagnostics",
              "ReplicationType": "HotSpare",
              "Repository": "NeumoDiagnostics-Docker-1",
              "Scenario": "1-Availability",
              "Service": "api-gateway",
              "Team": "NeumoDiagnostics"
            },
            "task_role_arn": "arn:aws:iam::566115828526:role/neumo-dev-ecs-task",
            "track_latest": false,
            "volume": []
          },
          "sensitive_attributes": [],
          "identity_schema_version": 0,
          "private": "eyJzY2hlbWFfdmVyc2lvbiI6IjEifQ==",
          "dependencies": [
            "module.ecr.aws_ecr_repository.main",
            "module.ecs_cluster.aws_cloudwatch_log_group.ecs",
            "module.ecs_cluster.aws_iam_role.ecs_task",
            "module.ecs_cluster.aws_iam_role.ecs_task_execution"
          ]
        }
      ]
    },
    {
      "module": "module.ecs_service_api_gateway",
      "mode": "managed",
      "type": "aws_security_group",
      "name": "service",
      "provider": "provider[\"registry.terraform.io/hashicorp/aws\"]",
      "instances": [
        {
          "schema_version": 1,
          "attributes": {
            "arn": "arn:aws:ec2:us-east-1:566115828526:security-group/sg-0af04399fb01f9a61",
            "description": "Security group for api-gateway service",
            "egress": [
              {
                "cidr_blocks": [
                  "0.0.0.0/0"
                ],
                "description": "",
                "from_port": 0,
                "ipv6_cidr_blocks": [],
                "prefix_list_ids": [],
                "protocol": "-1",
                "security_groups": [],
                "self": false,
                "to_port": 0
              }
            ],
            "id": "sg-0af04399fb01f9a61",
            "ingress": [
              {
                "cidr_blocks": [
                  "10.0.10.0/24",
                  "10.0.20.0/24"
                ],
                "description": "Traffic from ALB/Internal",
                "from_port": 8080,
                "ipv6_cidr_blocks": [],
                "prefix_list_ids": [],
                "protocol": "tcp",
                "security_groups": [
                  "sg-00de5135794332a09"
                ],
                "self": false,
                "to_port": 8080
              }
            ],
            "name": "neumo-dev-api-gateway-sg",
            "name_prefix": "",
            "owner_id": "566115828526",
            "revoke_rules_on_delete": false,
            "tags": {
              "Budget": "minimal",
              "Course": "Software Architecture",
              "Environment": "dev",
              "LoadBalancer": "Internal",
              "ManagedBy": "Terraform",
              "Name": "neumo-dev-api-gateway-sg",
              "Owner": "student@university.edu",
              "Pattern": "HotSpare",
              "Project": "NeumoDiagnostics",
              "ReplicationType": "HotSpare",
              "Scenario": "1-Availability",
              "Service": "api-gateway",
              "Team": "NeumoDiagnostics"
            },
            "tags_all": {
              "Budget": "minimal",
              "Course": "Software Architecture",
              "Environment": "dev",
              "LoadBalancer": "Internal",
              "ManagedBy": "Terraform",
              "Name": "neumo-dev-api-gateway-sg",
              "Owner": "student@university.edu",
              "Pattern": "HotSpare",
              "Project": "NeumoDiagnostics",
              "ReplicationType": "HotSpare",
              "Repository": "NeumoDiagnostics-Docker-1",
              "Scenario": "1-Availability",
              "Service": "api-gateway",
              "Team": "NeumoDiagnostics"
            },
            "timeouts": null,
            "vpc_id": "vpc-0c5b5be65746da882"
          },
          "sensitive_attributes": [],
          "identity_schema_version": 0,
          "private": "eyJlMmJmYjczMC1lY2FhLTExZTYtOGY4OC0zNDM2M2JjN2M0YzAiOnsiY3JlYXRlIjo2MDAwMDAwMDAwMDAsImRlbGV0ZSI6OTAwMDAwMDAwMDAwfSwic2NoZW1hX3ZlcnNpb24iOiIxIn0=",
          "dependencies": [
            "module.alb_internal.aws_security_group.alb",
            "module.network.aws_subnet.private",
            "module.network.aws_vpc.main"
          ]
        }
      ]
    },
    {
      "module": "module.ecs_service_auth_be",
      "mode": "managed",
      "type": "aws_appautoscaling_policy",
      "name": "cpu",
      "provider": "provider[\"registry.terraform.io/hashicorp/aws\"]",
      "instances": [
        {
          "index_key": 0,
          "schema_version": 0,
          "attributes": {
            "alarm_arns": [
              "arn:aws:cloudwatch:us-east-1:566115828526:alarm:TargetTracking-service/neumo-dev-cluster/auth-be-AlarmHigh-2d75ed3e-2a39-4228-89a5-dae237a57fdd",
              "arn:aws:cloudwatch:us-east-1:566115828526:alarm:TargetTracking-service/neumo-dev-cluster/auth-be-AlarmLow-8993e286-99ec-4347-b724-34598f0794c5"
            ],
            "arn": "arn:aws:autoscaling:us-east-1:566115828526:scalingPolicy:57b99b8e-db5f-44a4-82e3-06704d300ee4:resource/ecs/service/neumo-dev-cluster/auth-be:policyName/neumo-dev-auth-be-cpu-scaling",
            "id": "neumo-dev-auth-be-cpu-scaling",
            "name": "neumo-dev-auth-be-cpu-scaling",
            "policy_type": "TargetTrackingScaling",
            "resource_id": "service/neumo-dev-cluster/auth-be",
            "scalable_dimension": "ecs:service:DesiredCount",
            "service_namespace": "ecs",
            "step_scaling_policy_configuration": [],
            "target_tracking_scaling_policy_configuration": [
              {
                "customized_metric_specification": [],
                "disable_scale_in": false,
                "predefined_metric_specification": [
                  {
                    "predefined_metric_type": "ECSServiceAverageCPUUtilization",
                    "resource_label": ""
                  }
                ],
                "scale_in_cooldown": 300,
                "scale_out_cooldown": 60,
                "target_value": 70
              }
            ]
          },
          "sensitive_attributes": [],
          "identity_schema_version": 0,
          "private": "bnVsbA==",
          "dependencies": [
            "module.ecr.aws_ecr_repository.main",
            "module.ecs_cluster.aws_cloudwatch_log_group.ecs",
            "module.ecs_cluster.aws_ecs_cluster.main",
            "module.ecs_cluster.aws_iam_role.ecs_task",
            "module.ecs_cluster.aws_iam_role.ecs_task_execution",
            "module.ecs_service_auth_be.aws_appautoscaling_target.main",
            "module.ecs_service_auth_be.aws_ecs_service.main",
            "module.ecs_service_auth_be.aws_ecs_task_definition.main",
            "module.ecs_service_auth_be.aws_security_group.service",
            "module.network.aws_subnet.private",
            "module.network.aws_vpc.main",
            "module.rds.aws_db_instance.main",
            "module.rds.aws_db_parameter_group.main",
            "module.rds.aws_db_subnet_group.main",
            "module.rds.aws_iam_role.rds_monitoring",
            "module.rds.aws_security_group.rds",
            "module.service_discovery.aws_service_discovery_private_dns_namespace.main",
            "module.service_discovery.aws_service_discovery_service.services"
          ]
        }
      ]
    },
    {
      "module": "module.ecs_service_auth_be",
      "mode": "managed",
      "type": "aws_appautoscaling_target",
      "name": "main",
      "provider": "provider[\"registry.terraform.io/hashicorp/aws\"]",
      "instances": [
        {
          "index_key": 0,
          "schema_version": 0,
          "attributes": {
            "arn": "arn:aws:application-autoscaling:us-east-1:566115828526:scalable-target/0ec557b99b8edb5f44a482e306704d300ee4",
            "id": "service/neumo-dev-cluster/auth-be",
            "max_capacity": 4,
            "min_capacity": 1,
            "resource_id": "service/neumo-dev-cluster/auth-be",
            "role_arn": "arn:aws:iam::566115828526:role/aws-service-role/ecs.application-autoscaling.amazonaws.com/AWSServiceRoleForApplicationAutoScaling_ECSService",
            "scalable_dimension": "ecs:service:DesiredCount",
            "service_namespace": "ecs",
            "suspended_state": [
              {
                "dynamic_scaling_in_suspended": false,
                "dynamic_scaling_out_suspended": false,
                "scheduled_scaling_suspended": false
              }
            ],
            "tags": {},
            "tags_all": {
              "Environment": "dev",
              "ManagedBy": "Terraform",
              "Project": "NeumoDiagnostics",
              "Repository": "NeumoDiagnostics-Docker-1"
            }
          },
          "sensitive_attributes": [],
          "identity_schema_version": 0,
          "private": "bnVsbA==",
          "dependencies": [
            "module.ecr.aws_ecr_repository.main",
            "module.ecs_cluster.aws_cloudwatch_log_group.ecs",
            "module.ecs_cluster.aws_ecs_cluster.main",
            "module.ecs_cluster.aws_iam_role.ecs_task",
            "module.ecs_cluster.aws_iam_role.ecs_task_execution",
            "module.ecs_service_auth_be.aws_ecs_service.main",
            "module.ecs_service_auth_be.aws_ecs_task_definition.main",
            "module.ecs_service_auth_be.aws_security_group.service",
            "module.network.aws_subnet.private",
            "module.network.aws_vpc.main",
            "module.rds.aws_db_instance.main",
            "module.rds.aws_db_parameter_group.main",
            "module.rds.aws_db_subnet_group.main",
            "module.rds.aws_iam_role.rds_monitoring",
            "module.rds.aws_security_group.rds",
            "module.service_discovery.aws_service_discovery_private_dns_namespace.main",
            "module.service_discovery.aws_service_discovery_service.services"
          ]
        }
      ]
    },
    {
      "module": "module.ecs_service_auth_be",
      "mode": "managed",
      "type": "aws_ecs_service",
      "name": "main",
      "provider": "provider[\"registry.terraform.io/hashicorp/aws\"]",
      "instances": [
        {
          "schema_version": 1,
          "attributes": {
            "alarms": [],
            "availability_zone_rebalancing": "DISABLED",
            "capacity_provider_strategy": [],
            "cluster": "arn:aws:ecs:us-east-1:566115828526:cluster/neumo-dev-cluster",
            "deployment_circuit_breaker": [
              {
                "enable": true,
                "rollback": true
              }
            ],
            "deployment_controller": [
              {
                "type": "ECS"
              }
            ],
            "deployment_maximum_percent": 200,
            "deployment_minimum_healthy_percent": 100,
            "desired_count": 1,
            "enable_ecs_managed_tags": false,
            "enable_execute_command": false,
            "force_delete": null,
            "force_new_deployment": null,
            "health_check_grace_period_seconds": 0,
            "iam_role": "/aws-service-role/ecs.amazonaws.com/AWSServiceRoleForECS",
            "id": "arn:aws:ecs:us-east-1:566115828526:service/neumo-dev-cluster/auth-be",
            "launch_type": "FARGATE",
            "load_balancer": [],
            "name": "auth-be",
            "network_configuration": [
              {
                "assign_public_ip": false,
                "security_groups": [
                  "sg-06da2530d40c0eea5"
                ],
                "subnets": [
                  "subnet-00d977fba2a50ff40",
                  "subnet-03f0878632e0779f5"
                ]
              }
            ],
            "ordered_placement_strategy": [],
            "placement_constraints": [],
            "platform_version": "LATEST",
            "propagate_tags": "NONE",
            "scheduling_strategy": "REPLICA",
            "service_connect_configuration": [],
            "service_registries": [
              {
                "container_name": "auth-be",
                "container_port": 0,
                "port": 0,
                "registry_arn": "arn:aws:servicediscovery:us-east-1:566115828526:service/srv-xup5to3nke5nkyjy"
              }
            ],
            "tags": {
              "Budget": "minimal",
              "Course": "Software Architecture",
              "Environment": "dev",
              "ManagedBy": "Terraform",
              "Method": "CloudMap",
              "Name": "neumo-dev-auth-be",
              "Owner": "student@university.edu",
              "Pattern": "Standard",
              "Project": "NeumoDiagnostics",
              "Scenario": "2-Discovery",
              "Service": "auth-be",
              "Team": "NeumoDiagnostics"
            },
            "tags_all": {
              "Budget": "minimal",
              "Course": "Software Architecture",
              "Environment": "dev",
              "ManagedBy": "Terraform",
              "Method": "CloudMap",
              "Name": "neumo-dev-auth-be",
              "Owner": "student@university.edu",
              "Pattern": "Standard",
              "Project": "NeumoDiagnostics",
              "Repository": "NeumoDiagnostics-Docker-1",
              "Scenario": "2-Discovery",
              "Service": "auth-be",
              "Team": "NeumoDiagnostics"
            },
            "task_definition": "arn:aws:ecs:us-east-1:566115828526:task-definition/neumo-dev-auth-be:1",
            "timeouts": null,
            "triggers": {},
            "volume_configuration": [],
            "vpc_lattice_configurations": [],
            "wait_for_steady_state": false
          },
          "sensitive_attributes": [],
          "identity_schema_version": 0,
          "private": "eyJlMmJmYjczMC1lY2FhLTExZTYtOGY4OC0zNDM2M2JjN2M0YzAiOnsiY3JlYXRlIjoxMjAwMDAwMDAwMDAwLCJkZWxldGUiOjEyMDAwMDAwMDAwMDAsInVwZGF0ZSI6MTIwMDAwMDAwMDAwMH0sInNjaGVtYV92ZXJzaW9uIjoiMSJ9",
          "dependencies": [
            "module.ecr.aws_ecr_repository.main",
            "module.ecs_cluster.aws_cloudwatch_log_group.ecs",
            "module.ecs_cluster.aws_ecs_cluster.main",
            "module.ecs_cluster.aws_iam_role.ecs_task",
            "module.ecs_cluster.aws_iam_role.ecs_task_execution",
            "module.ecs_service_auth_be.aws_ecs_task_definition.main",
            "module.ecs_service_auth_be.aws_security_group.service",
            "module.network.aws_subnet.private",
            "module.network.aws_vpc.main",
            "module.rds.aws_db_instance.main",
            "module.rds.aws_db_parameter_group.main",
            "module.rds.aws_db_subnet_group.main",
            "module.rds.aws_iam_role.rds_monitoring",
            "module.rds.aws_security_group.rds",
            "module.service_discovery.aws_service_discovery_private_dns_namespace.main",
            "module.service_discovery.aws_service_discovery_service.services"
          ]
        }
      ]
    },
    {
      "module": "module.ecs_service_auth_be",
      "mode": "managed",
      "type": "aws_ecs_task_definition",
      "name": "main",
      "provider": "provider[\"registry.terraform.io/hashicorp/aws\"]",
      "instances": [
        {
          "schema_version": 1,
          "attributes": {
            "arn": "arn:aws:ecs:us-east-1:566115828526:task-definition/neumo-dev-auth-be:6",
            "arn_without_revision": "arn:aws:ecs:us-east-1:566115828526:task-definition/neumo-dev-auth-be",
            "container_definitions": "[{\"environment\":[{\"name\":\"DATABASE_URL\",\"value\":\"host=neumo-dev-auth-db.cgl0ou8kgi9a.us-east-1.rds.amazonaws.com port=5432 user=postgres password=NeumoDbPass2024 dbname=auth_db sslmode=require\"}],\"essential\":true,\"image\":\"566115828526.dkr.ecr.us-east-1.amazonaws.com/neumo/auth-be:latest\",\"logConfiguration\":{\"logDriver\":\"awslogs\",\"options\":{\"awslogs-group\":\"/ecs/neumo-dev\",\"awslogs-region\":\"us-east-1\",\"awslogs-stream-prefix\":\"auth-be\"}},\"mountPoints\":[],\"name\":\"auth-be\",\"portMappings\":[{\"containerPort\":8081,\"hostPort\":8081,\"protocol\":\"tcp\"}],\"secrets\":[],\"systemControls\":[],\"ulimits\":[{\"hardLimit\":65536,\"name\":\"nofile\",\"softLimit\":65536}],\"volumesFrom\":[]}]",
            "cpu": "256",
            "enable_fault_injection": false,
            "ephemeral_storage": [],
            "execution_role_arn": "arn:aws:iam::566115828526:role/neumo-dev-ecs-task-execution",
            "family": "neumo-dev-auth-be",
            "id": "neumo-dev-auth-be",
            "inference_accelerator": [],
            "ipc_mode": "",
            "memory": "512",
            "network_mode": "awsvpc",
            "pid_mode": "",
            "placement_constraints": [],
            "proxy_configuration": [],
            "requires_compatibilities": [
              "FARGATE"
            ],
            "revision": 6,
            "runtime_platform": [],
            "skip_destroy": false,
            "tags": {
              "Budget": "minimal",
              "Course": "Software Architecture",
              "Environment": "dev",
              "ManagedBy": "Terraform",
              "Method": "CloudMap",
              "Name": "neumo-dev-auth-be-task",
              "Owner": "student@university.edu",
              "Pattern": "ServiceDiscovery",
              "Project": "NeumoDiagnostics",
              "Scenario": "2-Discovery",
              "Service": "auth-be",
              "Team": "NeumoDiagnostics"
            },
            "tags_all": {
              "Budget": "minimal",
              "Course": "Software Architecture",
              "Environment": "dev",
              "ManagedBy": "Terraform",
              "Method": "CloudMap",
              "Name": "neumo-dev-auth-be-task",
              "Owner": "student@university.edu",
              "Pattern": "ServiceDiscovery",
              "Project": "NeumoDiagnostics",
              "Repository": "NeumoDiagnostics-Docker-1",
              "Scenario": "2-Discovery",
              "Service": "auth-be",
              "Team": "NeumoDiagnostics"
            },
            "task_role_arn": "arn:aws:iam::566115828526:role/neumo-dev-ecs-task",
            "track_latest": false,
            "volume": []
          },
          "sensitive_attributes": [
            [
              {
                "type": "get_attr",
                "value": "container_definitions"
              }
            ]
          ],
          "identity_schema_version": 0,
          "private": "eyJzY2hlbWFfdmVyc2lvbiI6IjEifQ==",
          "dependencies": [
            "module.ecr.aws_ecr_repository.main",
            "module.ecs_cluster.aws_cloudwatch_log_group.ecs",
            "module.ecs_cluster.aws_iam_role.ecs_task",
            "module.ecs_cluster.aws_iam_role.ecs_task_execution",
            "module.network.aws_subnet.private",
            "module.network.aws_vpc.main",
            "module.rds.aws_db_instance.main",
            "module.rds.aws_db_parameter_group.main",
            "module.rds.aws_db_subnet_group.main",
            "module.rds.aws_iam_role.rds_monitoring",
            "module.rds.aws_security_group.rds"
          ]
        }
      ]
    },
    {
      "module": "module.ecs_service_auth_be",
      "mode": "managed",
      "type": "aws_security_group",
      "name": "service",
      "provider": "provider[\"registry.terraform.io/hashicorp/aws\"]",
      "instances": [
        {
          "schema_version": 1,
          "attributes": {
            "arn": "arn:aws:ec2:us-east-1:566115828526:security-group/sg-06da2530d40c0eea5",
            "description": "Security group for auth-be service",
            "egress": [
              {
                "cidr_blocks": [
                  "0.0.0.0/0"
                ],
                "description": "",
                "from_port": 0,
                "ipv6_cidr_blocks": [],
                "prefix_list_ids": [],
                "protocol": "-1",
                "security_groups": [],
                "self": false,
                "to_port": 0
              }
            ],
            "id": "sg-06da2530d40c0eea5",
            "ingress": [
              {
                "cidr_blocks": [
                  "10.0.0.0/16"
                ],
                "description": "Traffic from ALB/Internal",
                "from_port": 8081,
                "ipv6_cidr_blocks": [],
                "prefix_list_ids": [],
                "protocol": "tcp",
                "security_groups": [],
                "self": false,
                "to_port": 8081
              }
            ],
            "name": "neumo-dev-auth-be-sg",
            "name_prefix": "",
            "owner_id": "566115828526",
            "revoke_rules_on_delete": false,
            "tags": {
              "Budget": "minimal",
              "Course": "Software Architecture",
              "Environment": "dev",
              "ManagedBy": "Terraform",
              "Method": "CloudMap",
              "Name": "neumo-dev-auth-be-sg",
              "Owner": "student@university.edu",
              "Pattern": "ServiceDiscovery",
              "Project": "NeumoDiagnostics",
              "Scenario": "2-Discovery",
              "Service": "auth-be",
              "Team": "NeumoDiagnostics"
            },
            "tags_all": {
              "Budget": "minimal",
              "Course": "Software Architecture",
              "Environment": "dev",
              "ManagedBy": "Terraform",
              "Method": "CloudMap",
              "Name": "neumo-dev-auth-be-sg",
              "Owner": "student@university.edu",
              "Pattern": "ServiceDiscovery",
              "Project": "NeumoDiagnostics",
              "Repository": "NeumoDiagnostics-Docker-1",
              "Scenario": "2-Discovery",
              "Service": "auth-be",
              "Team": "NeumoDiagnostics"
            },
            "timeouts": null,
            "vpc_id": "vpc-0c5b5be65746da882"
          },
          "sensitive_attributes": [],
          "identity_schema_version": 0,
          "private": "eyJlMmJmYjczMC1lY2FhLTExZTYtOGY4OC0zNDM2M2JjN2M0YzAiOnsiY3JlYXRlIjo2MDAwMDAwMDAwMDAsImRlbGV0ZSI6OTAwMDAwMDAwMDAwfSwic2NoZW1hX3ZlcnNpb24iOiIxIn0=",
          "dependencies": [
            "module.network.aws_vpc.main"
          ]
        }
      ]
    },
    {
      "module": "module.ecs_service_message_producer",
      "mode": "managed",
      "type": "aws_appautoscaling_policy",
      "name": "cpu",
      "provider": "provider[\"registry.terraform.io/hashicorp/aws\"]",
      "instances": [
        {
          "index_key": 0,
          "schema_version": 0,
          "attributes": {
            "alarm_arns": [
              "arn:aws:cloudwatch:us-east-1:566115828526:alarm:TargetTracking-service/neumo-dev-cluster/message-producer-AlarmHigh-4e32474f-0c88-4597-bde3-a696471be6cb",
              "arn:aws:cloudwatch:us-east-1:566115828526:alarm:TargetTracking-service/neumo-dev-cluster/message-producer-AlarmLow-627ac415-1163-4451-9334-299a70006ecf"
            ],
            "arn": "arn:aws:autoscaling:us-east-1:566115828526:scalingPolicy:db3a7503-6f02-4a59-9f7a-45117904d504:resource/ecs/service/neumo-dev-cluster/message-producer:policyName/neumo-dev-message-producer-cpu-scaling",
            "id": "neumo-dev-message-producer-cpu-scaling",
            "name": "neumo-dev-message-producer-cpu-scaling",
            "policy_type": "TargetTrackingScaling",
            "resource_id": "service/neumo-dev-cluster/message-producer",
            "scalable_dimension": "ecs:service:DesiredCount",
            "service_namespace": "ecs",
            "step_scaling_policy_configuration": [],
            "target_tracking_scaling_policy_configuration": [
              {
                "customized_metric_specification": [],
                "disable_scale_in": false,
                "predefined_metric_specification": [
                  {
                    "predefined_metric_type": "ECSServiceAverageCPUUtilization",
                    "resource_label": ""
                  }
                ],
                "scale_in_cooldown": 300,
                "scale_out_cooldown": 60,
                "target_value": 70
              }
            ]
          },
          "sensitive_attributes": [],
          "identity_schema_version": 0,
          "private": "bnVsbA==",
          "dependencies": [
            "module.ecr.aws_ecr_repository.main",
            "module.ecs_cluster.aws_cloudwatch_log_group.ecs",
            "module.ecs_cluster.aws_ecs_cluster.main",
            "module.ecs_cluster.aws_iam_role.ecs_task",
            "module.ecs_cluster.aws_iam_role.ecs_task_execution",
            "module.ecs_service_message_producer.aws_appautoscaling_target.main",
            "module.ecs_service_message_producer.aws_ecs_service.main",
            "module.ecs_service_message_producer.aws_ecs_task_definition.main",
            "module.ecs_service_message_producer.aws_security_group.service",
            "module.network.aws_subnet.private",
            "module.network.aws_vpc.main",
            "module.service_discovery.aws_service_discovery_private_dns_namespace.main",
            "module.service_discovery.aws_service_discovery_service.services"
          ]
        }
      ]
    },
    {
      "module": "module.ecs_service_message_producer",
      "mode": "managed",
      "type": "aws_appautoscaling_target",
      "name": "main",
      "provider": "provider[\"registry.terraform.io/hashicorp/aws\"]",
      "instances": [
        {
          "index_key": 0,
          "schema_version": 0,
          "attributes": {
            "arn": "arn:aws:application-autoscaling:us-east-1:566115828526:scalable-target/0ec5db3a75036f024a599f7a45117904d504",
            "id": "service/neumo-dev-cluster/message-producer",
            "max_capacity": 4,
            "min_capacity": 1,
            "resource_id": "service/neumo-dev-cluster/message-producer",
            "role_arn": "arn:aws:iam::566115828526:role/aws-service-role/ecs.application-autoscaling.amazonaws.com/AWSServiceRoleForApplicationAutoScaling_ECSService",
            "scalable_dimension": "ecs:service:DesiredCount",
            "service_namespace": "ecs",
            "suspended_state": [
              {
                "dynamic_scaling_in_suspended": false,
                "dynamic_scaling_out_suspended": false,
                "scheduled_scaling_suspended": false
              }
            ],
            "tags": {},
            "tags_all": {
              "Environment": "dev",
              "ManagedBy": "Terraform",
              "Project": "NeumoDiagnostics",
              "Repository": "NeumoDiagnostics-Docker-1"
            }
          },
          "sensitive_attributes": [],
          "identity_schema_version": 0,
          "private": "bnVsbA==",
          "dependencies": [
            "module.ecr.aws_ecr_repository.main",
            "module.ecs_cluster.aws_cloudwatch_log_group.ecs",
            "module.ecs_cluster.aws_ecs_cluster.main",
            "module.ecs_cluster.aws_iam_role.ecs_task",
            "module.ecs_cluster.aws_iam_role.ecs_task_execution",
            "module.ecs_service_message_producer.aws_ecs_service.main",
            "module.ecs_service_message_producer.aws_ecs_task_definition.main",
            "module.ecs_service_message_producer.aws_security_group.service",
            "module.network.aws_subnet.private",
            "module.network.aws_vpc.main",
            "module.service_discovery.aws_service_discovery_private_dns_namespace.main",
            "module.service_discovery.aws_service_discovery_service.services"
          ]
        }
      ]
    },
    {
      "module": "module.ecs_service_message_producer",
      "mode": "managed",
      "type": "aws_ecs_service",
      "name": "main",
      "provider": "provider[\"registry.terraform.io/hashicorp/aws\"]",
      "instances": [
        {
          "schema_version": 1,
          "attributes": {
            "alarms": [],
            "availability_zone_rebalancing": "DISABLED",
            "capacity_provider_strategy": [],
            "cluster": "arn:aws:ecs:us-east-1:566115828526:cluster/neumo-dev-cluster",
            "deployment_circuit_breaker": [
              {
                "enable": true,
                "rollback": true
              }
            ],
            "deployment_controller": [
              {
                "type": "ECS"
              }
            ],
            "deployment_maximum_percent": 200,
            "deployment_minimum_healthy_percent": 100,
            "desired_count": 0,
            "enable_ecs_managed_tags": false,
            "enable_execute_command": false,
            "force_delete": null,
            "force_new_deployment": null,
            "health_check_grace_period_seconds": 0,
            "iam_role": "/aws-service-role/ecs.amazonaws.com/AWSServiceRoleForECS",
            "id": "arn:aws:ecs:us-east-1:566115828526:service/neumo-dev-cluster/message-producer",
            "launch_type": "FARGATE",
            "load_balancer": [],
            "name": "message-producer",
            "network_configuration": [
              {
                "assign_public_ip": false,
                "security_groups": [
                  "sg-0e1a8d3ece4699040"
                ],
                "subnets": [
                  "subnet-00d977fba2a50ff40",
                  "subnet-03f0878632e0779f5"
                ]
              }
            ],
            "ordered_placement_strategy": [],
            "placement_constraints": [],
            "platform_version": "LATEST",
            "propagate_tags": "NONE",
            "scheduling_strategy": "REPLICA",
            "service_connect_configuration": [],
            "service_registries": [
              {
                "container_name": "message-producer",
                "container_port": 0,
                "port": 0,
                "registry_arn": "arn:aws:servicediscovery:us-east-1:566115828526:service/srv-ferdiebnstnqw5g6"
              }
            ],
            "tags": {
              "Budget": "minimal",
              "Course": "Software Architecture",
              "Environment": "dev",
              "ManagedBy": "Terraform",
              "Name": "neumo-dev-message-producer",
              "Owner": "student@university.edu",
              "Pattern": "Standard",
              "Project": "NeumoDiagnostics",
              "Service": "message-producer",
              "Team": "NeumoDiagnostics"
            },
            "tags_all": {
              "Budget": "minimal",
              "Course": "Software Architecture",
              "Environment": "dev",
              "ManagedBy": "Terraform",
              "Name": "neumo-dev-message-producer",
              "Owner": "student@university.edu",
              "Pattern": "Standard",
              "Project": "NeumoDiagnostics",
              "Repository": "NeumoDiagnostics-Docker-1",
              "Service": "message-producer",
              "Team": "NeumoDiagnostics"
            },
            "task_definition": "arn:aws:ecs:us-east-1:566115828526:task-definition/neumo-dev-message-producer:1",
            "timeouts": null,
            "triggers": {},
            "volume_configuration": [],
            "vpc_lattice_configurations": [],
            "wait_for_steady_state": false
          },
          "sensitive_attributes": [],
          "identity_schema_version": 0,
          "private": "eyJlMmJmYjczMC1lY2FhLTExZTYtOGY4OC0zNDM2M2JjN2M0YzAiOnsiY3JlYXRlIjoxMjAwMDAwMDAwMDAwLCJkZWxldGUiOjEyMDAwMDAwMDAwMDAsInVwZGF0ZSI6MTIwMDAwMDAwMDAwMH0sInNjaGVtYV92ZXJzaW9uIjoiMSJ9",
          "dependencies": [
            "module.ecr.aws_ecr_repository.main",
            "module.ecs_cluster.aws_cloudwatch_log_group.ecs",
            "module.ecs_cluster.aws_ecs_cluster.main",
            "module.ecs_cluster.aws_iam_role.ecs_task",
            "module.ecs_cluster.aws_iam_role.ecs_task_execution",
            "module.ecs_service_message_producer.aws_ecs_task_definition.main",
            "module.ecs_service_message_producer.aws_security_group.service",
            "module.network.aws_subnet.private",
            "module.network.aws_vpc.main",
            "module.service_discovery.aws_service_discovery_private_dns_namespace.main",
            "module.service_discovery.aws_service_discovery_service.services"
          ]
        }
      ]
    },
    {
      "module": "module.ecs_service_message_producer",
      "mode": "managed",
      "type": "aws_ecs_task_definition",
      "name": "main",
      "provider": "provider[\"registry.terraform.io/hashicorp/aws\"]",
      "instances": [
        {
          "schema_version": 1,
          "attributes": {
            "arn": "arn:aws:ecs:us-east-1:566115828526:task-definition/neumo-dev-message-producer:2",
            "arn_without_revision": "arn:aws:ecs:us-east-1:566115828526:task-definition/neumo-dev-message-producer",
            "container_definitions": "[{\"environment\":[{\"name\":\"RABBITMQ_URL\",\"value\":\"amqp://guest:guest@rabbitmq.neumo.internal:5672/\"}],\"essential\":true,\"image\":\"566115828526.dkr.ecr.us-east-1.amazonaws.com/neumo/message-producer:latest\",\"logConfiguration\":{\"logDriver\":\"awslogs\",\"options\":{\"awslogs-stream-prefix\":\"message-producer\",\"awslogs-group\":\"/ecs/neumo-dev\",\"awslogs-region\":\"us-east-1\"}},\"mountPoints\":[],\"name\":\"message-producer\",\"portMappings\":[{\"containerPort\":8082,\"hostPort\":8082,\"protocol\":\"tcp\"}],\"secrets\":[],\"systemControls\":[],\"ulimits\":[{\"hardLimit\":65536,\"name\":\"nofile\",\"softLimit\":65536}],\"volumesFrom\":[]}]",
            "cpu": "256",
            "enable_fault_injection": false,
            "ephemeral_storage": [],
            "execution_role_arn": "arn:aws:iam::566115828526:role/neumo-dev-ecs-task-execution",
            "family": "neumo-dev-message-producer",
            "id": "neumo-dev-message-producer",
            "inference_accelerator": [],
            "ipc_mode": "",
            "memory": "512",
            "network_mode": "awsvpc",
            "pid_mode": "",
            "placement_constraints": [],
            "proxy_configuration": [],
            "requires_compatibilities": [
              "FARGATE"
            ],
            "revision": 2,
            "runtime_platform": [],
            "skip_destroy": false,
            "tags": {
              "Budget": "minimal",
              "Course": "Software Architecture",
              "Environment": "dev",
              "ManagedBy": "Terraform",
              "Name": "neumo-dev-message-producer-task",
              "Owner": "student@university.edu",
              "Project": "NeumoDiagnostics",
              "Service": "message-producer",
              "Team": "NeumoDiagnostics"
            },
            "tags_all": {
              "Budget": "minimal",
              "Course": "Software Architecture",
              "Environment": "dev",
              "ManagedBy": "Terraform",
              "Name": "neumo-dev-message-producer-task",
              "Owner": "student@university.edu",
              "Project": "NeumoDiagnostics",
              "Repository": "NeumoDiagnostics-Docker-1",
              "Service": "message-producer",
              "Team": "NeumoDiagnostics"
            },
            "task_role_arn": "arn:aws:iam::566115828526:role/neumo-dev-ecs-task",
            "track_latest": false,
            "volume": []
          },
          "sensitive_attributes": [],
          "identity_schema_version": 0,
          "private": "eyJzY2hlbWFfdmVyc2lvbiI6IjEifQ==",
          "dependencies": [
            "module.ecr.aws_ecr_repository.main",
            "module.ecs_cluster.aws_cloudwatch_log_group.ecs",
            "module.ecs_cluster.aws_iam_role.ecs_task",
            "module.ecs_cluster.aws_iam_role.ecs_task_execution"
          ]
        }
      ]
    },
    {
      "module": "module.ecs_service_message_producer",
      "mode": "managed",
      "type": "aws_security_group",
      "name": "service",
      "provider": "provider[\"registry.terraform.io/hashicorp/aws\"]",
      "instances": [
        {
          "schema_version": 1,
          "attributes": {
            "arn": "arn:aws:ec2:us-east-1:566115828526:security-group/sg-0e1a8d3ece4699040",
            "description": "Security group for message-producer service",
            "egress": [
              {
                "cidr_blocks": [
                  "0.0.0.0/0"
                ],
                "description": "",
                "from_port": 0,
                "ipv6_cidr_blocks": [],
                "prefix_list_ids": [],
                "protocol": "-1",
                "security_groups": [],
                "self": false,
                "to_port": 0
              }
            ],
            "id": "sg-0e1a8d3ece4699040",
            "ingress": [
              {
                "cidr_blocks": [
                  "10.0.0.0/16"
                ],
                "description": "Traffic from ALB/Internal",
                "from_port": 8082,
                "ipv6_cidr_blocks": [],
                "prefix_list_ids": [],
                "protocol": "tcp",
                "security_groups": [],
                "self": false,
                "to_port": 8082
              }
            ],
            "name": "neumo-dev-message-producer-sg",
            "name_prefix": "",
            "owner_id": "566115828526",
            "revoke_rules_on_delete": false,
            "tags": {
              "Budget": "minimal",
              "Course": "Software Architecture",
              "Environment": "dev",
              "ManagedBy": "Terraform",
              "Name": "neumo-dev-message-producer-sg",
              "Owner": "student@university.edu",
              "Project": "NeumoDiagnostics",
              "Service": "message-producer",
              "Team": "NeumoDiagnostics"
            },
            "tags_all": {
              "Budget": "minimal",
              "Course": "Software Architecture",
              "Environment": "dev",
              "ManagedBy": "Terraform",
              "Name": "neumo-dev-message-producer-sg",
              "Owner": "student@university.edu",
              "Project": "NeumoDiagnostics",
              "Repository": "NeumoDiagnostics-Docker-1",
              "Service": "message-producer",
              "Team": "NeumoDiagnostics"
            },
            "timeouts": null,
            "vpc_id": "vpc-0c5b5be65746da882"
          },
          "sensitive_attributes": [],
          "identity_schema_version": 0,
          "private": "eyJlMmJmYjczMC1lY2FhLTExZTYtOGY4OC0zNDM2M2JjN2M0YzAiOnsiY3JlYXRlIjo2MDAwMDAwMDAwMDAsImRlbGV0ZSI6OTAwMDAwMDAwMDAwfSwic2NoZW1hX3ZlcnNpb24iOiIxIn0=",
          "dependencies": [
            "module.network.aws_vpc.main"
          ]
        }
      ]
    },
    {
      "module": "module.ecs_service_notification",
      "mode": "managed",
      "type": "aws_appautoscaling_policy",
      "name": "cpu",
      "provider": "provider[\"registry.terraform.io/hashicorp/aws\"]",
      "instances": [
        {
          "index_key": 0,
          "schema_version": 0,
          "attributes": {
            "alarm_arns": [
              "arn:aws:cloudwatch:us-east-1:566115828526:alarm:TargetTracking-service/neumo-dev-cluster/notification-be-AlarmHigh-20583d57-f6fb-4c41-844f-c31feb6afab3",
              "arn:aws:cloudwatch:us-east-1:566115828526:alarm:TargetTracking-service/neumo-dev-cluster/notification-be-AlarmLow-77253388-3d70-4e8b-ba07-c53ca53145e8"
            ],
            "arn": "arn:aws:autoscaling:us-east-1:566115828526:scalingPolicy:de94552e-d7f6-47eb-8188-fa8f1742047d:resource/ecs/service/neumo-dev-cluster/notification-be:policyName/neumo-dev-notification-be-cpu-scaling",
            "id": "neumo-dev-notification-be-cpu-scaling",
            "name": "neumo-dev-notification-be-cpu-scaling",
            "policy_type": "TargetTrackingScaling",
            "resource_id": "service/neumo-dev-cluster/notification-be",
            "scalable_dimension": "ecs:service:DesiredCount",
            "service_namespace": "ecs",
            "step_scaling_policy_configuration": [],
            "target_tracking_scaling_policy_configuration": [
              {
                "customized_metric_specification": [],
                "disable_scale_in": false,
                "predefined_metric_specification": [
                  {
                    "predefined_metric_type": "ECSServiceAverageCPUUtilization",
                    "resource_label": ""
                  }
                ],
                "scale_in_cooldown": 300,
                "scale_out_cooldown": 60,
                "target_value": 70
              }
            ]
          },
          "sensitive_attributes": [],
          "identity_schema_version": 0,
          "private": "bnVsbA==",
          "dependencies": [
            "module.ecr.aws_ecr_repository.main",
            "module.ecs_cluster.aws_cloudwatch_log_group.ecs",
            "module.ecs_cluster.aws_ecs_cluster.main",
            "module.ecs_cluster.aws_iam_role.ecs_task",
            "module.ecs_cluster.aws_iam_role.ecs_task_execution",
            "module.ecs_service_notification.aws_appautoscaling_target.main",
            "module.ecs_service_notification.aws_ecs_service.main",
            "module.ecs_service_notification.aws_ecs_task_definition.main",
            "module.ecs_service_notification.aws_security_group.service",
            "module.network.aws_subnet.private",
            "module.network.aws_vpc.main",
            "module.service_discovery.aws_service_discovery_private_dns_namespace.main",
            "module.service_discovery.aws_service_discovery_service.services"
          ]
        }
      ]
    },
    {
      "module": "module.ecs_service_notification",
      "mode": "managed",
      "type": "aws_appautoscaling_target",
      "name": "main",
      "provider": "provider[\"registry.terraform.io/hashicorp/aws\"]",
      "instances": [
        {
          "index_key": 0,
          "schema_version": 0,
          "attributes": {
            "arn": "arn:aws:application-autoscaling:us-east-1:566115828526:scalable-target/0ec5de94552ed7f647eb8188fa8f1742047d",
            "id": "service/neumo-dev-cluster/notification-be",
            "max_capacity": 4,
            "min_capacity": 1,
            "resource_id": "service/neumo-dev-cluster/notification-be",
            "role_arn": "arn:aws:iam::566115828526:role/aws-service-role/ecs.application-autoscaling.amazonaws.com/AWSServiceRoleForApplicationAutoScaling_ECSService",
            "scalable_dimension": "ecs:service:DesiredCount",
            "service_namespace": "ecs",
            "suspended_state": [
              {
                "dynamic_scaling_in_suspended": false,
                "dynamic_scaling_out_suspended": false,
                "scheduled_scaling_suspended": false
              }
            ],
            "tags": {},
            "tags_all": {
              "Environment": "dev",
              "ManagedBy": "Terraform",
              "Project": "NeumoDiagnostics",
              "Repository": "NeumoDiagnostics-Docker-1"
            }
          },
          "sensitive_attributes": [],
          "identity_schema_version": 0,
          "private": "bnVsbA==",
          "dependencies": [
            "module.ecr.aws_ecr_repository.main",
            "module.ecs_cluster.aws_cloudwatch_log_group.ecs",
            "module.ecs_cluster.aws_ecs_cluster.main",
            "module.ecs_cluster.aws_iam_role.ecs_task",
            "module.ecs_cluster.aws_iam_role.ecs_task_execution",
            "module.ecs_service_notification.aws_ecs_service.main",
            "module.ecs_service_notification.aws_ecs_task_definition.main",
            "module.ecs_service_notification.aws_security_group.service",
            "module.network.aws_subnet.private",
            "module.network.aws_vpc.main",
            "module.service_discovery.aws_service_discovery_private_dns_namespace.main",
            "module.service_discovery.aws_service_discovery_service.services"
          ]
        }
      ]
    },
    {
      "module": "module.ecs_service_notification",
      "mode": "managed",
      "type": "aws_ecs_service",
      "name": "main",
      "provider": "provider[\"registry.terraform.io/hashicorp/aws\"]",
      "instances": [
        {
          "schema_version": 1,
          "attributes": {
            "alarms": [],
            "availability_zone_rebalancing": "DISABLED",
            "capacity_provider_strategy": [],
            "cluster": "arn:aws:ecs:us-east-1:566115828526:cluster/neumo-dev-cluster",
            "deployment_circuit_breaker": [
              {
                "enable": true,
                "rollback": true
              }
            ],
            "deployment_controller": [
              {
                "type": "ECS"
              }
            ],
            "deployment_maximum_percent": 200,
            "deployment_minimum_healthy_percent": 100,
            "desired_count": 0,
            "enable_ecs_managed_tags": false,
            "enable_execute_command": false,
            "force_delete": null,
            "force_new_deployment": null,
            "health_check_grace_period_seconds": 0,
            "iam_role": "/aws-service-role/ecs.amazonaws.com/AWSServiceRoleForECS",
            "id": "arn:aws:ecs:us-east-1:566115828526:service/neumo-dev-cluster/notification-be",
            "launch_type": "FARGATE",
            "load_balancer": [],
            "name": "notification-be",
            "network_configuration": [
              {
                "assign_public_ip": false,
                "security_groups": [
                  "sg-08412a49578a7075b"
                ],
                "subnets": [
                  "subnet-00d977fba2a50ff40",
                  "subnet-03f0878632e0779f5"
                ]
              }
            ],
            "ordered_placement_strategy": [],
            "placement_constraints": [],
            "platform_version": "LATEST",
            "propagate_tags": "NONE",
            "scheduling_strategy": "REPLICA",
            "service_connect_configuration": [],
            "service_registries": [
              {
                "container_name": "notification-be",
                "container_port": 0,
                "port": 0,
                "registry_arn": "arn:aws:servicediscovery:us-east-1:566115828526:service/srv-l7f6y6jbbom6aceg"
              }
            ],
            "tags": {
              "Budget": "minimal",
              "Course": "Software Architecture",
              "Environment": "dev",
              "ManagedBy": "Terraform",
              "Name": "neumo-dev-notification-be",
              "Owner": "student@university.edu",
              "Pattern": "Standard",
              "Project": "NeumoDiagnostics",
              "Service": "notification-be",
              "Team": "NeumoDiagnostics",
              "Type": "Worker"
            },
            "tags_all": {
              "Budget": "minimal",
              "Course": "Software Architecture",
              "Environment": "dev",
              "ManagedBy": "Terraform",
              "Name": "neumo-dev-notification-be",
              "Owner": "student@university.edu",
              "Pattern": "Standard",
              "Project": "NeumoDiagnostics",
              "Repository": "NeumoDiagnostics-Docker-1",
              "Service": "notification-be",
              "Team": "NeumoDiagnostics",
              "Type": "Worker"
            },
            "task_definition": "arn:aws:ecs:us-east-1:566115828526:task-definition/neumo-dev-notification-be:1",
            "timeouts": null,
            "triggers": {},
            "volume_configuration": [],
            "vpc_lattice_configurations": [],
            "wait_for_steady_state": false
          },
          "sensitive_attributes": [],
          "identity_schema_version": 0,
          "private": "eyJlMmJmYjczMC1lY2FhLTExZTYtOGY4OC0zNDM2M2JjN2M0YzAiOnsiY3JlYXRlIjoxMjAwMDAwMDAwMDAwLCJkZWxldGUiOjEyMDAwMDAwMDAwMDAsInVwZGF0ZSI6MTIwMDAwMDAwMDAwMH0sInNjaGVtYV92ZXJzaW9uIjoiMSJ9",
          "dependencies": [
            "module.ecr.aws_ecr_repository.main",
            "module.ecs_cluster.aws_cloudwatch_log_group.ecs",
            "module.ecs_cluster.aws_ecs_cluster.main",
            "module.ecs_cluster.aws_iam_role.ecs_task",
            "module.ecs_cluster.aws_iam_role.ecs_task_execution",
            "module.ecs_service_notification.aws_ecs_task_definition.main",
            "module.ecs_service_notification.aws_security_group.service",
            "module.network.aws_subnet.private",
            "module.network.aws_vpc.main",
            "module.service_discovery.aws_service_discovery_private_dns_namespace.main",
            "module.service_discovery.aws_service_discovery_service.services"
          ]
        }
      ]
    },
    {
      "module": "module.ecs_service_notification",
      "mode": "managed",
      "type": "aws_ecs_task_definition",
      "name": "main",
      "provider": "provider[\"registry.terraform.io/hashicorp/aws\"]",
      "instances": [
        {
          "schema_version": 1,
          "attributes": {
            "arn": "arn:aws:ecs:us-east-1:566115828526:task-definition/neumo-dev-notification-be:3",
            "arn_without_revision": "arn:aws:ecs:us-east-1:566115828526:task-definition/neumo-dev-notification-be",
            "container_definitions": "[{\"environment\":[{\"name\":\"EMAIL_FROM\",\"value\":\"notification@neumodiagnostics.com\"},{\"name\":\"RABBITMQ_URL\",\"value\":\"amqp://guest:guest@rabbitmq.neumo.internal:5672/\"},{\"name\":\"SMTP_HOST\",\"value\":\"smtp.mailgun.org\"},{\"name\":\"SMTP_PASSWORD\",\"value\":\"\"},{\"name\":\"SMTP_PORT\",\"value\":\"587\"},{\"name\":\"SMTP_USERNAME\",\"value\":\"\"}],\"essential\":true,\"image\":\"566115828526.dkr.ecr.us-east-1.amazonaws.com/neumo/notification-be:latest\",\"logConfiguration\":{\"logDriver\":\"awslogs\",\"options\":{\"awslogs-group\":\"/ecs/neumo-dev\",\"awslogs-region\":\"us-east-1\",\"awslogs-stream-prefix\":\"notification-be\"}},\"mountPoints\":[],\"name\":\"notification-be\",\"portMappings\":[],\"secrets\":[],\"systemControls\":[],\"ulimits\":[{\"hardLimit\":65536,\"name\":\"nofile\",\"softLimit\":65536}],\"volumesFrom\":[]}]",
            "cpu": "256",
            "enable_fault_injection": false,
            "ephemeral_storage": [],
            "execution_role_arn": "arn:aws:iam::566115828526:role/neumo-dev-ecs-task-execution",
            "family": "neumo-dev-notification-be",
            "id": "neumo-dev-notification-be",
            "inference_accelerator": [],
            "ipc_mode": "",
            "memory": "512",
            "network_mode": "awsvpc",
            "pid_mode": "",
            "placement_constraints": [],
            "proxy_configuration": [],
            "requires_compatibilities": [
              "FARGATE"
            ],
            "revision": 3,
            "runtime_platform": [],
            "skip_destroy": false,
            "tags": {
              "Budget": "minimal",
              "Course": "Software Architecture",
              "Environment": "dev",
              "ManagedBy": "Terraform",
              "Name": "neumo-dev-notification-be-task",
              "Owner": "student@university.edu",
              "Project": "NeumoDiagnostics",
              "Service": "notification-be",
              "Team": "NeumoDiagnostics",
              "Type": "Worker"
            },
            "tags_all": {
              "Budget": "minimal",
              "Course": "Software Architecture",
              "Environment": "dev",
              "ManagedBy": "Terraform",
              "Name": "neumo-dev-notification-be-task",
              "Owner": "student@university.edu",
              "Project": "NeumoDiagnostics",
              "Repository": "NeumoDiagnostics-Docker-1",
              "Service": "notification-be",
              "Team": "NeumoDiagnostics",
              "Type": "Worker"
            },
            "task_role_arn": "arn:aws:iam::566115828526:role/neumo-dev-ecs-task",
            "track_latest": false,
            "volume": []
          },
          "sensitive_attributes": [
            [
              {
                "type": "get_attr",
                "value": "container_definitions"
              }
            ]
          ],
          "identity_schema_version": 0,
          "private": "eyJzY2hlbWFfdmVyc2lvbiI6IjEifQ==",
          "dependencies": [
            "module.ecr.aws_ecr_repository.main",
            "module.ecs_cluster.aws_cloudwatch_log_group.ecs",
            "module.ecs_cluster.aws_iam_role.ecs_task",
            "module.ecs_cluster.aws_iam_role.ecs_task_execution"
          ]
        }
      ]
    },
    {
      "module": "module.ecs_service_notification",
      "mode": "managed",
      "type": "aws_security_group",
      "name": "service",
      "provider": "provider[\"registry.terraform.io/hashicorp/aws\"]",
      "instances": [
        {
          "schema_version": 1,
          "attributes": {
            "arn": "arn:aws:ec2:us-east-1:566115828526:security-group/sg-08412a49578a7075b",
            "description": "Security group for notification-be service",
            "egress": [
              {
                "cidr_blocks": [
                  "0.0.0.0/0"
                ],
                "description": "",
                "from_port": 0,
                "ipv6_cidr_blocks": [],
                "prefix_list_ids": [],
                "protocol": "-1",
                "security_groups": [],
                "self": false,
                "to_port": 0
              }
            ],
            "id": "sg-08412a49578a7075b",
            "ingress": [],
            "name": "neumo-dev-notification-be-sg",
            "name_prefix": "",
            "owner_id": "566115828526",
            "revoke_rules_on_delete": false,
            "tags": {
              "Budget": "minimal",
              "Course": "Software Architecture",
              "Environment": "dev",
              "ManagedBy": "Terraform",
              "Name": "neumo-dev-notification-be-sg",
              "Owner": "student@university.edu",
              "Project": "NeumoDiagnostics",
              "Service": "notification-be",
              "Team": "NeumoDiagnostics",
              "Type": "Worker"
            },
            "tags_all": {
              "Budget": "minimal",
              "Course": "Software Architecture",
              "Environment": "dev",
              "ManagedBy": "Terraform",
              "Name": "neumo-dev-notification-be-sg",
              "Owner": "student@university.edu",
              "Project": "NeumoDiagnostics",
              "Repository": "NeumoDiagnostics-Docker-1",
              "Service": "notification-be",
              "Team": "NeumoDiagnostics",
              "Type": "Worker"
            },
            "timeouts": null,
            "vpc_id": "vpc-0c5b5be65746da882"
          },
          "sensitive_attributes": [],
          "identity_schema_version": 0,
          "private": "eyJlMmJmYjczMC1lY2FhLTExZTYtOGY4OC0zNDM2M2JjN2M0YzAiOnsiY3JlYXRlIjo2MDAwMDAwMDAwMDAsImRlbGV0ZSI6OTAwMDAwMDAwMDAwfSwic2NoZW1hX3ZlcnNpb24iOiIxIn0=",
          "dependencies": [
            "module.network.aws_vpc.main"
          ]
        }
      ]
    },
    {
      "module": "module.ecs_service_prediagnostic",
      "mode": "managed",
      "type": "aws_appautoscaling_policy",
      "name": "cpu",
      "provider": "provider[\"registry.terraform.io/hashicorp/aws\"]",
      "instances": [
        {
          "index_key": 0,
          "schema_version": 0,
          "attributes": {
            "alarm_arns": [
              "arn:aws:cloudwatch:us-east-1:566115828526:alarm:TargetTracking-service/neumo-dev-cluster/prediagnostic-be-AlarmHigh-d17b86df-8205-4525-aa71-d3febea087f0",
              "arn:aws:cloudwatch:us-east-1:566115828526:alarm:TargetTracking-service/neumo-dev-cluster/prediagnostic-be-AlarmLow-0aa119c6-ef89-48bb-b591-819b6587d6ce"
            ],
            "arn": "arn:aws:autoscaling:us-east-1:566115828526:scalingPolicy:233d6833-74c1-478c-ba89-8a2b464941a8:resource/ecs/service/neumo-dev-cluster/prediagnostic-be:policyName/neumo-dev-prediagnostic-be-cpu-scaling",
            "id": "neumo-dev-prediagnostic-be-cpu-scaling",
            "name": "neumo-dev-prediagnostic-be-cpu-scaling",
            "policy_type": "TargetTrackingScaling",
            "resource_id": "service/neumo-dev-cluster/prediagnostic-be",
            "scalable_dimension": "ecs:service:DesiredCount",
            "service_namespace": "ecs",
            "step_scaling_policy_configuration": [],
            "target_tracking_scaling_policy_configuration": [
              {
                "customized_metric_specification": [],
                "disable_scale_in": false,
                "predefined_metric_specification": [
                  {
                    "predefined_metric_type": "ECSServiceAverageCPUUtilization",
                    "resource_label": ""
                  }
                ],
                "scale_in_cooldown": 300,
                "scale_out_cooldown": 60,
                "target_value": 70
              }
            ]
          },
          "sensitive_attributes": [],
          "identity_schema_version": 0,
          "private": "bnVsbA==",
          "dependencies": [
            "data.aws_caller_identity.current",
            "module.ecr.aws_ecr_repository.main",
            "module.ecs_cluster.aws_cloudwatch_log_group.ecs",
            "module.ecs_cluster.aws_ecs_cluster.main",
            "module.ecs_cluster.aws_iam_role.ecs_task",
            "module.ecs_cluster.aws_iam_role.ecs_task_execution",
            "module.ecs_service_prediagnostic.aws_appautoscaling_target.main",
            "module.ecs_service_prediagnostic.aws_ecs_service.main",
            "module.ecs_service_prediagnostic.aws_ecs_task_definition.main",
            "module.ecs_service_prediagnostic.aws_security_group.service",
            "module.network.aws_subnet.private",
            "module.network.aws_vpc.main",
            "module.s3.aws_s3_bucket.models",
            "module.service_discovery.aws_service_discovery_private_dns_namespace.main",
            "module.service_discovery.aws_service_discovery_service.services"
          ]
        }
      ]
    },
    {
      "module": "module.ecs_service_prediagnostic",
      "mode": "managed",
      "type": "aws_appautoscaling_policy",
      "name": "memory",
      "provider": "provider[\"registry.terraform.io/hashicorp/aws\"]",
      "instances": [
        {
          "index_key": 0,
          "schema_version": 0,
          "attributes": {
            "alarm_arns": [
              "arn:aws:cloudwatch:us-east-1:566115828526:alarm:TargetTracking-service/neumo-dev-cluster/prediagnostic-be-AlarmHigh-1ae216b1-f626-4857-8dd8-a22495893c29",
              "arn:aws:cloudwatch:us-east-1:566115828526:alarm:TargetTracking-service/neumo-dev-cluster/prediagnostic-be-AlarmLow-2e0fc71a-41c7-4393-81ae-f7e49ee05ae0"
            ],
            "arn": "arn:aws:autoscaling:us-east-1:566115828526:scalingPolicy:233d6833-74c1-478c-ba89-8a2b464941a8:resource/ecs/service/neumo-dev-cluster/prediagnostic-be:policyName/neumo-dev-prediagnostic-be-memory-scaling",
            "id": "neumo-dev-prediagnostic-be-memory-scaling",
            "name": "neumo-dev-prediagnostic-be-memory-scaling",
            "policy_type": "TargetTrackingScaling",
            "resource_id": "service/neumo-dev-cluster/prediagnostic-be",
            "scalable_dimension": "ecs:service:DesiredCount",
            "service_namespace": "ecs",
            "step_scaling_policy_configuration": [],
            "target_tracking_scaling_policy_configuration": [
              {
                "customized_metric_specification": [],
                "disable_scale_in": false,
                "predefined_metric_specification": [
                  {
                    "predefined_metric_type": "ECSServiceAverageMemoryUtilization",
                    "resource_label": ""
                  }
                ],
                "scale_in_cooldown": 300,
                "scale_out_cooldown": 60,
                "target_value": 70
              }
            ]
          },
          "sensitive_attributes": [],
          "identity_schema_version": 0,
          "private": "bnVsbA==",
          "dependencies": [
            "data.aws_caller_identity.current",
            "module.ecr.aws_ecr_repository.main",
            "module.ecs_cluster.aws_cloudwatch_log_group.ecs",
            "module.ecs_cluster.aws_ecs_cluster.main",
            "module.ecs_cluster.aws_iam_role.ecs_task",
            "module.ecs_cluster.aws_iam_role.ecs_task_execution",
            "module.ecs_service_prediagnostic.aws_appautoscaling_target.main",
            "module.ecs_service_prediagnostic.aws_ecs_service.main",
            "module.ecs_service_prediagnostic.aws_ecs_task_definition.main",
            "module.ecs_service_prediagnostic.aws_security_group.service",
            "module.network.aws_subnet.private",
            "module.network.aws_vpc.main",
            "module.s3.aws_s3_bucket.models",
            "module.service_discovery.aws_service_discovery_private_dns_namespace.main",
            "module.service_discovery.aws_service_discovery_service.services"
          ]
        }
      ]
    },
    {
      "module": "module.ecs_service_prediagnostic",
      "mode": "managed",
      "type": "aws_appautoscaling_target",
      "name": "main",
      "provider": "provider[\"registry.terraform.io/hashicorp/aws\"]",
      "instances": [
        {
          "index_key": 0,
          "schema_version": 0,
          "attributes": {
            "arn": "arn:aws:application-autoscaling:us-east-1:566115828526:scalable-target/0ec5233d683374c1478cba898a2b464941a8",
            "id": "service/neumo-dev-cluster/prediagnostic-be",
            "max_capacity": 4,
            "min_capacity": 2,
            "resource_id": "service/neumo-dev-cluster/prediagnostic-be",
            "role_arn": "arn:aws:iam::566115828526:role/aws-service-role/ecs.application-autoscaling.amazonaws.com/AWSServiceRoleForApplicationAutoScaling_ECSService",
            "scalable_dimension": "ecs:service:DesiredCount",
            "service_namespace": "ecs",
            "suspended_state": [
              {
                "dynamic_scaling_in_suspended": false,
                "dynamic_scaling_out_suspended": false,
                "scheduled_scaling_suspended": false
              }
            ],
            "tags": {},
            "tags_all": {
              "Environment": "dev",
              "ManagedBy": "Terraform",
              "Project": "NeumoDiagnostics",
              "Repository": "NeumoDiagnostics-Docker-1"
            }
          },
          "sensitive_attributes": [],
          "identity_schema_version": 0,
          "private": "bnVsbA==",
          "dependencies": [
            "data.aws_caller_identity.current",
            "module.ecr.aws_ecr_repository.main",
            "module.ecs_cluster.aws_cloudwatch_log_group.ecs",
            "module.ecs_cluster.aws_ecs_cluster.main",
            "module.ecs_cluster.aws_iam_role.ecs_task",
            "module.ecs_cluster.aws_iam_role.ecs_task_execution",
            "module.ecs_service_prediagnostic.aws_ecs_service.main",
            "module.ecs_service_prediagnostic.aws_ecs_task_definition.main",
            "module.ecs_service_prediagnostic.aws_security_group.service",
            "module.network.aws_subnet.private",
            "module.network.aws_vpc.main",
            "module.s3.aws_s3_bucket.models",
            "module.service_discovery.aws_service_discovery_private_dns_namespace.main",
            "module.service_discovery.aws_service_discovery_service.services"
          ]
        }
      ]
    },
    {
      "module": "module.ecs_service_prediagnostic",
      "mode": "managed",
      "type": "aws_ecs_service",
      "name": "main",
      "provider": "provider[\"registry.terraform.io/hashicorp/aws\"]",
      "instances": [
        {
          "schema_version": 1,
          "attributes": {
            "alarms": [],
            "availability_zone_rebalancing": "DISABLED",
            "capacity_provider_strategy": [],
            "cluster": "arn:aws:ecs:us-east-1:566115828526:cluster/neumo-dev-cluster",
            "deployment_circuit_breaker": [
              {
                "enable": true,
                "rollback": true
              }
            ],
            "deployment_controller": [
              {
                "type": "ECS"
              }
            ],
            "deployment_maximum_percent": 200,
            "deployment_minimum_healthy_percent": 100,
            "desired_count": 2,
            "enable_ecs_managed_tags": false,
            "enable_execute_command": false,
            "force_delete": null,
            "force_new_deployment": null,
            "health_check_grace_period_seconds": 0,
            "iam_role": "/aws-service-role/ecs.amazonaws.com/AWSServiceRoleForECS",
            "id": "arn:aws:ecs:us-east-1:566115828526:service/neumo-dev-cluster/prediagnostic-be",
            "launch_type": "FARGATE",
            "load_balancer": [],
            "name": "prediagnostic-be",
            "network_configuration": [
              {
                "assign_public_ip": false,
                "security_groups": [
                  "sg-05facc7f7c06836ff"
                ],
                "subnets": [
                  "subnet-00d977fba2a50ff40",
                  "subnet-03f0878632e0779f5"
                ]
              }
            ],
            "ordered_placement_strategy": [],
            "placement_constraints": [],
            "platform_version": "LATEST",
            "propagate_tags": "NONE",
            "scheduling_strategy": "REPLICA",
            "service_connect_configuration": [],
            "service_registries": [
              {
                "container_name": "prediagnostic-be",
                "container_port": 0,
                "port": 0,
                "registry_arn": "arn:aws:servicediscovery:us-east-1:566115828526:service/srv-7wvipc7qjtqxlvd7"
              }
            ],
            "tags": {
              "Budget": "minimal",
              "ClusterType": "N+1",
              "Course": "Software Architecture",
              "Environment": "dev",
              "ManagedBy": "Terraform",
              "Name": "neumo-dev-prediagnostic-be",
              "Owner": "student@university.edu",
              "Pattern": "HotSpare",
              "Project": "NeumoDiagnostics",
              "Scenario": "3-Cluster",
              "Service": "prediagnostic-be",
              "Team": "NeumoDiagnostics"
            },
            "tags_all": {
              "Budget": "minimal",
              "ClusterType": "N+1",
              "Course": "Software Architecture",
              "Environment": "dev",
              "ManagedBy": "Terraform",
              "Name": "neumo-dev-prediagnostic-be",
              "Owner": "student@university.edu",
              "Pattern": "HotSpare",
              "Project": "NeumoDiagnostics",
              "Repository": "NeumoDiagnostics-Docker-1",
              "Scenario": "3-Cluster",
              "Service": "prediagnostic-be",
              "Team": "NeumoDiagnostics"
            },
            "task_definition": "arn:aws:ecs:us-east-1:566115828526:task-definition/neumo-dev-prediagnostic-be:1",
            "timeouts": null,
            "triggers": {},
            "volume_configuration": [],
            "vpc_lattice_configurations": [],
            "wait_for_steady_state": false
          },
          "sensitive_attributes": [],
          "identity_schema_version": 0,
          "private": "eyJlMmJmYjczMC1lY2FhLTExZTYtOGY4OC0zNDM2M2JjN2M0YzAiOnsiY3JlYXRlIjoxMjAwMDAwMDAwMDAwLCJkZWxldGUiOjEyMDAwMDAwMDAwMDAsInVwZGF0ZSI6MTIwMDAwMDAwMDAwMH0sInNjaGVtYV92ZXJzaW9uIjoiMSJ9",
          "dependencies": [
            "data.aws_caller_identity.current",
            "module.ecr.aws_ecr_repository.main",
            "module.ecs_cluster.aws_cloudwatch_log_group.ecs",
            "module.ecs_cluster.aws_ecs_cluster.main",
            "module.ecs_cluster.aws_iam_role.ecs_task",
            "module.ecs_cluster.aws_iam_role.ecs_task_execution",
            "module.ecs_service_prediagnostic.aws_ecs_task_definition.main",
            "module.ecs_service_prediagnostic.aws_security_group.service",
            "module.network.aws_subnet.private",
            "module.network.aws_vpc.main",
            "module.s3.aws_s3_bucket.models",
            "module.service_discovery.aws_service_discovery_private_dns_namespace.main",
            "module.service_discovery.aws_service_discovery_service.services"
          ]
        }
      ]
    },
    {
      "module": "module.ecs_service_prediagnostic",
      "mode": "managed",
      "type": "aws_ecs_task_definition",
      "name": "main",
      "provider": "provider[\"registry.terraform.io/hashicorp/aws\"]",
      "instances": [
        {
          "schema_version": 1,
          "attributes": {
            "arn": "arn:aws:ecs:us-east-1:566115828526:task-definition/neumo-dev-prediagnostic-be:1",
            "arn_without_revision": "arn:aws:ecs:us-east-1:566115828526:task-definition/neumo-dev-prediagnostic-be",
            "container_definitions": "[{\"environment\":[{\"name\":\"API_PORT\",\"value\":\"8000\"},{\"name\":\"MODEL_PATH\",\"value\":\"s3://neumo-dev-models-566115828526/models/finalModel.keras\"},{\"name\":\"MONGODB_URL\",\"value\":\"mongodb://mongodb.neumo.internal:27017/prediagnostic_db\"}],\"essential\":true,\"image\":\"566115828526.dkr.ecr.us-east-1.amazonaws.com/neumo/prediagnostic-be:latest\",\"logConfiguration\":{\"logDriver\":\"awslogs\",\"options\":{\"awslogs-stream-prefix\":\"prediagnostic-be\",\"awslogs-group\":\"/ecs/neumo-dev\",\"awslogs-region\":\"us-east-1\"}},\"mountPoints\":[],\"name\":\"prediagnostic-be\",\"portMappings\":[{\"containerPort\":8000,\"hostPort\":8000,\"protocol\":\"tcp\"}],\"secrets\":[],\"systemControls\":[],\"ulimits\":[{\"hardLimit\":65536,\"name\":\"nofile\",\"softLimit\":65536}],\"volumesFrom\":[]}]",
            "cpu": "512",
            "enable_fault_injection": false,
            "ephemeral_storage": [],
            "execution_role_arn": "arn:aws:iam::566115828526:role/neumo-dev-ecs-task-execution",
            "family": "neumo-dev-prediagnostic-be",
            "id": "neumo-dev-prediagnostic-be",
            "inference_accelerator": [],
            "ipc_mode": "",
            "memory": "1024",
            "network_mode": "awsvpc",
            "pid_mode": "",
            "placement_constraints": [],
            "proxy_configuration": [],
            "requires_compatibilities": [
              "FARGATE"
            ],
            "revision": 1,
            "runtime_platform": [],
            "skip_destroy": false,
            "tags": {
              "Budget": "minimal",
              "ClusterType": "N+1",
              "Course": "Software Architecture",
              "Environment": "dev",
              "ManagedBy": "Terraform",
              "Name": "neumo-dev-prediagnostic-be-task",
              "Owner": "student@university.edu",
              "Pattern": "ClusterN+1",
              "Project": "NeumoDiagnostics",
              "Scenario": "3-Cluster",
              "Service": "prediagnostic-be",
              "Team": "NeumoDiagnostics"
            },
            "tags_all": {
              "Budget": "minimal",
              "ClusterType": "N+1",
              "Course": "Software Architecture",
              "Environment": "dev",
              "ManagedBy": "Terraform",
              "Name": "neumo-dev-prediagnostic-be-task",
              "Owner": "student@university.edu",
              "Pattern": "ClusterN+1",
              "Project": "NeumoDiagnostics",
              "Repository": "NeumoDiagnostics-Docker-1",
              "Scenario": "3-Cluster",
              "Service": "prediagnostic-be",
              "Team": "NeumoDiagnostics"
            },
            "task_role_arn": "arn:aws:iam::566115828526:role/neumo-dev-ecs-task",
            "track_latest": false,
            "volume": []
          },
          "sensitive_attributes": [],
          "identity_schema_version": 0,
          "private": "eyJzY2hlbWFfdmVyc2lvbiI6IjEifQ==",
          "dependencies": [
            "data.aws_caller_identity.current",
            "module.ecr.aws_ecr_repository.main",
            "module.ecs_cluster.aws_cloudwatch_log_group.ecs",
            "module.ecs_cluster.aws_iam_role.ecs_task",
            "module.ecs_cluster.aws_iam_role.ecs_task_execution",
            "module.s3.aws_s3_bucket.models"
          ]
        }
      ]
    },
    {
      "module": "module.ecs_service_prediagnostic",
      "mode": "managed",
      "type": "aws_security_group",
      "name": "service",
      "provider": "provider[\"registry.terraform.io/hashicorp/aws\"]",
      "instances": [
        {
          "schema_version": 1,
          "attributes": {
            "arn": "arn:aws:ec2:us-east-1:566115828526:security-group/sg-05facc7f7c06836ff",
            "description": "Security group for prediagnostic-be service",
            "egress": [
              {
                "cidr_blocks": [
                  "0.0.0.0/0"
                ],
                "description": "",
                "from_port": 0,
                "ipv6_cidr_blocks": [],
                "prefix_list_ids": [],
                "protocol": "-1",
                "security_groups": [],
                "self": false,
                "to_port": 0
              }
            ],
            "id": "sg-05facc7f7c06836ff",
            "ingress": [
              {
                "cidr_blocks": [
                  "10.0.0.0/16"
                ],
                "description": "Traffic from ALB/Internal",
                "from_port": 8000,
                "ipv6_cidr_blocks": [],
                "prefix_list_ids": [],
                "protocol": "tcp",
                "security_groups": [],
                "self": false,
                "to_port": 8000
              }
            ],
            "name": "neumo-dev-prediagnostic-be-sg",
            "name_prefix": "",
            "owner_id": "566115828526",
            "revoke_rules_on_delete": false,
            "tags": {
              "Budget": "minimal",
              "ClusterType": "N+1",
              "Course": "Software Architecture",
              "Environment": "dev",
              "ManagedBy": "Terraform",
              "Name": "neumo-dev-prediagnostic-be-sg",
              "Owner": "student@university.edu",
              "Pattern": "ClusterN+1",
              "Project": "NeumoDiagnostics",
              "Scenario": "3-Cluster",
              "Service": "prediagnostic-be",
              "Team": "NeumoDiagnostics"
            },
            "tags_all": {
              "Budget": "minimal",
              "ClusterType": "N+1",
              "Course": "Software Architecture",
              "Environment": "dev",
              "ManagedBy": "Terraform",
              "Name": "neumo-dev-prediagnostic-be-sg",
              "Owner": "student@university.edu",
              "Pattern": "ClusterN+1",
              "Project": "NeumoDiagnostics",
              "Repository": "NeumoDiagnostics-Docker-1",
              "Scenario": "3-Cluster",
              "Service": "prediagnostic-be",
              "Team": "NeumoDiagnostics"
            },
            "timeouts": null,
            "vpc_id": "vpc-0c5b5be65746da882"
          },
          "sensitive_attributes": [],
          "identity_schema_version": 0,
          "private": "eyJlMmJmYjczMC1lY2FhLTExZTYtOGY4OC0zNDM2M2JjN2M0YzAiOnsiY3JlYXRlIjo2MDAwMDAwMDAwMDAsImRlbGV0ZSI6OTAwMDAwMDAwMDAwfSwic2NoZW1hX3ZlcnNpb24iOiIxIn0=",
          "dependencies": [
            "module.network.aws_vpc.main"
          ]
        }
      ]
    },
    {
      "module": "module.ecs_service_web_frontend",
      "mode": "managed",
      "type": "aws_appautoscaling_policy",
      "name": "cpu",
      "provider": "provider[\"registry.terraform.io/hashicorp/aws\"]",
      "instances": [
        {
          "index_key": 0,
          "schema_version": 0,
          "attributes": {
            "alarm_arns": [
              "arn:aws:cloudwatch:us-east-1:566115828526:alarm:TargetTracking-service/neumo-dev-cluster/web-frontend-AlarmHigh-6715b1fb-9b2c-449f-9813-7877cee9c2ff",
              "arn:aws:cloudwatch:us-east-1:566115828526:alarm:TargetTracking-service/neumo-dev-cluster/web-frontend-AlarmLow-5adca144-7131-4a0b-8cfa-23a43369da33"
            ],
            "arn": "arn:aws:autoscaling:us-east-1:566115828526:scalingPolicy:da8b8a5e-2866-488a-a38c-a843e8a97757:resource/ecs/service/neumo-dev-cluster/web-frontend:policyName/neumo-dev-web-frontend-cpu-scaling",
            "id": "neumo-dev-web-frontend-cpu-scaling",
            "name": "neumo-dev-web-frontend-cpu-scaling",
            "policy_type": "TargetTrackingScaling",
            "resource_id": "service/neumo-dev-cluster/web-frontend",
            "scalable_dimension": "ecs:service:DesiredCount",
            "service_namespace": "ecs",
            "step_scaling_policy_configuration": [],
            "target_tracking_scaling_policy_configuration": [
              {
                "customized_metric_specification": [],
                "disable_scale_in": false,
                "predefined_metric_specification": [
                  {
                    "predefined_metric_type": "ECSServiceAverageCPUUtilization",
                    "resource_label": ""
                  }
                ],
                "scale_in_cooldown": 300,
                "scale_out_cooldown": 60,
                "target_value": 70
              }
            ]
          },
          "sensitive_attributes": [],
          "identity_schema_version": 0,
          "private": "bnVsbA==",
          "dependencies": [
            "module.alb_internal.aws_lb.main",
            "module.alb_internal.aws_security_group.alb",
            "module.alb_public.aws_lb.main",
            "module.alb_public.aws_lb_listener.http",
            "module.alb_public.aws_lb_target_group.services",
            "module.alb_public.aws_security_group.alb",
            "module.ecr.aws_ecr_repository.main",
            "module.ecs_cluster.aws_cloudwatch_log_group.ecs",
            "module.ecs_cluster.aws_ecs_cluster.main",
            "module.ecs_cluster.aws_iam_role.ecs_task",
            "module.ecs_cluster.aws_iam_role.ecs_task_execution",
            "module.ecs_service_web_frontend.aws_appautoscaling_target.main",
            "module.ecs_service_web_frontend.aws_ecs_service.main",
            "module.ecs_service_web_frontend.aws_ecs_task_definition.main",
            "module.ecs_service_web_frontend.aws_security_group.service",
            "module.network.aws_subnet.private",
            "module.network.aws_subnet.public",
            "module.network.aws_vpc.main"
          ]
        }
      ]
    },
    {
      "module": "module.ecs_service_web_frontend",
      "mode": "managed",
      "type": "aws_appautoscaling_policy",
      "name": "requests",
      "provider": "provider[\"registry.terraform.io/hashicorp/aws\"]",
      "instances": [
        {
          "index_key": 0,
          "schema_version": 0,
          "attributes": {
            "alarm_arns": [
              "arn:aws:cloudwatch:us-east-1:566115828526:alarm:TargetTracking-service/neumo-dev-cluster/web-frontend-AlarmHigh-df34d5cf-e30e-4986-ab44-d72879a96ddb",
              "arn:aws:cloudwatch:us-east-1:566115828526:alarm:TargetTracking-service/neumo-dev-cluster/web-frontend-AlarmLow-f3689230-d0a6-4194-8dd6-1535331ea069"
            ],
            "arn": "arn:aws:autoscaling:us-east-1:566115828526:scalingPolicy:da8b8a5e-2866-488a-a38c-a843e8a97757:resource/ecs/service/neumo-dev-cluster/web-frontend:policyName/neumo-dev-web-frontend-requests-scaling",
            "id": "neumo-dev-web-frontend-requests-scaling",
            "name": "neumo-dev-web-frontend-requests-scaling",
            "policy_type": "TargetTrackingScaling",
            "resource_id": "service/neumo-dev-cluster/web-frontend",
            "scalable_dimension": "ecs:service:DesiredCount",
            "service_namespace": "ecs",
            "step_scaling_policy_configuration": [],
            "target_tracking_scaling_policy_configuration": [
              {
                "customized_metric_specification": [],
                "disable_scale_in": false,
                "predefined_metric_specification": [
                  {
                    "predefined_metric_type": "ALBRequestCountPerTarget",
                    "resource_label": "app/neumo-dev-public/babb4a25b952d36c/targetgroup/neumo-dev-web-frontend-tg/2c8de1e2260a53a2"
                  }
                ],
                "scale_in_cooldown": 300,
                "scale_out_cooldown": 60,
                "target_value": 1000
              }
            ]
          },
          "sensitive_attributes": [],
          "identity_schema_version": 0,
          "private": "bnVsbA==",
          "dependencies": [
            "module.alb_internal.aws_lb.main",
            "module.alb_internal.aws_security_group.alb",
            "module.alb_public.aws_lb.main",
            "module.alb_public.aws_lb_listener.http",
            "module.alb_public.aws_lb_target_group.services",
            "module.alb_public.aws_security_group.alb",
            "module.ecr.aws_ecr_repository.main",
            "module.ecs_cluster.aws_cloudwatch_log_group.ecs",
            "module.ecs_cluster.aws_ecs_cluster.main",
            "module.ecs_cluster.aws_iam_role.ecs_task",
            "module.ecs_cluster.aws_iam_role.ecs_task_execution",
            "module.ecs_service_web_frontend.aws_appautoscaling_target.main",
            "module.ecs_service_web_frontend.aws_ecs_service.main",
            "module.ecs_service_web_frontend.aws_ecs_task_definition.main",
            "module.ecs_service_web_frontend.aws_security_group.service",
            "module.network.aws_subnet.private",
            "module.network.aws_subnet.public",
            "module.network.aws_vpc.main"
          ]
        }
      ]
    },
    {
      "module": "module.ecs_service_web_frontend",
      "mode": "managed",
      "type": "aws_appautoscaling_target",
      "name": "main",
      "provider": "provider[\"registry.terraform.io/hashicorp/aws\"]",
      "instances": [
        {
          "index_key": 0,
          "schema_version": 0,
          "attributes": {
            "arn": "arn:aws:application-autoscaling:us-east-1:566115828526:scalable-target/0ec5da8b8a5e2866488aa38ca843e8a97757",
            "id": "service/neumo-dev-cluster/web-frontend",
            "max_capacity": 4,
            "min_capacity": 1,
            "resource_id": "service/neumo-dev-cluster/web-frontend",
            "role_arn": "arn:aws:iam::566115828526:role/aws-service-role/ecs.application-autoscaling.amazonaws.com/AWSServiceRoleForApplicationAutoScaling_ECSService",
            "scalable_dimension": "ecs:service:DesiredCount",
            "service_namespace": "ecs",
            "suspended_state": [
              {
                "dynamic_scaling_in_suspended": false,
                "dynamic_scaling_out_suspended": false,
                "scheduled_scaling_suspended": false
              }
            ],
            "tags": {},
            "tags_all": {
              "Environment": "dev",
              "ManagedBy": "Terraform",
              "Project": "NeumoDiagnostics",
              "Repository": "NeumoDiagnostics-Docker-1"
            }
          },
          "sensitive_attributes": [],
          "identity_schema_version": 0,
          "private": "bnVsbA==",
          "dependencies": [
            "module.alb_internal.aws_lb.main",
            "module.alb_internal.aws_security_group.alb",
            "module.alb_public.aws_lb.main",
            "module.alb_public.aws_lb_listener.http",
            "module.alb_public.aws_lb_target_group.services",
            "module.alb_public.aws_security_group.alb",
            "module.ecr.aws_ecr_repository.main",
            "module.ecs_cluster.aws_cloudwatch_log_group.ecs",
            "module.ecs_cluster.aws_ecs_cluster.main",
            "module.ecs_cluster.aws_iam_role.ecs_task",
            "module.ecs_cluster.aws_iam_role.ecs_task_execution",
            "module.ecs_service_web_frontend.aws_ecs_service.main",
            "module.ecs_service_web_frontend.aws_ecs_task_definition.main",
            "module.ecs_service_web_frontend.aws_security_group.service",
            "module.network.aws_subnet.private",
            "module.network.aws_subnet.public",
            "module.network.aws_vpc.main"
          ]
        }
      ]
    },
    {
      "module": "module.ecs_service_web_frontend",
      "mode": "managed",
      "type": "aws_ecs_service",
      "name": "main",
      "provider": "provider[\"registry.terraform.io/hashicorp/aws\"]",
      "instances": [
        {
          "schema_version": 1,
          "attributes": {
            "alarms": [],
            "availability_zone_rebalancing": "DISABLED",
            "capacity_provider_strategy": [],
            "cluster": "arn:aws:ecs:us-east-1:566115828526:cluster/neumo-dev-cluster",
            "deployment_circuit_breaker": [
              {
                "enable": true,
                "rollback": true
              }
            ],
            "deployment_controller": [
              {
                "type": "ECS"
              }
            ],
            "deployment_maximum_percent": 200,
            "deployment_minimum_healthy_percent": 100,
            "desired_count": 1,
            "enable_ecs_managed_tags": false,
            "enable_execute_command": false,
            "force_delete": null,
            "force_new_deployment": null,
            "health_check_grace_period_seconds": 60,
            "iam_role": "/aws-service-role/ecs.amazonaws.com/AWSServiceRoleForECS",
            "id": "arn:aws:ecs:us-east-1:566115828526:service/neumo-dev-cluster/web-frontend",
            "launch_type": "FARGATE",
            "load_balancer": [
              {
                "container_name": "web-frontend",
                "container_port": 3000,
                "elb_name": "",
                "target_group_arn": "arn:aws:elasticloadbalancing:us-east-1:566115828526:targetgroup/neumo-dev-web-frontend-tg/2c8de1e2260a53a2"
              }
            ],
            "name": "web-frontend",
            "network_configuration": [
              {
                "assign_public_ip": false,
                "security_groups": [
                  "sg-0f015e8809ae13ac3"
                ],
                "subnets": [
                  "subnet-00d977fba2a50ff40",
                  "subnet-03f0878632e0779f5"
                ]
              }
            ],
            "ordered_placement_strategy": [],
            "placement_constraints": [],
            "platform_version": "LATEST",
            "propagate_tags": "NONE",
            "scheduling_strategy": "REPLICA",
            "service_connect_configuration": [],
            "service_registries": [],
            "tags": {
              "Budget": "minimal",
              "Course": "Software Architecture",
              "Environment": "dev",
              "ManagedBy": "Terraform",
              "Name": "neumo-dev-web-frontend",
              "Owner": "student@university.edu",
              "Pattern": "Standard",
              "Project": "NeumoDiagnostics",
              "Service": "web-frontend",
              "Team": "NeumoDiagnostics"
            },
            "tags_all": {
              "Budget": "minimal",
              "Course": "Software Architecture",
              "Environment": "dev",
              "ManagedBy": "Terraform",
              "Name": "neumo-dev-web-frontend",
              "Owner": "student@university.edu",
              "Pattern": "Standard",
              "Project": "NeumoDiagnostics",
              "Repository": "NeumoDiagnostics-Docker-1",
              "Service": "web-frontend",
              "Team": "NeumoDiagnostics"
            },
            "task_definition": "arn:aws:ecs:us-east-1:566115828526:task-definition/neumo-dev-web-frontend:8",
            "timeouts": null,
            "triggers": {},
            "volume_configuration": [],
            "vpc_lattice_configurations": [],
            "wait_for_steady_state": false
          },
          "sensitive_attributes": [],
          "identity_schema_version": 0,
          "private": "eyJlMmJmYjczMC1lY2FhLTExZTYtOGY4OC0zNDM2M2JjN2M0YzAiOnsiY3JlYXRlIjoxMjAwMDAwMDAwMDAwLCJkZWxldGUiOjEyMDAwMDAwMDAwMDAsInVwZGF0ZSI6MTIwMDAwMDAwMDAwMH0sInNjaGVtYV92ZXJzaW9uIjoiMSJ9",
          "dependencies": [
            "module.alb_internal.aws_lb.main",
            "module.alb_internal.aws_security_group.alb",
            "module.alb_public.aws_lb.main",
            "module.alb_public.aws_lb_listener.http",
            "module.alb_public.aws_lb_target_group.services",
            "module.alb_public.aws_security_group.alb",
            "module.ecr.aws_ecr_repository.main",
            "module.ecs_cluster.aws_cloudwatch_log_group.ecs",
            "module.ecs_cluster.aws_ecs_cluster.main",
            "module.ecs_cluster.aws_iam_role.ecs_task",
            "module.ecs_cluster.aws_iam_role.ecs_task_execution",
            "module.ecs_service_web_frontend.aws_ecs_task_definition.main",
            "module.ecs_service_web_frontend.aws_security_group.service",
            "module.network.aws_subnet.private",
            "module.network.aws_subnet.public",
            "module.network.aws_vpc.main"
          ]
        }
      ]
    },
    {
      "module": "module.ecs_service_web_frontend",
      "mode": "managed",
      "type": "aws_ecs_task_definition",
      "name": "main",
      "provider": "provider[\"registry.terraform.io/hashicorp/aws\"]",
      "instances": [
        {
          "schema_version": 1,
          "attributes": {
            "arn": "arn:aws:ecs:us-east-1:566115828526:task-definition/neumo-dev-web-frontend:9",
            "arn_without_revision": "arn:aws:ecs:us-east-1:566115828526:task-definition/neumo-dev-web-frontend",
            "container_definitions": "[{\"environment\":[{\"name\":\"GRAPHQL_ENDPOINT\",\"value\":\"http://internal-neumo-dev-internal-1987845174.us-east-1.elb.amazonaws.com/graphql\"},{\"name\":\"NEXT_PUBLIC_API_URL\",\"value\":\"http://neumo-dev-public-1899773425.us-east-1.elb.amazonaws.com\"},{\"name\":\"NODE_ENV\",\"value\":\"development\"},{\"name\":\"SERVER_API_URL\",\"value\":\"http://internal-neumo-dev-internal-1987845174.us-east-1.elb.amazonaws.com\"}],\"essential\":true,\"image\":\"566115828526.dkr.ecr.us-east-1.amazonaws.com/neumo/web-frontend:latest\",\"logConfiguration\":{\"logDriver\":\"awslogs\",\"options\":{\"awslogs-group\":\"/ecs/neumo-dev\",\"awslogs-region\":\"us-east-1\",\"awslogs-stream-prefix\":\"web-frontend\"}},\"mountPoints\":[],\"name\":\"web-frontend\",\"portMappings\":[{\"containerPort\":3000,\"hostPort\":3000,\"protocol\":\"tcp\"}],\"secrets\":[],\"systemControls\":[],\"ulimits\":[{\"hardLimit\":65536,\"name\":\"nofile\",\"softLimit\":65536}],\"volumesFrom\":[]}]",
            "cpu": "256",
            "enable_fault_injection": false,
            "ephemeral_storage": [],
            "execution_role_arn": "arn:aws:iam::566115828526:role/neumo-dev-ecs-task-execution",
            "family": "neumo-dev-web-frontend",
            "id": "neumo-dev-web-frontend",
            "inference_accelerator": [],
            "ipc_mode": "",
            "memory": "512",
            "network_mode": "awsvpc",
            "pid_mode": "",
            "placement_constraints": [],
            "proxy_configuration": [],
            "requires_compatibilities": [
              "FARGATE"
            ],
            "revision": 9,
            "runtime_platform": [],
            "skip_destroy": false,
            "tags": {
              "Budget": "minimal",
              "Course": "Software Architecture",
              "Environment": "dev",
              "ManagedBy": "Terraform",
              "Name": "neumo-dev-web-frontend-task",
              "Owner": "student@university.edu",
              "Project": "NeumoDiagnostics",
              "Service": "web-frontend",
              "Team": "NeumoDiagnostics"
            },
            "tags_all": {
              "Budget": "minimal",
              "Course": "Software Architecture",
              "Environment": "dev",
              "ManagedBy": "Terraform",
              "Name": "neumo-dev-web-frontend-task",
              "Owner": "student@university.edu",
              "Project": "NeumoDiagnostics",
              "Repository": "NeumoDiagnostics-Docker-1",
              "Service": "web-frontend",
              "Team": "NeumoDiagnostics"
            },
            "task_role_arn": "arn:aws:iam::566115828526:role/neumo-dev-ecs-task",
            "track_latest": false,
            "volume": []
          },
          "sensitive_attributes": [],
          "identity_schema_version": 0,
          "private": "eyJzY2hlbWFfdmVyc2lvbiI6IjEifQ==",
          "dependencies": [
            "module.alb_internal.aws_lb.main",
            "module.alb_internal.aws_security_group.alb",
            "module.alb_public.aws_lb.main",
            "module.alb_public.aws_security_group.alb",
            "module.ecr.aws_ecr_repository.main",
            "module.ecs_cluster.aws_cloudwatch_log_group.ecs",
            "module.ecs_cluster.aws_iam_role.ecs_task",
            "module.ecs_cluster.aws_iam_role.ecs_task_execution",
            "module.network.aws_subnet.private",
            "module.network.aws_subnet.public",
            "module.network.aws_vpc.main"
          ]
        }
      ]
    },
    {
      "module": "module.ecs_service_web_frontend",
      "mode": "managed",
      "type": "aws_security_group",
      "name": "service",
      "provider": "provider[\"registry.terraform.io/hashicorp/aws\"]",
      "instances": [
        {
          "schema_version": 1,
          "attributes": {
            "arn": "arn:aws:ec2:us-east-1:566115828526:security-group/sg-0f015e8809ae13ac3",
            "description": "Security group for web-frontend service",
            "egress": [
              {
                "cidr_blocks": [
                  "0.0.0.0/0"
                ],
                "description": "",
                "from_port": 0,
                "ipv6_cidr_blocks": [],
                "prefix_list_ids": [],
                "protocol": "-1",
                "security_groups": [],
                "self": false,
                "to_port": 0
              }
            ],
            "id": "sg-0f015e8809ae13ac3",
            "ingress": [
              {
                "cidr_blocks": [],
                "description": "Traffic from ALB/Internal",
                "from_port": 3000,
                "ipv6_cidr_blocks": [],
                "prefix_list_ids": [],
                "protocol": "tcp",
                "security_groups": [
                  "sg-04622cedb5b962e05"
                ],
                "self": false,
                "to_port": 3000
              }
            ],
            "name": "neumo-dev-web-frontend-sg",
            "name_prefix": "",
            "owner_id": "566115828526",
            "revoke_rules_on_delete": false,
            "tags": {
              "Budget": "minimal",
              "Course": "Software Architecture",
              "Environment": "dev",
              "ManagedBy": "Terraform",
              "Name": "neumo-dev-web-frontend-sg",
              "Owner": "student@university.edu",
              "Project": "NeumoDiagnostics",
              "Service": "web-frontend",
              "Team": "NeumoDiagnostics"
            },
            "tags_all": {
              "Budget": "minimal",
              "Course": "Software Architecture",
              "Environment": "dev",
              "ManagedBy": "Terraform",
              "Name": "neumo-dev-web-frontend-sg",
              "Owner": "student@university.edu",
              "Project": "NeumoDiagnostics",
              "Repository": "NeumoDiagnostics-Docker-1",
              "Service": "web-frontend",
              "Team": "NeumoDiagnostics"
            },
            "timeouts": null,
            "vpc_id": "vpc-0c5b5be65746da882"
          },
          "sensitive_attributes": [],
          "identity_schema_version": 0,
          "private": "eyJlMmJmYjczMC1lY2FhLTExZTYtOGY4OC0zNDM2M2JjN2M0YzAiOnsiY3JlYXRlIjo2MDAwMDAwMDAwMDAsImRlbGV0ZSI6OTAwMDAwMDAwMDAwfSwic2NoZW1hX3ZlcnNpb24iOiIxIn0=",
          "dependencies": [
            "module.alb_public.aws_security_group.alb",
            "module.network.aws_vpc.main"
          ]
        }
      ]
    },
    {
      "module": "module.mongodb",
      "mode": "managed",
      "type": "aws_ecs_service",
      "name": "mongodb",
      "provider": "provider[\"registry.terraform.io/hashicorp/aws\"]",
      "instances": [
        {
          "schema_version": 1,
          "attributes": {
            "alarms": [],
            "availability_zone_rebalancing": "DISABLED",
            "capacity_provider_strategy": [],
            "cluster": "arn:aws:ecs:us-east-1:566115828526:cluster/neumo-dev-cluster",
            "deployment_circuit_breaker": [
              {
                "enable": false,
                "rollback": false
              }
            ],
            "deployment_controller": [
              {
                "type": "ECS"
              }
            ],
            "deployment_maximum_percent": 200,
            "deployment_minimum_healthy_percent": 100,
            "desired_count": 1,
            "enable_ecs_managed_tags": false,
            "enable_execute_command": false,
            "force_delete": null,
            "force_new_deployment": null,
            "health_check_grace_period_seconds": 0,
            "iam_role": "/aws-service-role/ecs.amazonaws.com/AWSServiceRoleForECS",
            "id": "arn:aws:ecs:us-east-1:566115828526:service/neumo-dev-cluster/mongodb",
            "launch_type": "FARGATE",
            "load_balancer": [],
            "name": "mongodb",
            "network_configuration": [
              {
                "assign_public_ip": false,
                "security_groups": [
                  "sg-03b127859662777b4"
                ],
                "subnets": [
                  "subnet-00d977fba2a50ff40",
                  "subnet-03f0878632e0779f5"
                ]
              }
            ],
            "ordered_placement_strategy": [],
            "placement_constraints": [],
            "platform_version": "LATEST",
            "propagate_tags": "NONE",
            "scheduling_strategy": "REPLICA",
            "service_connect_configuration": [],
            "service_registries": [
              {
                "container_name": "",
                "container_port": 0,
                "port": 0,
                "registry_arn": "arn:aws:servicediscovery:us-east-1:566115828526:service/srv-dbkmeqmkydxkefjd"
              }
            ],
            "tags": {
              "Budget": "minimal",
              "Course": "Software Architecture",
              "Environment": "dev",
              "ManagedBy": "Terraform",
              "Name": "neumo-dev-mongodb",
              "Owner": "student@university.edu",
              "Project": "NeumoDiagnostics",
              "Purpose": "Prediagnostic Database",
              "Service": "mongodb",
              "Team": "NeumoDiagnostics"
            },
            "tags_all": {
              "Budget": "minimal",
              "Course": "Software Architecture",
              "Environment": "dev",
              "ManagedBy": "Terraform",
              "Name": "neumo-dev-mongodb",
              "Owner": "student@university.edu",
              "Project": "NeumoDiagnostics",
              "Purpose": "Prediagnostic Database",
              "Repository": "NeumoDiagnostics-Docker-1",
              "Service": "mongodb",
              "Team": "NeumoDiagnostics"
            },
            "task_definition": "arn:aws:ecs:us-east-1:566115828526:task-definition/neumo-dev-mongodb:1",
            "timeouts": null,
            "triggers": {},
            "volume_configuration": [],
            "vpc_lattice_configurations": [],
            "wait_for_steady_state": false
          },
          "sensitive_attributes": [],
          "identity_schema_version": 0,
          "private": "eyJlMmJmYjczMC1lY2FhLTExZTYtOGY4OC0zNDM2M2JjN2M0YzAiOnsiY3JlYXRlIjoxMjAwMDAwMDAwMDAwLCJkZWxldGUiOjEyMDAwMDAwMDAwMDAsInVwZGF0ZSI6MTIwMDAwMDAwMDAwMH0sInNjaGVtYV92ZXJzaW9uIjoiMSJ9",
          "dependencies": [
            "module.ecs_cluster.aws_cloudwatch_log_group.ecs",
            "module.ecs_cluster.aws_ecs_cluster.main",
            "module.ecs_cluster.aws_iam_role.ecs_task",
            "module.ecs_cluster.aws_iam_role.ecs_task_execution",
            "module.mongodb.aws_ecs_task_definition.mongodb",
            "module.mongodb.aws_security_group.mongodb",
            "module.network.aws_subnet.private",
            "module.network.aws_vpc.main",
            "module.service_discovery.aws_service_discovery_private_dns_namespace.main",
            "module.service_discovery.aws_service_discovery_service.services"
          ]
        }
      ]
    },
    {
      "module": "module.mongodb",
      "mode": "managed",
      "type": "aws_ecs_task_definition",
      "name": "mongodb",
      "provider": "provider[\"registry.terraform.io/hashicorp/aws\"]",
      "instances": [
        {
          "schema_version": 1,
          "attributes": {
            "arn": "arn:aws:ecs:us-east-1:566115828526:task-definition/neumo-dev-mongodb:1",
            "arn_without_revision": "arn:aws:ecs:us-east-1:566115828526:task-definition/neumo-dev-mongodb",
            "container_definitions": "[{\"environment\":[{\"name\":\"MONGO_INITDB_DATABASE\",\"value\":\"prediagnostic_db\"}],\"essential\":true,\"image\":\"mongo:6.0\",\"logConfiguration\":{\"logDriver\":\"awslogs\",\"options\":{\"awslogs-region\":\"us-east-1\",\"awslogs-stream-prefix\":\"mongodb\",\"awslogs-group\":\"/ecs/neumo-dev\"}},\"mountPoints\":[],\"name\":\"mongodb\",\"portMappings\":[{\"containerPort\":27017,\"hostPort\":27017,\"protocol\":\"tcp\"}],\"systemControls\":[],\"volumesFrom\":[]}]",
            "cpu": "256",
            "enable_fault_injection": false,
            "ephemeral_storage": [],
            "execution_role_arn": "arn:aws:iam::566115828526:role/neumo-dev-ecs-task-execution",
            "family": "neumo-dev-mongodb",
            "id": "neumo-dev-mongodb",
            "inference_accelerator": [],
            "ipc_mode": "",
            "memory": "512",
            "network_mode": "awsvpc",
            "pid_mode": "",
            "placement_constraints": [],
            "proxy_configuration": [],
            "requires_compatibilities": [
              "FARGATE"
            ],
            "revision": 1,
            "runtime_platform": [],
            "skip_destroy": false,
            "tags": {
              "Budget": "minimal",
              "Course": "Software Architecture",
              "Environment": "dev",
              "ManagedBy": "Terraform",
              "Name": "neumo-dev-mongodb-task",
              "Owner": "student@university.edu",
              "Project": "NeumoDiagnostics",
              "Purpose": "Prediagnostic Database",
              "Service": "mongodb",
              "Team": "NeumoDiagnostics"
            },
            "tags_all": {
              "Budget": "minimal",
              "Course": "Software Architecture",
              "Environment": "dev",
              "ManagedBy": "Terraform",
              "Name": "neumo-dev-mongodb-task",
              "Owner": "student@university.edu",
              "Project": "NeumoDiagnostics",
              "Purpose": "Prediagnostic Database",
              "Repository": "NeumoDiagnostics-Docker-1",
              "Service": "mongodb",
              "Team": "NeumoDiagnostics"
            },
            "task_role_arn": "arn:aws:iam::566115828526:role/neumo-dev-ecs-task",
            "track_latest": false,
            "volume": []
          },
          "sensitive_attributes": [],
          "identity_schema_version": 0,
          "private": "eyJzY2hlbWFfdmVyc2lvbiI6IjEifQ==",
          "dependencies": [
            "module.ecs_cluster.aws_cloudwatch_log_group.ecs",
            "module.ecs_cluster.aws_iam_role.ecs_task",
            "module.ecs_cluster.aws_iam_role.ecs_task_execution"
          ]
        }
      ]
    },
    {
      "module": "module.mongodb",
      "mode": "managed",
      "type": "aws_security_group",
      "name": "mongodb",
      "provider": "provider[\"registry.terraform.io/hashicorp/aws\"]",
      "instances": [
        {
          "schema_version": 1,
          "attributes": {
            "arn": "arn:aws:ec2:us-east-1:566115828526:security-group/sg-03b127859662777b4",
            "description": "Security group for MongoDB ECS",
            "egress": [
              {
                "cidr_blocks": [
                  "0.0.0.0/0"
                ],
                "description": "",
                "from_port": 0,
                "ipv6_cidr_blocks": [],
                "prefix_list_ids": [],
                "protocol": "-1",
                "security_groups": [],
                "self": false,
                "to_port": 0
              }
            ],
            "id": "sg-03b127859662777b4",
            "ingress": [
              {
                "cidr_blocks": [
                  "10.0.10.0/24",
                  "10.0.20.0/24"
                ],
                "description": "MongoDB from ECS",
                "from_port": 27017,
                "ipv6_cidr_blocks": [],
                "prefix_list_ids": [],
                "protocol": "tcp",
                "security_groups": [],
                "self": false,
                "to_port": 27017
              }
            ],
            "name": "neumo-dev-mongodb-sg",
            "name_prefix": "",
            "owner_id": "566115828526",
            "revoke_rules_on_delete": false,
            "tags": {
              "Budget": "minimal",
              "Course": "Software Architecture",
              "Environment": "dev",
              "ManagedBy": "Terraform",
              "Name": "neumo-dev-mongodb-sg",
              "Owner": "student@university.edu",
              "Project": "NeumoDiagnostics",
              "Purpose": "Prediagnostic Database",
              "Service": "mongodb",
              "Team": "NeumoDiagnostics"
            },
            "tags_all": {
              "Budget": "minimal",
              "Course": "Software Architecture",
              "Environment": "dev",
              "ManagedBy": "Terraform",
              "Name": "neumo-dev-mongodb-sg",
              "Owner": "student@university.edu",
              "Project": "NeumoDiagnostics",
              "Purpose": "Prediagnostic Database",
              "Repository": "NeumoDiagnostics-Docker-1",
              "Service": "mongodb",
              "Team": "NeumoDiagnostics"
            },
            "timeouts": null,
            "vpc_id": "vpc-0c5b5be65746da882"
          },
          "sensitive_attributes": [],
          "identity_schema_version": 0,
          "private": "eyJlMmJmYjczMC1lY2FhLTExZTYtOGY4OC0zNDM2M2JjN2M0YzAiOnsiY3JlYXRlIjo2MDAwMDAwMDAwMDAsImRlbGV0ZSI6OTAwMDAwMDAwMDAwfSwic2NoZW1hX3ZlcnNpb24iOiIxIn0=",
          "dependencies": [
            "module.network.aws_subnet.private",
            "module.network.aws_vpc.main"
          ]
        }
      ]
    },
    {
      "module": "module.network",
      "mode": "managed",
      "type": "aws_eip",
      "name": "nat",
      "provider": "provider[\"registry.terraform.io/hashicorp/aws\"]",
      "instances": [
        {
          "index_key": 0,
          "schema_version": 0,
          "attributes": {
            "address": null,
            "allocation_id": "eipalloc-032b24e3e0e6c71c2",
            "arn": "arn:aws:ec2:us-east-1:566115828526:elastic-ip/eipalloc-032b24e3e0e6c71c2",
            "associate_with_private_ip": null,
            "association_id": "eipassoc-0f5b90dc4a57016f8",
            "carrier_ip": "",
            "customer_owned_ip": "",
            "customer_owned_ipv4_pool": "",
            "domain": "vpc",
            "id": "eipalloc-032b24e3e0e6c71c2",
            "instance": "",
            "ipam_pool_id": null,
            "network_border_group": "us-east-1",
            "network_interface": "eni-03ed4e7073fa24e40",
            "private_dns": "ip-10-0-1-188.ec2.internal",
            "private_ip": "10.0.1.188",
            "ptr_record": "",
            "public_dns": "ec2-54-204-226-64.compute-1.amazonaws.com",
            "public_ip": "54.204.226.64",
            "public_ipv4_pool": "amazon",
            "tags": {
              "Budget": "minimal",
              "Course": "Software Architecture",
              "Environment": "dev",
              "ManagedBy": "Terraform",
              "Name": "neumo-dev-nat-eip-1",
              "Owner": "student@university.edu",
              "Project": "NeumoDiagnostics",
              "Team": "NeumoDiagnostics"
            },
            "tags_all": {
              "Budget": "minimal",
              "Course": "Software Architecture",
              "Environment": "dev",
              "ManagedBy": "Terraform",
              "Name": "neumo-dev-nat-eip-1",
              "Owner": "student@university.edu",
              "Project": "NeumoDiagnostics",
              "Repository": "NeumoDiagnostics-Docker-1",
              "Team": "NeumoDiagnostics"
            },
            "timeouts": null,
            "vpc": true
          },
          "sensitive_attributes": [],
          "identity_schema_version": 0,
          "private": "eyJlMmJmYjczMC1lY2FhLTExZTYtOGY4OC0zNDM2M2JjN2M0YzAiOnsiZGVsZXRlIjoxODAwMDAwMDAwMDAsInJlYWQiOjkwMDAwMDAwMDAwMCwidXBkYXRlIjozMDAwMDAwMDAwMDB9fQ==",
          "dependencies": [
            "module.network.aws_internet_gateway.main",
            "module.network.aws_vpc.main"
          ]
        }
      ]
    },
    {
      "module": "module.network",
      "mode": "managed",
      "type": "aws_internet_gateway",
      "name": "main",
      "provider": "provider[\"registry.terraform.io/hashicorp/aws\"]",
      "instances": [
        {
          "schema_version": 0,
          "attributes": {
            "arn": "arn:aws:ec2:us-east-1:566115828526:internet-gateway/igw-069539955b29b6229",
            "id": "igw-069539955b29b6229",
            "owner_id": "566115828526",
            "tags": {
              "Budget": "minimal",
              "Course": "Software Architecture",
              "Environment": "dev",
              "ManagedBy": "Terraform",
              "Name": "neumo-dev-igw",
              "Owner": "student@university.edu",
              "Project": "NeumoDiagnostics",
              "Team": "NeumoDiagnostics"
            },
            "tags_all": {
              "Budget": "minimal",
              "Course": "Software Architecture",
              "Environment": "dev",
              "ManagedBy": "Terraform",
              "Name": "neumo-dev-igw",
              "Owner": "student@university.edu",
              "Project": "NeumoDiagnostics",
              "Repository": "NeumoDiagnostics-Docker-1",
              "Team": "NeumoDiagnostics"
            },
            "timeouts": null,
            "vpc_id": "vpc-0c5b5be65746da882"
          },
          "sensitive_attributes": [],
          "identity_schema_version": 0,
          "private": "eyJlMmJmYjczMC1lY2FhLTExZTYtOGY4OC0zNDM2M2JjN2M0YzAiOnsiY3JlYXRlIjoxMjAwMDAwMDAwMDAwLCJkZWxldGUiOjEyMDAwMDAwMDAwMDAsInVwZGF0ZSI6MTIwMDAwMDAwMDAwMH19",
          "dependencies": [
            "module.network.aws_vpc.main"
          ]
        }
      ]
    },
    {
      "module": "module.network",
      "mode": "managed",
      "type": "aws_nat_gateway",
      "name": "main",
      "provider": "provider[\"registry.terraform.io/hashicorp/aws\"]",
      "instances": [
        {
          "index_key": 0,
          "schema_version": 0,
          "attributes": {
            "allocation_id": "eipalloc-032b24e3e0e6c71c2",
            "association_id": "eipassoc-0f5b90dc4a57016f8",
            "connectivity_type": "public",
            "id": "nat-061716ebe6e9156cb",
            "network_interface_id": "eni-03ed4e7073fa24e40",
            "private_ip": "10.0.1.188",
            "public_ip": "54.204.226.64",
            "secondary_allocation_ids": [],
            "secondary_private_ip_address_count": 0,
            "secondary_private_ip_addresses": [],
            "subnet_id": "subnet-0049864bde9be0eca",
            "tags": {
              "Budget": "minimal",
              "Course": "Software Architecture",
              "Environment": "dev",
              "ManagedBy": "Terraform",
              "Name": "neumo-dev-nat-us-east-1a",
              "Owner": "student@university.edu",
              "Project": "NeumoDiagnostics",
              "Team": "NeumoDiagnostics"
            },
            "tags_all": {
              "Budget": "minimal",
              "Course": "Software Architecture",
              "Environment": "dev",
              "ManagedBy": "Terraform",
              "Name": "neumo-dev-nat-us-east-1a",
              "Owner": "student@university.edu",
              "Project": "NeumoDiagnostics",
              "Repository": "NeumoDiagnostics-Docker-1",
              "Team": "NeumoDiagnostics"
            },
            "timeouts": null
          },
          "sensitive_attributes": [],
          "identity_schema_version": 0,
          "private": "eyJlMmJmYjczMC1lY2FhLTExZTYtOGY4OC0zNDM2M2JjN2M0YzAiOnsiY3JlYXRlIjo2MDAwMDAwMDAwMDAsImRlbGV0ZSI6MTgwMDAwMDAwMDAwMCwidXBkYXRlIjo2MDAwMDAwMDAwMDB9fQ==",
          "dependencies": [
            "module.network.aws_eip.nat",
            "module.network.aws_internet_gateway.main",
            "module.network.aws_subnet.public",
            "module.network.aws_vpc.main"
          ]
        }
      ]
    },
    {
      "module": "module.network",
      "mode": "managed",
      "type": "aws_route_table",
      "name": "private",
      "provider": "provider[\"registry.terraform.io/hashicorp/aws\"]",
      "instances": [
        {
          "index_key": 0,
          "schema_version": 0,
          "attributes": {
            "arn": "arn:aws:ec2:us-east-1:566115828526:route-table/rtb-033b73d626771f969",
            "id": "rtb-033b73d626771f969",
            "owner_id": "566115828526",
            "propagating_vgws": [],
            "route": [
              {
                "carrier_gateway_id": "",
                "cidr_block": "0.0.0.0/0",
                "core_network_arn": "",
                "destination_prefix_list_id": "",
                "egress_only_gateway_id": "",
                "gateway_id": "",
                "ipv6_cidr_block": "",
                "local_gateway_id": "",
                "nat_gateway_id": "nat-061716ebe6e9156cb",
                "network_interface_id": "",
                "transit_gateway_id": "",
                "vpc_endpoint_id": "",
                "vpc_peering_connection_id": ""
              }
            ],
            "tags": {
              "Budget": "minimal",
              "Course": "Software Architecture",
              "Environment": "dev",
              "ManagedBy": "Terraform",
              "Name": "neumo-dev-private-rt",
              "Owner": "student@university.edu",
              "Project": "NeumoDiagnostics",
              "Team": "NeumoDiagnostics"
            },
            "tags_all": {
              "Budget": "minimal",
              "Course": "Software Architecture",
              "Environment": "dev",
              "ManagedBy": "Terraform",
              "Name": "neumo-dev-private-rt",
              "Owner": "student@university.edu",
              "Project": "NeumoDiagnostics",
              "Repository": "NeumoDiagnostics-Docker-1",
              "Team": "NeumoDiagnostics"
            },
            "timeouts": null,
            "vpc_id": "vpc-0c5b5be65746da882"
          },
          "sensitive_attributes": [],
          "identity_schema_version": 0,
          "private": "eyJlMmJmYjczMC1lY2FhLTExZTYtOGY4OC0zNDM2M2JjN2M0YzAiOnsiY3JlYXRlIjozMDAwMDAwMDAwMDAsImRlbGV0ZSI6MzAwMDAwMDAwMDAwLCJ1cGRhdGUiOjEyMDAwMDAwMDAwMH19",
          "dependencies": [
            "module.network.aws_eip.nat",
            "module.network.aws_internet_gateway.main",
            "module.network.aws_nat_gateway.main",
            "module.network.aws_subnet.public",
            "module.network.aws_vpc.main"
          ]
        }
      ]
    },
    {
      "module": "module.network",
      "mode": "managed",
      "type": "aws_route_table",
      "name": "public",
      "provider": "provider[\"registry.terraform.io/hashicorp/aws\"]",
      "instances": [
        {
          "schema_version": 0,
          "attributes": {
            "arn": "arn:aws:ec2:us-east-1:566115828526:route-table/rtb-060d1793c2b961c85",
            "id": "rtb-060d1793c2b961c85",
            "owner_id": "566115828526",
            "propagating_vgws": [],
            "route": [
              {
                "carrier_gateway_id": "",
                "cidr_block": "0.0.0.0/0",
                "core_network_arn": "",
                "destination_prefix_list_id": "",
                "egress_only_gateway_id": "",
                "gateway_id": "igw-069539955b29b6229",
                "ipv6_cidr_block": "",
                "local_gateway_id": "",
                "nat_gateway_id": "",
                "network_interface_id": "",
                "transit_gateway_id": "",
                "vpc_endpoint_id": "",
                "vpc_peering_connection_id": ""
              }
            ],
            "tags": {
              "Budget": "minimal",
              "Course": "Software Architecture",
              "Environment": "dev",
              "ManagedBy": "Terraform",
              "Name": "neumo-dev-public-rt",
              "Owner": "student@university.edu",
              "Project": "NeumoDiagnostics",
              "Team": "NeumoDiagnostics"
            },
            "tags_all": {
              "Budget": "minimal",
              "Course": "Software Architecture",
              "Environment": "dev",
              "ManagedBy": "Terraform",
              "Name": "neumo-dev-public-rt",
              "Owner": "student@university.edu",
              "Project": "NeumoDiagnostics",
              "Repository": "NeumoDiagnostics-Docker-1",
              "Team": "NeumoDiagnostics"
            },
            "timeouts": null,
            "vpc_id": "vpc-0c5b5be65746da882"
          },
          "sensitive_attributes": [],
          "identity_schema_version": 0,
          "private": "eyJlMmJmYjczMC1lY2FhLTExZTYtOGY4OC0zNDM2M2JjN2M0YzAiOnsiY3JlYXRlIjozMDAwMDAwMDAwMDAsImRlbGV0ZSI6MzAwMDAwMDAwMDAwLCJ1cGRhdGUiOjEyMDAwMDAwMDAwMH19",
          "dependencies": [
            "module.network.aws_internet_gateway.main",
            "module.network.aws_vpc.main"
          ]
        }
      ]
    },
    {
      "module": "module.network",
      "mode": "managed",
      "type": "aws_route_table_association",
      "name": "private",
      "provider": "provider[\"registry.terraform.io/hashicorp/aws\"]",
      "instances": [
        {
          "index_key": 0,
          "schema_version": 0,
          "attributes": {
            "gateway_id": "",
            "id": "rtbassoc-02118697453180fc2",
            "route_table_id": "rtb-033b73d626771f969",
            "subnet_id": "subnet-00d977fba2a50ff40",
            "timeouts": null
          },
          "sensitive_attributes": [],
          "identity_schema_version": 0,
          "private": "eyJlMmJmYjczMC1lY2FhLTExZTYtOGY4OC0zNDM2M2JjN2M0YzAiOnsiY3JlYXRlIjozMDAwMDAwMDAwMDAsImRlbGV0ZSI6MzAwMDAwMDAwMDAwLCJ1cGRhdGUiOjEyMDAwMDAwMDAwMH19",
          "dependencies": [
            "module.network.aws_eip.nat",
            "module.network.aws_internet_gateway.main",
            "module.network.aws_nat_gateway.main",
            "module.network.aws_route_table.private",
            "module.network.aws_subnet.private",
            "module.network.aws_subnet.public",
            "module.network.aws_vpc.main"
          ]
        },
        {
          "index_key": 1,
          "schema_version": 0,
          "attributes": {
            "gateway_id": "",
            "id": "rtbassoc-0fe6c51ff4371a21f",
            "route_table_id": "rtb-033b73d626771f969",
            "subnet_id": "subnet-03f0878632e0779f5",
            "timeouts": null
          },
          "sensitive_attributes": [],
          "identity_schema_version": 0,
          "private": "eyJlMmJmYjczMC1lY2FhLTExZTYtOGY4OC0zNDM2M2JjN2M0YzAiOnsiY3JlYXRlIjozMDAwMDAwMDAwMDAsImRlbGV0ZSI6MzAwMDAwMDAwMDAwLCJ1cGRhdGUiOjEyMDAwMDAwMDAwMH19",
          "dependencies": [
            "module.network.aws_eip.nat",
            "module.network.aws_internet_gateway.main",
            "module.network.aws_nat_gateway.main",
            "module.network.aws_route_table.private",
            "module.network.aws_subnet.private",
            "module.network.aws_subnet.public",
            "module.network.aws_vpc.main"
          ]
        }
      ]
    },
    {
      "module": "module.network",
      "mode": "managed",
      "type": "aws_route_table_association",
      "name": "public",
      "provider": "provider[\"registry.terraform.io/hashicorp/aws\"]",
      "instances": [
        {
          "index_key": 0,
          "schema_version": 0,
          "attributes": {
            "gateway_id": "",
            "id": "rtbassoc-074e715b3f29d372d",
            "route_table_id": "rtb-060d1793c2b961c85",
            "subnet_id": "subnet-0049864bde9be0eca",
            "timeouts": null
          },
          "sensitive_attributes": [],
          "identity_schema_version": 0,
          "private": "eyJlMmJmYjczMC1lY2FhLTExZTYtOGY4OC0zNDM2M2JjN2M0YzAiOnsiY3JlYXRlIjozMDAwMDAwMDAwMDAsImRlbGV0ZSI6MzAwMDAwMDAwMDAwLCJ1cGRhdGUiOjEyMDAwMDAwMDAwMH19",
          "dependencies": [
            "module.network.aws_internet_gateway.main",
            "module.network.aws_route_table.public",
            "module.network.aws_subnet.public",
            "module.network.aws_vpc.main"
          ]
        },
        {
          "index_key": 1,
          "schema_version": 0,
          "attributes": {
            "gateway_id": "",
            "id": "rtbassoc-0ca0a18e4842c18b5",
            "route_table_id": "rtb-060d1793c2b961c85",
            "subnet_id": "subnet-0b166a74dfc420f44",
            "timeouts": null
          },
          "sensitive_attributes": [],
          "identity_schema_version": 0,
          "private": "eyJlMmJmYjczMC1lY2FhLTExZTYtOGY4OC0zNDM2M2JjN2M0YzAiOnsiY3JlYXRlIjozMDAwMDAwMDAwMDAsImRlbGV0ZSI6MzAwMDAwMDAwMDAwLCJ1cGRhdGUiOjEyMDAwMDAwMDAwMH19",
          "dependencies": [
            "module.network.aws_internet_gateway.main",
            "module.network.aws_route_table.public",
            "module.network.aws_subnet.public",
            "module.network.aws_vpc.main"
          ]
        }
      ]
    },
    {
      "module": "module.network",
      "mode": "managed",
      "type": "aws_subnet",
      "name": "private",
      "provider": "provider[\"registry.terraform.io/hashicorp/aws\"]",
      "instances": [
        {
          "index_key": 0,
          "schema_version": 1,
          "attributes": {
            "arn": "arn:aws:ec2:us-east-1:566115828526:subnet/subnet-00d977fba2a50ff40",
            "assign_ipv6_address_on_creation": false,
            "availability_zone": "us-east-1a",
            "availability_zone_id": "use1-az1",
            "cidr_block": "10.0.10.0/24",
            "customer_owned_ipv4_pool": "",
            "enable_dns64": false,
            "enable_lni_at_device_index": 0,
            "enable_resource_name_dns_a_record_on_launch": false,
            "enable_resource_name_dns_aaaa_record_on_launch": false,
            "id": "subnet-00d977fba2a50ff40",
            "ipv6_cidr_block": "",
            "ipv6_cidr_block_association_id": "",
            "ipv6_native": false,
            "map_customer_owned_ip_on_launch": false,
            "map_public_ip_on_launch": false,
            "outpost_arn": "",
            "owner_id": "566115828526",
            "private_dns_hostname_type_on_launch": "ip-name",
            "tags": {
              "Budget": "minimal",
              "Course": "Software Architecture",
              "Environment": "dev",
              "ManagedBy": "Terraform",
              "Name": "neumo-dev-private-us-east-1a",
              "Owner": "student@university.edu",
              "Project": "NeumoDiagnostics",
              "Team": "NeumoDiagnostics",
              "Type": "private",
              "kubernetes.io/role/internal-elb": "1"
            },
            "tags_all": {
              "Budget": "minimal",
              "Course": "Software Architecture",
              "Environment": "dev",
              "ManagedBy": "Terraform",
              "Name": "neumo-dev-private-us-east-1a",
              "Owner": "student@university.edu",
              "Project": "NeumoDiagnostics",
              "Repository": "NeumoDiagnostics-Docker-1",
              "Team": "NeumoDiagnostics",
              "Type": "private",
              "kubernetes.io/role/internal-elb": "1"
            },
            "timeouts": null,
            "vpc_id": "vpc-0c5b5be65746da882"
          },
          "sensitive_attributes": [],
          "identity_schema_version": 0,
          "private": "eyJlMmJmYjczMC1lY2FhLTExZTYtOGY4OC0zNDM2M2JjN2M0YzAiOnsiY3JlYXRlIjo2MDAwMDAwMDAwMDAsImRlbGV0ZSI6MTIwMDAwMDAwMDAwMH0sInNjaGVtYV92ZXJzaW9uIjoiMSJ9",
          "dependencies": [
            "module.network.aws_vpc.main"
          ]
        },
        {
          "index_key": 1,
          "schema_version": 1,
          "attributes": {
            "arn": "arn:aws:ec2:us-east-1:566115828526:subnet/subnet-03f0878632e0779f5",
            "assign_ipv6_address_on_creation": false,
            "availability_zone": "us-east-1b",
            "availability_zone_id": "use1-az2",
            "cidr_block": "10.0.20.0/24",
            "customer_owned_ipv4_pool": "",
            "enable_dns64": false,
            "enable_lni_at_device_index": 0,
            "enable_resource_name_dns_a_record_on_launch": false,
            "enable_resource_name_dns_aaaa_record_on_launch": false,
            "id": "subnet-03f0878632e0779f5",
            "ipv6_cidr_block": "",
            "ipv6_cidr_block_association_id": "",
            "ipv6_native": false,
            "map_customer_owned_ip_on_launch": false,
            "map_public_ip_on_launch": false,
            "outpost_arn": "",
            "owner_id": "566115828526",
            "private_dns_hostname_type_on_launch": "ip-name",
            "tags": {
              "Budget": "minimal",
              "Course": "Software Architecture",
              "Environment": "dev",
              "ManagedBy": "Terraform",
              "Name": "neumo-dev-private-us-east-1b",
              "Owner": "student@university.edu",
              "Project": "NeumoDiagnostics",
              "Team": "NeumoDiagnostics",
              "Type": "private",
              "kubernetes.io/role/internal-elb": "1"
            },
            "tags_all": {
              "Budget": "minimal",
              "Course": "Software Architecture",
              "Environment": "dev",
              "ManagedBy": "Terraform",
              "Name": "neumo-dev-private-us-east-1b",
              "Owner": "student@university.edu",
              "Project": "NeumoDiagnostics",
              "Repository": "NeumoDiagnostics-Docker-1",
              "Team": "NeumoDiagnostics",
              "Type": "private",
              "kubernetes.io/role/internal-elb": "1"
            },
            "timeouts": null,
            "vpc_id": "vpc-0c5b5be65746da882"
          },
          "sensitive_attributes": [],
          "identity_schema_version": 0,
          "private": "eyJlMmJmYjczMC1lY2FhLTExZTYtOGY4OC0zNDM2M2JjN2M0YzAiOnsiY3JlYXRlIjo2MDAwMDAwMDAwMDAsImRlbGV0ZSI6MTIwMDAwMDAwMDAwMH0sInNjaGVtYV92ZXJzaW9uIjoiMSJ9",
          "dependencies": [
            "module.network.aws_vpc.main"
          ]
        }
      ]
    },
    {
      "module": "module.network",
      "mode": "managed",
      "type": "aws_subnet",
      "name": "public",
      "provider": "provider[\"registry.terraform.io/hashicorp/aws\"]",
      "instances": [
        {
          "index_key": 0,
          "schema_version": 1,
          "attributes": {
            "arn": "arn:aws:ec2:us-east-1:566115828526:subnet/subnet-0049864bde9be0eca",
            "assign_ipv6_address_on_creation": false,
            "availability_zone": "us-east-1a",
            "availability_zone_id": "use1-az1",
            "cidr_block": "10.0.1.0/24",
            "customer_owned_ipv4_pool": "",
            "enable_dns64": false,
            "enable_lni_at_device_index": 0,
            "enable_resource_name_dns_a_record_on_launch": false,
            "enable_resource_name_dns_aaaa_record_on_launch": false,
            "id": "subnet-0049864bde9be0eca",
            "ipv6_cidr_block": "",
            "ipv6_cidr_block_association_id": "",
            "ipv6_native": false,
            "map_customer_owned_ip_on_launch": false,
            "map_public_ip_on_launch": true,
            "outpost_arn": "",
            "owner_id": "566115828526",
            "private_dns_hostname_type_on_launch": "ip-name",
            "tags": {
              "Budget": "minimal",
              "Course": "Software Architecture",
              "Environment": "dev",
              "ManagedBy": "Terraform",
              "Name": "neumo-dev-public-us-east-1a",
              "Owner": "student@university.edu",
              "Project": "NeumoDiagnostics",
              "Team": "NeumoDiagnostics",
              "Type": "public",
              "kubernetes.io/role/elb": "1"
            },
            "tags_all": {
              "Budget": "minimal",
              "Course": "Software Architecture",
              "Environment": "dev",
              "ManagedBy": "Terraform",
              "Name": "neumo-dev-public-us-east-1a",
              "Owner": "student@university.edu",
              "Project": "NeumoDiagnostics",
              "Repository": "NeumoDiagnostics-Docker-1",
              "Team": "NeumoDiagnostics",
              "Type": "public",
              "kubernetes.io/role/elb": "1"
            },
            "timeouts": null,
            "vpc_id": "vpc-0c5b5be65746da882"
          },
          "sensitive_attributes": [],
          "identity_schema_version": 0,
          "private": "eyJlMmJmYjczMC1lY2FhLTExZTYtOGY4OC0zNDM2M2JjN2M0YzAiOnsiY3JlYXRlIjo2MDAwMDAwMDAwMDAsImRlbGV0ZSI6MTIwMDAwMDAwMDAwMH0sInNjaGVtYV92ZXJzaW9uIjoiMSJ9",
          "dependencies": [
            "module.network.aws_vpc.main"
          ]
        },
        {
          "index_key": 1,
          "schema_version": 1,
          "attributes": {
            "arn": "arn:aws:ec2:us-east-1:566115828526:subnet/subnet-0b166a74dfc420f44",
            "assign_ipv6_address_on_creation": false,
            "availability_zone": "us-east-1b",
            "availability_zone_id": "use1-az2",
            "cidr_block": "10.0.2.0/24",
            "customer_owned_ipv4_pool": "",
            "enable_dns64": false,
            "enable_lni_at_device_index": 0,
            "enable_resource_name_dns_a_record_on_launch": false,
            "enable_resource_name_dns_aaaa_record_on_launch": false,
            "id": "subnet-0b166a74dfc420f44",
            "ipv6_cidr_block": "",
            "ipv6_cidr_block_association_id": "",
            "ipv6_native": false,
            "map_customer_owned_ip_on_launch": false,
            "map_public_ip_on_launch": true,
            "outpost_arn": "",
            "owner_id": "566115828526",
            "private_dns_hostname_type_on_launch": "ip-name",
            "tags": {
              "Budget": "minimal",
              "Course": "Software Architecture",
              "Environment": "dev",
              "ManagedBy": "Terraform",
              "Name": "neumo-dev-public-us-east-1b",
              "Owner": "student@university.edu",
              "Project": "NeumoDiagnostics",
              "Team": "NeumoDiagnostics",
              "Type": "public",
              "kubernetes.io/role/elb": "1"
            },
            "tags_all": {
              "Budget": "minimal",
              "Course": "Software Architecture",
              "Environment": "dev",
              "ManagedBy": "Terraform",
              "Name": "neumo-dev-public-us-east-1b",
              "Owner": "student@university.edu",
              "Project": "NeumoDiagnostics",
              "Repository": "NeumoDiagnostics-Docker-1",
              "Team": "NeumoDiagnostics",
              "Type": "public",
              "kubernetes.io/role/elb": "1"
            },
            "timeouts": null,
            "vpc_id": "vpc-0c5b5be65746da882"
          },
          "sensitive_attributes": [],
          "identity_schema_version": 0,
          "private": "eyJlMmJmYjczMC1lY2FhLTExZTYtOGY4OC0zNDM2M2JjN2M0YzAiOnsiY3JlYXRlIjo2MDAwMDAwMDAwMDAsImRlbGV0ZSI6MTIwMDAwMDAwMDAwMH0sInNjaGVtYV92ZXJzaW9uIjoiMSJ9",
          "dependencies": [
            "module.network.aws_vpc.main"
          ]
        }
      ]
    },
    {
      "module": "module.network",
      "mode": "managed",
      "type": "aws_vpc",
      "name": "main",
      "provider": "provider[\"registry.terraform.io/hashicorp/aws\"]",
      "instances": [
        {
          "schema_version": 1,
          "attributes": {
            "arn": "arn:aws:ec2:us-east-1:566115828526:vpc/vpc-0c5b5be65746da882",
            "assign_generated_ipv6_cidr_block": false,
            "cidr_block": "10.0.0.0/16",
            "default_network_acl_id": "acl-08e7154ffee4d2d50",
            "default_route_table_id": "rtb-03f630cb6ec08ca79",
            "default_security_group_id": "sg-0ca2a85f1b8b3f132",
            "dhcp_options_id": "dopt-03901077afe100ccb",
            "enable_dns_hostnames": true,
            "enable_dns_support": true,
            "enable_network_address_usage_metrics": false,
            "id": "vpc-0c5b5be65746da882",
            "instance_tenancy": "default",
            "ipv4_ipam_pool_id": null,
            "ipv4_netmask_length": null,
            "ipv6_association_id": "",
            "ipv6_cidr_block": "",
            "ipv6_cidr_block_network_border_group": "",
            "ipv6_ipam_pool_id": "",
            "ipv6_netmask_length": 0,
            "main_route_table_id": "rtb-03f630cb6ec08ca79",
            "owner_id": "566115828526",
            "tags": {
              "Budget": "minimal",
              "Course": "Software Architecture",
              "Environment": "dev",
              "ManagedBy": "Terraform",
              "Name": "neumo-dev-vpc",
              "Owner": "student@university.edu",
              "Project": "NeumoDiagnostics",
              "Team": "NeumoDiagnostics"
            },
            "tags_all": {
              "Budget": "minimal",
              "Course": "Software Architecture",
              "Environment": "dev",
              "ManagedBy": "Terraform",
              "Name": "neumo-dev-vpc",
              "Owner": "student@university.edu",
              "Project": "NeumoDiagnostics",
              "Repository": "NeumoDiagnostics-Docker-1",
              "Team": "NeumoDiagnostics"
            }
          },
          "sensitive_attributes": [],
          "identity_schema_version": 0,
          "private": "eyJzY2hlbWFfdmVyc2lvbiI6IjEifQ=="
        }
      ]
    },
    {
      "module": "module.rabbitmq",
      "mode": "managed",
      "type": "aws_ecs_service",
      "name": "rabbitmq",
      "provider": "provider[\"registry.terraform.io/hashicorp/aws\"]",
      "instances": [
        {
          "schema_version": 1,
          "attributes": {
            "alarms": [],
            "availability_zone_rebalancing": "DISABLED",
            "capacity_provider_strategy": [],
            "cluster": "arn:aws:ecs:us-east-1:566115828526:cluster/neumo-dev-cluster",
            "deployment_circuit_breaker": [
              {
                "enable": false,
                "rollback": false
              }
            ],
            "deployment_controller": [
              {
                "type": "ECS"
              }
            ],
            "deployment_maximum_percent": 200,
            "deployment_minimum_healthy_percent": 100,
            "desired_count": 0,
            "enable_ecs_managed_tags": false,
            "enable_execute_command": false,
            "force_delete": null,
            "force_new_deployment": null,
            "health_check_grace_period_seconds": 0,
            "iam_role": "/aws-service-role/ecs.amazonaws.com/AWSServiceRoleForECS",
            "id": "arn:aws:ecs:us-east-1:566115828526:service/neumo-dev-cluster/rabbitmq",
            "launch_type": "FARGATE",
            "load_balancer": [],
            "name": "rabbitmq",
            "network_configuration": [
              {
                "assign_public_ip": false,
                "security_groups": [
                  "sg-0a61124158599cb83"
                ],
                "subnets": [
                  "subnet-00d977fba2a50ff40",
                  "subnet-03f0878632e0779f5"
                ]
              }
            ],
            "ordered_placement_strategy": [],
            "placement_constraints": [],
            "platform_version": "LATEST",
            "propagate_tags": "NONE",
            "scheduling_strategy": "REPLICA",
            "service_connect_configuration": [],
            "service_registries": [
              {
                "container_name": "",
                "container_port": 0,
                "port": 0,
                "registry_arn": "arn:aws:servicediscovery:us-east-1:566115828526:service/srv-7gkflb3kfd5cjejw"
              }
            ],
            "tags": {
              "Budget": "minimal",
              "Course": "Software Architecture",
              "Environment": "dev",
              "ManagedBy": "Terraform",
              "Name": "neumo-dev-rabbitmq",
              "Owner": "student@university.edu",
              "Project": "NeumoDiagnostics",
              "Purpose": "Message Broker",
              "Service": "rabbitmq",
              "Team": "NeumoDiagnostics"
            },
            "tags_all": {
              "Budget": "minimal",
              "Course": "Software Architecture",
              "Environment": "dev",
              "ManagedBy": "Terraform",
              "Name": "neumo-dev-rabbitmq",
              "Owner": "student@university.edu",
              "Project": "NeumoDiagnostics",
              "Purpose": "Message Broker",
              "Repository": "NeumoDiagnostics-Docker-1",
              "Service": "rabbitmq",
              "Team": "NeumoDiagnostics"
            },
            "task_definition": "arn:aws:ecs:us-east-1:566115828526:task-definition/neumo-dev-rabbitmq:8",
            "timeouts": null,
            "triggers": {},
            "volume_configuration": [],
            "vpc_lattice_configurations": [],
            "wait_for_steady_state": false
          },
          "sensitive_attributes": [],
          "identity_schema_version": 0,
          "private": "eyJlMmJmYjczMC1lY2FhLTExZTYtOGY4OC0zNDM2M2JjN2M0YzAiOnsiY3JlYXRlIjoxMjAwMDAwMDAwMDAwLCJkZWxldGUiOjEyMDAwMDAwMDAwMDAsInVwZGF0ZSI6MTIwMDAwMDAwMDAwMH0sInNjaGVtYV92ZXJzaW9uIjoiMSJ9",
          "dependencies": [
            "module.ecs_cluster.aws_cloudwatch_log_group.ecs",
            "module.ecs_cluster.aws_ecs_cluster.main",
            "module.ecs_cluster.aws_iam_role.ecs_task",
            "module.ecs_cluster.aws_iam_role.ecs_task_execution",
            "module.network.aws_subnet.private",
            "module.network.aws_vpc.main",
            "module.rabbitmq.aws_ecs_task_definition.rabbitmq",
            "module.rabbitmq.aws_security_group.rabbitmq",
            "module.service_discovery.aws_service_discovery_private_dns_namespace.main",
            "module.service_discovery.aws_service_discovery_service.services"
          ]
        }
      ]
    },
    {
      "module": "module.rabbitmq",
      "mode": "managed",
      "type": "aws_ecs_task_definition",
      "name": "rabbitmq",
      "provider": "provider[\"registry.terraform.io/hashicorp/aws\"]",
      "instances": [
        {
          "schema_version": 1,
          "attributes": {
            "arn": "arn:aws:ecs:us-east-1:566115828526:task-definition/neumo-dev-rabbitmq:8",
            "arn_without_revision": "arn:aws:ecs:us-east-1:566115828526:task-definition/neumo-dev-rabbitmq",
            "container_definitions": "[{\"cpu\":256,\"environment\":[{\"name\":\"RABBITMQ_DEFAULT_PASS\",\"value\":\"guest\"},{\"name\":\"RABBITMQ_DEFAULT_USER\",\"value\":\"guest\"},{\"name\":\"RABBITMQ_ERLANG_COOKIE\",\"value\":\"neumo-rabbitmq-secret-cookie\"},{\"name\":\"RABBITMQ_NODENAME\",\"value\":\"rabbit@localhost\"}],\"essential\":true,\"healthCheck\":{\"command\":[\"CMD-SHELL\",\"rabbitmq-diagnostics -q check_running\"],\"interval\":30,\"retries\":5,\"startPeriod\":120,\"timeout\":10},\"image\":\"rabbitmq:3-management\",\"logConfiguration\":{\"logDriver\":\"awslogs\",\"options\":{\"awslogs-group\":\"/ecs/neumo-dev\",\"awslogs-region\":\"us-east-1\",\"awslogs-stream-prefix\":\"rabbitmq\"}},\"memory\":512,\"mountPoints\":[],\"name\":\"rabbitmq\",\"portMappings\":[{\"containerPort\":5672,\"hostPort\":5672,\"protocol\":\"tcp\"},{\"containerPort\":15672,\"hostPort\":15672,\"protocol\":\"tcp\"}],\"systemControls\":[],\"user\":\"0:0\",\"volumesFrom\":[]}]",
            "cpu": "256",
            "enable_fault_injection": false,
            "ephemeral_storage": [],
            "execution_role_arn": "arn:aws:iam::566115828526:role/neumo-dev-ecs-task-execution",
            "family": "neumo-dev-rabbitmq",
            "id": "neumo-dev-rabbitmq",
            "inference_accelerator": [],
            "ipc_mode": "",
            "memory": "512",
            "network_mode": "awsvpc",
            "pid_mode": "",
            "placement_constraints": [],
            "proxy_configuration": [],
            "requires_compatibilities": [
              "FARGATE"
            ],
            "revision": 8,
            "runtime_platform": [],
            "skip_destroy": false,
            "tags": {
              "Budget": "minimal",
              "Course": "Software Architecture",
              "Environment": "dev",
              "ManagedBy": "Terraform",
              "Name": "neumo-dev-rabbitmq-task",
              "Owner": "student@university.edu",
              "Project": "NeumoDiagnostics",
              "Purpose": "Message Broker",
              "Service": "rabbitmq",
              "Team": "NeumoDiagnostics"
            },
            "tags_all": {
              "Budget": "minimal",
              "Course": "Software Architecture",
              "Environment": "dev",
              "ManagedBy": "Terraform",
              "Name": "neumo-dev-rabbitmq-task",
              "Owner": "student@university.edu",
              "Project": "NeumoDiagnostics",
              "Purpose": "Message Broker",
              "Repository": "NeumoDiagnostics-Docker-1",
              "Service": "rabbitmq",
              "Team": "NeumoDiagnostics"
            },
            "task_role_arn": "arn:aws:iam::566115828526:role/neumo-dev-ecs-task",
            "track_latest": false,
            "volume": []
          },
          "sensitive_attributes": [
            [
              {
                "type": "get_attr",
                "value": "container_definitions"
              }
            ]
          ],
          "identity_schema_version": 0,
          "private": "eyJzY2hlbWFfdmVyc2lvbiI6IjEifQ==",
          "dependencies": [
            "module.ecs_cluster.aws_cloudwatch_log_group.ecs",
            "module.ecs_cluster.aws_iam_role.ecs_task",
            "module.ecs_cluster.aws_iam_role.ecs_task_execution"
          ]
        }
      ]
    },
    {
      "module": "module.rabbitmq",
      "mode": "managed",
      "type": "aws_security_group",
      "name": "rabbitmq",
      "provider": "provider[\"registry.terraform.io/hashicorp/aws\"]",
      "instances": [
        {
          "schema_version": 1,
          "attributes": {
            "arn": "arn:aws:ec2:us-east-1:566115828526:security-group/sg-0a61124158599cb83",
            "description": "Security group for RabbitMQ ECS service",
            "egress": [
              {
                "cidr_blocks": [
                  "0.0.0.0/0"
                ],
                "description": "",
                "from_port": 0,
                "ipv6_cidr_blocks": [],
                "prefix_list_ids": [],
                "protocol": "-1",
                "security_groups": [],
                "self": false,
                "to_port": 0
              }
            ],
            "id": "sg-0a61124158599cb83",
            "ingress": [
              {
                "cidr_blocks": [
                  "10.0.10.0/24",
                  "10.0.20.0/24"
                ],
                "description": "AMQP from private subnets",
                "from_port": 5672,
                "ipv6_cidr_blocks": [],
                "prefix_list_ids": [],
                "protocol": "tcp",
                "security_groups": [],
                "self": false,
                "to_port": 5672
              },
              {
                "cidr_blocks": [
                  "10.0.10.0/24",
                  "10.0.20.0/24"
                ],
                "description": "RabbitMQ Management UI",
                "from_port": 15672,
                "ipv6_cidr_blocks": [],
                "prefix_list_ids": [],
                "protocol": "tcp",
                "security_groups": [],
                "self": false,
                "to_port": 15672
              }
            ],
            "name": "neumo-dev-rabbitmq-sg",
            "name_prefix": "",
            "owner_id": "566115828526",
            "revoke_rules_on_delete": false,
            "tags": {
              "Budget": "minimal",
              "Course": "Software Architecture",
              "Environment": "dev",
              "ManagedBy": "Terraform",
              "Name": "neumo-dev-rabbitmq-sg",
              "Owner": "student@university.edu",
              "Project": "NeumoDiagnostics",
              "Purpose": "Message Broker",
              "Service": "rabbitmq",
              "Team": "NeumoDiagnostics"
            },
            "tags_all": {
              "Budget": "minimal",
              "Course": "Software Architecture",
              "Environment": "dev",
              "ManagedBy": "Terraform",
              "Name": "neumo-dev-rabbitmq-sg",
              "Owner": "student@university.edu",
              "Project": "NeumoDiagnostics",
              "Purpose": "Message Broker",
              "Repository": "NeumoDiagnostics-Docker-1",
              "Service": "rabbitmq",
              "Team": "NeumoDiagnostics"
            },
            "timeouts": null,
            "vpc_id": "vpc-0c5b5be65746da882"
          },
          "sensitive_attributes": [],
          "identity_schema_version": 0,
          "private": "eyJlMmJmYjczMC1lY2FhLTExZTYtOGY4OC0zNDM2M2JjN2M0YzAiOnsiY3JlYXRlIjo2MDAwMDAwMDAwMDAsImRlbGV0ZSI6OTAwMDAwMDAwMDAwfSwic2NoZW1hX3ZlcnNpb24iOiIxIn0=",
          "dependencies": [
            "module.network.aws_subnet.private",
            "module.network.aws_vpc.main"
          ]
        }
      ]
    },
    {
      "module": "module.rds",
      "mode": "managed",
      "type": "aws_cloudwatch_metric_alarm",
      "name": "cpu_high",
      "provider": "provider[\"registry.terraform.io/hashicorp/aws\"]",
      "instances": [
        {
          "index_key": 0,
          "schema_version": 1,
          "attributes": {
            "actions_enabled": true,
            "alarm_actions": [],
            "alarm_description": "RDS CPU utilization is too high",
            "alarm_name": "neumo-dev-rds-cpu-high",
            "arn": "arn:aws:cloudwatch:us-east-1:566115828526:alarm:neumo-dev-rds-cpu-high",
            "comparison_operator": "GreaterThanThreshold",
            "datapoints_to_alarm": 0,
            "dimensions": {
              "DBInstanceIdentifier": "neumo-dev-auth-db"
            },
            "evaluate_low_sample_count_percentiles": "",
            "evaluation_periods": 3,
            "extended_statistic": "",
            "id": "neumo-dev-rds-cpu-high",
            "insufficient_data_actions": [],
            "metric_name": "CPUUtilization",
            "metric_query": [],
            "namespace": "AWS/RDS",
            "ok_actions": [],
            "period": 300,
            "statistic": "Average",
            "tags": {
              "Budget": "minimal",
              "Course": "Software Architecture",
              "Environment": "dev",
              "FailoverType": "WarmSpare",
              "ManagedBy": "Terraform",
              "Owner": "student@university.edu",
              "Pattern": "DatabaseFailover",
              "Project": "NeumoDiagnostics",
              "Scenario": "4-Failover",
              "Team": "NeumoDiagnostics"
            },
            "tags_all": {
              "Budget": "minimal",
              "Course": "Software Architecture",
              "Environment": "dev",
              "FailoverType": "WarmSpare",
              "ManagedBy": "Terraform",
              "Owner": "student@university.edu",
              "Pattern": "DatabaseFailover",
              "Project": "NeumoDiagnostics",
              "Repository": "NeumoDiagnostics-Docker-1",
              "Scenario": "4-Failover",
              "Team": "NeumoDiagnostics"
            },
            "threshold": 80,
            "threshold_metric_id": "",
            "treat_missing_data": "missing",
            "unit": ""
          },
          "sensitive_attributes": [],
          "identity_schema_version": 0,
          "private": "eyJzY2hlbWFfdmVyc2lvbiI6IjEifQ==",
          "dependencies": [
            "module.network.aws_subnet.private",
            "module.network.aws_vpc.main",
            "module.rds.aws_db_instance.main",
            "module.rds.aws_db_parameter_group.main",
            "module.rds.aws_db_subnet_group.main",
            "module.rds.aws_iam_role.rds_monitoring",
            "module.rds.aws_security_group.rds"
          ]
        }
      ]
    },
    {
      "module": "module.rds",
      "mode": "managed",
      "type": "aws_cloudwatch_metric_alarm",
      "name": "storage_low",
      "provider": "provider[\"registry.terraform.io/hashicorp/aws\"]",
      "instances": [
        {
          "index_key": 0,
          "schema_version": 1,
          "attributes": {
            "actions_enabled": true,
            "alarm_actions": [],
            "alarm_description": "RDS free storage space is too low",
            "alarm_name": "neumo-dev-rds-storage-low",
            "arn": "arn:aws:cloudwatch:us-east-1:566115828526:alarm:neumo-dev-rds-storage-low",
            "comparison_operator": "LessThanThreshold",
            "datapoints_to_alarm": 0,
            "dimensions": {
              "DBInstanceIdentifier": "neumo-dev-auth-db"
            },
            "evaluate_low_sample_count_percentiles": "",
            "evaluation_periods": 1,
            "extended_statistic": "",
            "id": "neumo-dev-rds-storage-low",
            "insufficient_data_actions": [],
            "metric_name": "FreeStorageSpace",
            "metric_query": [],
            "namespace": "AWS/RDS",
            "ok_actions": [],
            "period": 300,
            "statistic": "Average",
            "tags": {
              "Budget": "minimal",
              "Course": "Software Architecture",
              "Environment": "dev",
              "FailoverType": "WarmSpare",
              "ManagedBy": "Terraform",
              "Owner": "student@university.edu",
              "Pattern": "DatabaseFailover",
              "Project": "NeumoDiagnostics",
              "Scenario": "4-Failover",
              "Team": "NeumoDiagnostics"
            },
            "tags_all": {
              "Budget": "minimal",
              "Course": "Software Architecture",
              "Environment": "dev",
              "FailoverType": "WarmSpare",
              "ManagedBy": "Terraform",
              "Owner": "student@university.edu",
              "Pattern": "DatabaseFailover",
              "Project": "NeumoDiagnostics",
              "Repository": "NeumoDiagnostics-Docker-1",
              "Scenario": "4-Failover",
              "Team": "NeumoDiagnostics"
            },
            "threshold": 5368709120,
            "threshold_metric_id": "",
            "treat_missing_data": "missing",
            "unit": ""
          },
          "sensitive_attributes": [],
          "identity_schema_version": 0,
          "private": "eyJzY2hlbWFfdmVyc2lvbiI6IjEifQ==",
          "dependencies": [
            "module.network.aws_subnet.private",
            "module.network.aws_vpc.main",
            "module.rds.aws_db_instance.main",
            "module.rds.aws_db_parameter_group.main",
            "module.rds.aws_db_subnet_group.main",
            "module.rds.aws_iam_role.rds_monitoring",
            "module.rds.aws_security_group.rds"
          ]
        }
      ]
    },
    {
      "module": "module.rds",
      "mode": "managed",
      "type": "aws_db_instance",
      "name": "main",
      "provider": "provider[\"registry.terraform.io/hashicorp/aws\"]",
      "instances": [
        {
          "schema_version": 2,
          "attributes": {
            "address": "neumo-dev-auth-db.cgl0ou8kgi9a.us-east-1.rds.amazonaws.com",
            "allocated_storage": 20,
            "allow_major_version_upgrade": null,
            "apply_immediately": false,
            "arn": "arn:aws:rds:us-east-1:566115828526:db:neumo-dev-auth-db",
            "auto_minor_version_upgrade": true,
            "availability_zone": "us-east-1b",
            "backup_retention_period": 1,
            "backup_target": "region",
            "backup_window": "03:00-04:00",
            "blue_green_update": [],
            "ca_cert_identifier": "rds-ca-rsa2048-g1",
            "character_set_name": "",
            "copy_tags_to_snapshot": true,
            "custom_iam_instance_profile": "",
            "customer_owned_ip_enabled": false,
            "database_insights_mode": "standard",
            "db_name": "auth_db",
            "db_subnet_group_name": "neumo-dev-db-subnet-group",
            "dedicated_log_volume": false,
            "delete_automated_backups": true,
            "deletion_protection": false,
            "domain": "",
            "domain_auth_secret_arn": "",
            "domain_dns_ips": [],
            "domain_fqdn": "",
            "domain_iam_role_name": "",
            "domain_ou": "",
            "enabled_cloudwatch_logs_exports": [
              "postgresql",
              "upgrade"
            ],
            "endpoint": "neumo-dev-auth-db.cgl0ou8kgi9a.us-east-1.rds.amazonaws.com:5432",
            "engine": "postgres",
            "engine_lifecycle_support": "open-source-rds-extended-support",
            "engine_version": "15.10",
            "engine_version_actual": "15.10",
            "final_snapshot_identifier": null,
            "hosted_zone_id": "Z2R2ITUGPM61AM",
            "iam_database_authentication_enabled": false,
            "id": "db-35VAXHTNANKD2YRFYBJZLWX35A",
            "identifier": "neumo-dev-auth-db",
            "identifier_prefix": "",
            "instance_class": "db.t3.micro",
            "iops": 3000,
            "kms_key_id": "arn:aws:kms:us-east-1:566115828526:key/fe41159b-e85c-454d-96b1-58006f320fa9",
            "latest_restorable_time": "2025-12-09T02:19:38Z",
            "license_model": "postgresql-license",
            "listener_endpoint": [],
            "maintenance_window": "sun:04:00-sun:05:00",
            "manage_master_user_password": null,
            "master_user_secret": [],
            "master_user_secret_kms_key_id": null,
            "max_allocated_storage": 20,
            "monitoring_interval": 60,
            "monitoring_role_arn": "arn:aws:iam::566115828526:role/neumo-dev-rds-monitoring",
            "multi_az": false,
            "nchar_character_set_name": "",
            "network_type": "IPV4",
            "option_group_name": "default:postgres-15",
            "parameter_group_name": "neumo-dev-pg-params",
            "password": "NeumoDbPass2024",
            "password_wo": null,
            "password_wo_version": null,
            "performance_insights_enabled": true,
            "performance_insights_kms_key_id": "arn:aws:kms:us-east-1:566115828526:key/fe41159b-e85c-454d-96b1-58006f320fa9",
            "performance_insights_retention_period": 7,
            "port": 5432,
            "publicly_accessible": false,
            "replica_mode": "",
            "replicas": [],
            "replicate_source_db": "",
            "resource_id": "db-35VAXHTNANKD2YRFYBJZLWX35A",
            "restore_to_point_in_time": [],
            "s3_import": [],
            "skip_final_snapshot": true,
            "snapshot_identifier": null,
            "status": "resetting-master-credentials",
            "storage_encrypted": true,
            "storage_throughput": 125,
            "storage_type": "gp3",
            "tags": {
              "ActiveInstance": "Primary",
              "Budget": "minimal",
              "Course": "Software Architecture",
              "Environment": "dev",
              "FailoverType": "AutomaticMultiAZ",
              "ManagedBy": "Terraform",
              "Name": "neumo-dev-auth-db",
              "Owner": "student@university.edu",
              "Pattern": "WarmSpare",
              "Project": "NeumoDiagnostics",
              "Scenario": "4-DatabaseFailover",
              "Team": "NeumoDiagnostics"
            },
            "tags_all": {
              "ActiveInstance": "Primary",
              "Budget": "minimal",
              "Course": "Software Architecture",
              "Environment": "dev",
              "FailoverType": "AutomaticMultiAZ",
              "ManagedBy": "Terraform",
              "Name": "neumo-dev-auth-db",
              "Owner": "student@university.edu",
              "Pattern": "WarmSpare",
              "Project": "NeumoDiagnostics",
              "Repository": "NeumoDiagnostics-Docker-1",
              "Scenario": "4-DatabaseFailover",
              "Team": "NeumoDiagnostics"
            },
            "timeouts": null,
            "timezone": "",
            "upgrade_storage_config": null,
            "username": "postgres",
            "vpc_security_group_ids": [
              "sg-02a146ad06f941797"
            ]
          },
          "sensitive_attributes": [
            [
              {
                "type": "get_attr",
                "value": "password"
              }
            ],
            [
              {
                "type": "get_attr",
                "value": "password_wo"
              }
            ],
            [
              {
                "type": "get_attr",
                "value": "username"
              }
            ]
          ],
          "identity_schema_version": 0,
          "private": "eyJlMmJmYjczMC1lY2FhLTExZTYtOGY4OC0zNDM2M2JjN2M0YzAiOnsiY3JlYXRlIjozMDAwMDAwMDAwMDAwLCJkZWxldGUiOjM2MDAwMDAwMDAwMDAsInVwZGF0ZSI6NDgwMDAwMDAwMDAwMH0sInNjaGVtYV92ZXJzaW9uIjoiMiJ9",
          "dependencies": [
            "module.network.aws_subnet.private",
            "module.network.aws_vpc.main",
            "module.rds.aws_db_parameter_group.main",
            "module.rds.aws_db_subnet_group.main",
            "module.rds.aws_iam_role.rds_monitoring",
            "module.rds.aws_security_group.rds"
          ]
        }
      ]
    },
    {
      "module": "module.rds",
      "mode": "managed",
      "type": "aws_db_parameter_group",
      "name": "main",
      "provider": "provider[\"registry.terraform.io/hashicorp/aws\"]",
      "instances": [
        {
          "schema_version": 0,
          "attributes": {
            "arn": "arn:aws:rds:us-east-1:566115828526:pg:neumo-dev-pg-params",
            "description": "Parameter group for neumo-dev",
            "family": "postgres15",
            "id": "neumo-dev-pg-params",
            "name": "neumo-dev-pg-params",
            "name_prefix": "",
            "parameter": [
              {
                "apply_method": "immediate",
                "name": "log_min_duration_statement",
                "value": "1000"
              },
              {
                "apply_method": "immediate",
                "name": "log_statement",
                "value": "all"
              }
            ],
            "skip_destroy": false,
            "tags": {
              "Budget": "minimal",
              "Course": "Software Architecture",
              "Environment": "dev",
              "FailoverType": "WarmSpare",
              "ManagedBy": "Terraform",
              "Owner": "student@university.edu",
              "Pattern": "DatabaseFailover",
              "Project": "NeumoDiagnostics",
              "Scenario": "4-Failover",
              "Team": "NeumoDiagnostics"
            },
            "tags_all": {
              "Budget": "minimal",
              "Course": "Software Architecture",
              "Environment": "dev",
              "FailoverType": "WarmSpare",
              "ManagedBy": "Terraform",
              "Owner": "student@university.edu",
              "Pattern": "DatabaseFailover",
              "Project": "NeumoDiagnostics",
              "Repository": "NeumoDiagnostics-Docker-1",
              "Scenario": "4-Failover",
              "Team": "NeumoDiagnostics"
            }
          },
          "sensitive_attributes": [],
          "identity_schema_version": 0,
          "private": "bnVsbA=="
        }
      ]
    },
    {
      "module": "module.rds",
      "mode": "managed",
      "type": "aws_db_subnet_group",
      "name": "main",
      "provider": "provider[\"registry.terraform.io/hashicorp/aws\"]",
      "instances": [
        {
          "schema_version": 0,
          "attributes": {
            "arn": "arn:aws:rds:us-east-1:566115828526:subgrp:neumo-dev-db-subnet-group",
            "description": "Subnet group for RDS instances",
            "id": "neumo-dev-db-subnet-group",
            "name": "neumo-dev-db-subnet-group",
            "name_prefix": "",
            "subnet_ids": [
              "subnet-00d977fba2a50ff40",
              "subnet-03f0878632e0779f5"
            ],
            "supported_network_types": [
              "IPV4"
            ],
            "tags": {
              "Budget": "minimal",
              "Course": "Software Architecture",
              "Environment": "dev",
              "FailoverType": "WarmSpare",
              "ManagedBy": "Terraform",
              "Name": "neumo-dev-db-subnet-group",
              "Owner": "student@university.edu",
              "Pattern": "DatabaseFailover",
              "Project": "NeumoDiagnostics",
              "Scenario": "4-Failover",
              "Team": "NeumoDiagnostics"
            },
            "tags_all": {
              "Budget": "minimal",
              "Course": "Software Architecture",
              "Environment": "dev",
              "FailoverType": "WarmSpare",
              "ManagedBy": "Terraform",
              "Name": "neumo-dev-db-subnet-group",
              "Owner": "student@university.edu",
              "Pattern": "DatabaseFailover",
              "Project": "NeumoDiagnostics",
              "Repository": "NeumoDiagnostics-Docker-1",
              "Scenario": "4-Failover",
              "Team": "NeumoDiagnostics"
            },
            "vpc_id": "vpc-0c5b5be65746da882"
          },
          "sensitive_attributes": [],
          "identity_schema_version": 0,
          "private": "bnVsbA==",
          "dependencies": [
            "module.network.aws_subnet.private",
            "module.network.aws_vpc.main"
          ]
        }
      ]
    },
    {
      "module": "module.rds",
      "mode": "managed",
      "type": "aws_iam_role",
      "name": "rds_monitoring",
      "provider": "provider[\"registry.terraform.io/hashicorp/aws\"]",
      "instances": [
        {
          "index_key": 0,
          "schema_version": 0,
          "attributes": {
            "arn": "arn:aws:iam::566115828526:role/neumo-dev-rds-monitoring",
            "assume_role_policy": "{\"Statement\":[{\"Action\":\"sts:AssumeRole\",\"Effect\":\"Allow\",\"Principal\":{\"Service\":\"monitoring.rds.amazonaws.com\"}}],\"Version\":\"2012-10-17\"}",
            "create_date": "2025-12-08T15:23:41Z",
            "description": "",
            "force_detach_policies": false,
            "id": "neumo-dev-rds-monitoring",
            "inline_policy": [],
            "managed_policy_arns": [
              "arn:aws:iam::aws:policy/service-role/AmazonRDSEnhancedMonitoringRole"
            ],
            "max_session_duration": 3600,
            "name": "neumo-dev-rds-monitoring",
            "name_prefix": "",
            "path": "/",
            "permissions_boundary": "",
            "tags": {
              "Budget": "minimal",
              "Course": "Software Architecture",
              "Environment": "dev",
              "FailoverType": "WarmSpare",
              "ManagedBy": "Terraform",
              "Owner": "student@university.edu",
              "Pattern": "DatabaseFailover",
              "Project": "NeumoDiagnostics",
              "Scenario": "4-Failover",
              "Team": "NeumoDiagnostics"
            },
            "tags_all": {
              "Budget": "minimal",
              "Course": "Software Architecture",
              "Environment": "dev",
              "FailoverType": "WarmSpare",
              "ManagedBy": "Terraform",
              "Owner": "student@university.edu",
              "Pattern": "DatabaseFailover",
              "Project": "NeumoDiagnostics",
              "Repository": "NeumoDiagnostics-Docker-1",
              "Scenario": "4-Failover",
              "Team": "NeumoDiagnostics"
            },
            "unique_id": "AROAYHTZCAMXK66ATHP7E"
          },
          "sensitive_attributes": [],
          "identity_schema_version": 0,
          "private": "bnVsbA=="
        }
      ]
    },
    {
      "module": "module.rds",
      "mode": "managed",
      "type": "aws_iam_role_policy_attachment",
      "name": "rds_monitoring",
      "provider": "provider[\"registry.terraform.io/hashicorp/aws\"]",
      "instances": [
        {
          "index_key": 0,
          "schema_version": 0,
          "attributes": {
            "id": "neumo-dev-rds-monitoring-20251208152401092300000002",
            "policy_arn": "arn:aws:iam::aws:policy/service-role/AmazonRDSEnhancedMonitoringRole",
            "role": "neumo-dev-rds-monitoring"
          },
          "sensitive_attributes": [],
          "identity_schema_version": 0,
          "private": "bnVsbA==",
          "dependencies": [
            "module.rds.aws_iam_role.rds_monitoring"
          ]
        }
      ]
    },
    {
      "module": "module.rds",
      "mode": "managed",
      "type": "aws_security_group",
      "name": "rds",
      "provider": "provider[\"registry.terraform.io/hashicorp/aws\"]",
      "instances": [
        {
          "schema_version": 1,
          "attributes": {
            "arn": "arn:aws:ec2:us-east-1:566115828526:security-group/sg-02a146ad06f941797",
            "description": "Security group for RDS PostgreSQL",
            "egress": [
              {
                "cidr_blocks": [
                  "0.0.0.0/0"
                ],
                "description": "",
                "from_port": 0,
                "ipv6_cidr_blocks": [],
                "prefix_list_ids": [],
                "protocol": "-1",
                "security_groups": [],
                "self": false,
                "to_port": 0
              }
            ],
            "id": "sg-02a146ad06f941797",
            "ingress": [
              {
                "cidr_blocks": [
                  "10.0.10.0/24",
                  "10.0.20.0/24"
                ],
                "description": "PostgreSQL from ECS",
                "from_port": 5432,
                "ipv6_cidr_blocks": [],
                "prefix_list_ids": [],
                "protocol": "tcp",
                "security_groups": [],
                "self": false,
                "to_port": 5432
              }
            ],
            "name": "neumo-dev-rds-sg",
            "name_prefix": "",
            "owner_id": "566115828526",
            "revoke_rules_on_delete": false,
            "tags": {
              "Budget": "minimal",
              "Course": "Software Architecture",
              "Environment": "dev",
              "FailoverType": "WarmSpare",
              "ManagedBy": "Terraform",
              "Name": "neumo-dev-rds-sg",
              "Owner": "student@university.edu",
              "Pattern": "DatabaseFailover",
              "Project": "NeumoDiagnostics",
              "Scenario": "4-Failover",
              "Team": "NeumoDiagnostics"
            },
            "tags_all": {
              "Budget": "minimal",
              "Course": "Software Architecture",
              "Environment": "dev",
              "FailoverType": "WarmSpare",
              "ManagedBy": "Terraform",
              "Name": "neumo-dev-rds-sg",
              "Owner": "student@university.edu",
              "Pattern": "DatabaseFailover",
              "Project": "NeumoDiagnostics",
              "Repository": "NeumoDiagnostics-Docker-1",
              "Scenario": "4-Failover",
              "Team": "NeumoDiagnostics"
            },
            "timeouts": null,
            "vpc_id": "vpc-0c5b5be65746da882"
          },
          "sensitive_attributes": [],
          "identity_schema_version": 0,
          "private": "eyJlMmJmYjczMC1lY2FhLTExZTYtOGY4OC0zNDM2M2JjN2M0YzAiOnsiY3JlYXRlIjo2MDAwMDAwMDAwMDAsImRlbGV0ZSI6OTAwMDAwMDAwMDAwfSwic2NoZW1hX3ZlcnNpb24iOiIxIn0=",
          "dependencies": [
            "module.network.aws_subnet.private",
            "module.network.aws_vpc.main"
          ]
        }
      ]
    },
    {
      "module": "module.s3",
      "mode": "managed",
      "type": "aws_s3_bucket",
      "name": "models",
      "provider": "provider[\"registry.terraform.io/hashicorp/aws\"]",
      "instances": [
        {
          "schema_version": 0,
          "attributes": {
            "acceleration_status": "",
            "acl": null,
            "arn": "arn:aws:s3:::neumo-dev-models-566115828526",
            "bucket": "neumo-dev-models-566115828526",
            "bucket_domain_name": "neumo-dev-models-566115828526.s3.amazonaws.com",
            "bucket_prefix": "",
            "bucket_regional_domain_name": "neumo-dev-models-566115828526.s3.us-east-1.amazonaws.com",
            "cors_rule": [],
            "force_destroy": false,
            "grant": [
              {
                "id": "fa354eabb8e5e68030f3042ec4c8cd0a00b401df94052b3c5246b1f2b1323d96",
                "permissions": [
                  "FULL_CONTROL"
                ],
                "type": "CanonicalUser",
                "uri": ""
              }
            ],
            "hosted_zone_id": "Z3AQBSTGFYJSTF",
            "id": "neumo-dev-models-566115828526",
            "lifecycle_rule": [],
            "logging": [],
            "object_lock_configuration": [],
            "object_lock_enabled": false,
            "policy": "",
            "region": "us-east-1",
            "replication_configuration": [],
            "request_payer": "BucketOwner",
            "server_side_encryption_configuration": [
              {
                "rule": [
                  {
                    "apply_server_side_encryption_by_default": [
                      {
                        "kms_master_key_id": "",
                        "sse_algorithm": "AES256"
                      }
                    ],
                    "bucket_key_enabled": false
                  }
                ]
              }
            ],
            "tags": {
              "Budget": "minimal",
              "Course": "Software Architecture",
              "Environment": "dev",
              "ManagedBy": "Terraform",
              "Name": "neumo-dev-models",
              "Owner": "student@university.edu",
              "Project": "NeumoDiagnostics",
              "Purpose": "ML Models Storage",
              "Team": "NeumoDiagnostics"
            },
            "tags_all": {
              "Budget": "minimal",
              "Course": "Software Architecture",
              "Environment": "dev",
              "ManagedBy": "Terraform",
              "Name": "neumo-dev-models",
              "Owner": "student@university.edu",
              "Project": "NeumoDiagnostics",
              "Purpose": "ML Models Storage",
              "Repository": "NeumoDiagnostics-Docker-1",
              "Team": "NeumoDiagnostics"
            },
            "timeouts": null,
            "versioning": [
              {
                "enabled": true,
                "mfa_delete": false
              }
            ],
            "website": [],
            "website_domain": null,
            "website_endpoint": null
          },
          "sensitive_attributes": [],
          "identity_schema_version": 0,
          "private": "eyJlMmJmYjczMC1lY2FhLTExZTYtOGY4OC0zNDM2M2JjN2M0YzAiOnsiY3JlYXRlIjoxMjAwMDAwMDAwMDAwLCJkZWxldGUiOjM2MDAwMDAwMDAwMDAsInJlYWQiOjEyMDAwMDAwMDAwMDAsInVwZGF0ZSI6MTIwMDAwMDAwMDAwMH19",
          "dependencies": [
            "data.aws_caller_identity.current"
          ]
        }
      ]
    },
    {
      "module": "module.s3",
      "mode": "managed",
      "type": "aws_s3_bucket",
      "name": "radiographs",
      "provider": "provider[\"registry.terraform.io/hashicorp/aws\"]",
      "instances": [
        {
          "schema_version": 0,
          "attributes": {
            "acceleration_status": "",
            "acl": null,
            "arn": "arn:aws:s3:::neumo-dev-radiographs-566115828526",
            "bucket": "neumo-dev-radiographs-566115828526",
            "bucket_domain_name": "neumo-dev-radiographs-566115828526.s3.amazonaws.com",
            "bucket_prefix": "",
            "bucket_regional_domain_name": "neumo-dev-radiographs-566115828526.s3.us-east-1.amazonaws.com",
            "cors_rule": [],
            "force_destroy": false,
            "grant": [
              {
                "id": "fa354eabb8e5e68030f3042ec4c8cd0a00b401df94052b3c5246b1f2b1323d96",
                "permissions": [
                  "FULL_CONTROL"
                ],
                "type": "CanonicalUser",
                "uri": ""
              }
            ],
            "hosted_zone_id": "Z3AQBSTGFYJSTF",
            "id": "neumo-dev-radiographs-566115828526",
            "lifecycle_rule": [
              {
                "abort_incomplete_multipart_upload_days": 0,
                "enabled": true,
                "expiration": [
                  {
                    "date": "",
                    "days": 365,
                    "expired_object_delete_marker": false
                  }
                ],
                "id": "archive-old-radiographs",
                "noncurrent_version_expiration": [],
                "noncurrent_version_transition": [],
                "prefix": "",
                "tags": {},
                "transition": [
                  {
                    "date": "",
                    "days": 90,
                    "storage_class": "GLACIER"
                  }
                ]
              }
            ],
            "logging": [],
            "object_lock_configuration": [],
            "object_lock_enabled": false,
            "policy": "",
            "region": "us-east-1",
            "replication_configuration": [],
            "request_payer": "BucketOwner",
            "server_side_encryption_configuration": [
              {
                "rule": [
                  {
                    "apply_server_side_encryption_by_default": [
                      {
                        "kms_master_key_id": "",
                        "sse_algorithm": "AES256"
                      }
                    ],
                    "bucket_key_enabled": false
                  }
                ]
              }
            ],
            "tags": {
              "Budget": "minimal",
              "Course": "Software Architecture",
              "Environment": "dev",
              "ManagedBy": "Terraform",
              "Name": "neumo-dev-radiographs",
              "Owner": "student@university.edu",
              "Project": "NeumoDiagnostics",
              "Purpose": "Radiograph Images Storage",
              "Team": "NeumoDiagnostics"
            },
            "tags_all": {
              "Budget": "minimal",
              "Course": "Software Architecture",
              "Environment": "dev",
              "ManagedBy": "Terraform",
              "Name": "neumo-dev-radiographs",
              "Owner": "student@university.edu",
              "Project": "NeumoDiagnostics",
              "Purpose": "Radiograph Images Storage",
              "Repository": "NeumoDiagnostics-Docker-1",
              "Team": "NeumoDiagnostics"
            },
            "timeouts": null,
            "versioning": [
              {
                "enabled": true,
                "mfa_delete": false
              }
            ],
            "website": [],
            "website_domain": null,
            "website_endpoint": null
          },
          "sensitive_attributes": [],
          "identity_schema_version": 0,
          "private": "eyJlMmJmYjczMC1lY2FhLTExZTYtOGY4OC0zNDM2M2JjN2M0YzAiOnsiY3JlYXRlIjoxMjAwMDAwMDAwMDAwLCJkZWxldGUiOjM2MDAwMDAwMDAwMDAsInJlYWQiOjEyMDAwMDAwMDAwMDAsInVwZGF0ZSI6MTIwMDAwMDAwMDAwMH19",
          "dependencies": [
            "data.aws_caller_identity.current"
          ]
        }
      ]
    },
    {
      "module": "module.s3",
      "mode": "managed",
      "type": "aws_s3_bucket_lifecycle_configuration",
      "name": "radiographs",
      "provider": "provider[\"registry.terraform.io/hashicorp/aws\"]",
      "instances": [
        {
          "schema_version": 1,
          "attributes": {
            "bucket": "neumo-dev-radiographs-566115828526",
            "expected_bucket_owner": "",
            "id": "neumo-dev-radiographs-566115828526",
            "rule": [
              {
                "abort_incomplete_multipart_upload": [],
                "expiration": [
                  {
                    "date": null,
                    "days": 365,
                    "expired_object_delete_marker": false
                  }
                ],
                "filter": [
                  {
                    "and": [],
                    "object_size_greater_than": null,
                    "object_size_less_than": null,
                    "prefix": "",
                    "tag": []
                  }
                ],
                "id": "archive-old-radiographs",
                "noncurrent_version_expiration": [],
                "noncurrent_version_transition": [],
                "prefix": "",
                "status": "Enabled",
                "transition": [
                  {
                    "date": null,
                    "days": 90,
                    "storage_class": "GLACIER"
                  }
                ]
              }
            ],
            "timeouts": null,
            "transition_default_minimum_object_size": "all_storage_classes_128K"
          },
          "sensitive_attributes": [],
          "identity_schema_version": 0,
          "dependencies": [
            "data.aws_caller_identity.current",
            "module.s3.aws_s3_bucket.radiographs"
          ]
        }
      ]
    },
    {
      "module": "module.s3",
      "mode": "managed",
      "type": "aws_s3_bucket_public_access_block",
      "name": "models",
      "provider": "provider[\"registry.terraform.io/hashicorp/aws\"]",
      "instances": [
        {
          "schema_version": 0,
          "attributes": {
            "block_public_acls": true,
            "block_public_policy": true,
            "bucket": "neumo-dev-models-566115828526",
            "id": "neumo-dev-models-566115828526",
            "ignore_public_acls": true,
            "restrict_public_buckets": true
          },
          "sensitive_attributes": [],
          "identity_schema_version": 0,
          "private": "bnVsbA==",
          "dependencies": [
            "data.aws_caller_identity.current",
            "module.s3.aws_s3_bucket.models"
          ]
        }
      ]
    },
    {
      "module": "module.s3",
      "mode": "managed",
      "type": "aws_s3_bucket_public_access_block",
      "name": "radiographs",
      "provider": "provider[\"registry.terraform.io/hashicorp/aws\"]",
      "instances": [
        {
          "schema_version": 0,
          "attributes": {
            "block_public_acls": true,
            "block_public_policy": true,
            "bucket": "neumo-dev-radiographs-566115828526",
            "id": "neumo-dev-radiographs-566115828526",
            "ignore_public_acls": true,
            "restrict_public_buckets": true
          },
          "sensitive_attributes": [],
          "identity_schema_version": 0,
          "private": "bnVsbA==",
          "dependencies": [
            "data.aws_caller_identity.current",
            "module.s3.aws_s3_bucket.radiographs"
          ]
        }
      ]
    },
    {
      "module": "module.s3",
      "mode": "managed",
      "type": "aws_s3_bucket_server_side_encryption_configuration",
      "name": "models",
      "provider": "provider[\"registry.terraform.io/hashicorp/aws\"]",
      "instances": [
        {
          "schema_version": 0,
          "attributes": {
            "bucket": "neumo-dev-models-566115828526",
            "expected_bucket_owner": "",
            "id": "neumo-dev-models-566115828526",
            "rule": [
              {
                "apply_server_side_encryption_by_default": [
                  {
                    "kms_master_key_id": "",
                    "sse_algorithm": "AES256"
                  }
                ],
                "bucket_key_enabled": false
              }
            ]
          },
          "sensitive_attributes": [],
          "identity_schema_version": 0,
          "private": "bnVsbA==",
          "dependencies": [
            "data.aws_caller_identity.current",
            "module.s3.aws_s3_bucket.models"
          ]
        }
      ]
    },
    {
      "module": "module.s3",
      "mode": "managed",
      "type": "aws_s3_bucket_server_side_encryption_configuration",
      "name": "radiographs",
      "provider": "provider[\"registry.terraform.io/hashicorp/aws\"]",
      "instances": [
        {
          "schema_version": 0,
          "attributes": {
            "bucket": "neumo-dev-radiographs-566115828526",
            "expected_bucket_owner": "",
            "id": "neumo-dev-radiographs-566115828526",
            "rule": [
              {
                "apply_server_side_encryption_by_default": [
                  {
                    "kms_master_key_id": "",
                    "sse_algorithm": "AES256"
                  }
                ],
                "bucket_key_enabled": false
              }
            ]
          },
          "sensitive_attributes": [],
          "identity_schema_version": 0,
          "private": "bnVsbA==",
          "dependencies": [
            "data.aws_caller_identity.current",
            "module.s3.aws_s3_bucket.radiographs"
          ]
        }
      ]
    },
    {
      "module": "module.s3",
      "mode": "managed",
      "type": "aws_s3_bucket_versioning",
      "name": "models",
      "provider": "provider[\"registry.terraform.io/hashicorp/aws\"]",
      "instances": [
        {
          "schema_version": 0,
          "attributes": {
            "bucket": "neumo-dev-models-566115828526",
            "expected_bucket_owner": "",
            "id": "neumo-dev-models-566115828526",
            "mfa": null,
            "versioning_configuration": [
              {
                "mfa_delete": "",
                "status": "Enabled"
              }
            ]
          },
          "sensitive_attributes": [],
          "identity_schema_version": 0,
          "private": "bnVsbA==",
          "dependencies": [
            "data.aws_caller_identity.current",
            "module.s3.aws_s3_bucket.models"
          ]
        }
      ]
    },
    {
      "module": "module.s3",
      "mode": "managed",
      "type": "aws_s3_bucket_versioning",
      "name": "radiographs",
      "provider": "provider[\"registry.terraform.io/hashicorp/aws\"]",
      "instances": [
        {
          "schema_version": 0,
          "attributes": {
            "bucket": "neumo-dev-radiographs-566115828526",
            "expected_bucket_owner": "",
            "id": "neumo-dev-radiographs-566115828526",
            "mfa": null,
            "versioning_configuration": [
              {
                "mfa_delete": "",
                "status": "Enabled"
              }
            ]
          },
          "sensitive_attributes": [],
          "identity_schema_version": 0,
          "private": "bnVsbA==",
          "dependencies": [
            "data.aws_caller_identity.current",
            "module.s3.aws_s3_bucket.radiographs"
          ]
        }
      ]
    },
    {
      "module": "module.service_discovery",
      "mode": "managed",
      "type": "aws_service_discovery_private_dns_namespace",
      "name": "main",
      "provider": "provider[\"registry.terraform.io/hashicorp/aws\"]",
      "instances": [
        {
          "schema_version": 0,
          "attributes": {
            "arn": "arn:aws:servicediscovery:us-east-1:566115828526:namespace/ns-d7co6lycd7o7rcwf",
            "description": "Service discovery namespace for neumo-dev",
            "hosted_zone": "Z0325998HXTCS2WR0G14",
            "id": "ns-d7co6lycd7o7rcwf",
            "name": "neumo.internal",
            "tags": {
              "Budget": "minimal",
              "Course": "Software Architecture",
              "Environment": "dev",
              "ManagedBy": "Terraform",
              "Method": "CloudMap",
              "Name": "neumo-dev-namespace",
              "Owner": "student@university.edu",
              "Pattern": "ServiceDiscovery",
              "Project": "NeumoDiagnostics",
              "Scenario": "2-ServiceDiscovery",
              "Team": "NeumoDiagnostics"
            },
            "tags_all": {
              "Budget": "minimal",
              "Course": "Software Architecture",
              "Environment": "dev",
              "ManagedBy": "Terraform",
              "Method": "CloudMap",
              "Name": "neumo-dev-namespace",
              "Owner": "student@university.edu",
              "Pattern": "ServiceDiscovery",
              "Project": "NeumoDiagnostics",
              "Repository": "NeumoDiagnostics-Docker-1",
              "Scenario": "2-ServiceDiscovery",
              "Team": "NeumoDiagnostics"
            },
            "vpc": "vpc-0c5b5be65746da882"
          },
          "sensitive_attributes": [],
          "identity_schema_version": 0,
          "private": "bnVsbA==",
          "dependencies": [
            "module.network.aws_vpc.main"
          ]
        }
      ]
    },
    {
      "module": "module.service_discovery",
      "mode": "managed",
      "type": "aws_service_discovery_service",
      "name": "services",
      "provider": "provider[\"registry.terraform.io/hashicorp/aws\"]",
      "instances": [
        {
          "index_key": "api-gateway",
          "schema_version": 0,
          "attributes": {
            "arn": "arn:aws:servicediscovery:us-east-1:566115828526:service/srv-6ohv6yssgo5hlg3y",
            "description": "",
            "dns_config": [
              {
                "dns_records": [
                  {
                    "ttl": 10,
                    "type": "A"
                  }
                ],
                "namespace_id": "ns-d7co6lycd7o7rcwf",
                "routing_policy": "MULTIVALUE"
              }
            ],
            "force_destroy": false,
            "health_check_config": [],
            "health_check_custom_config": [
              {
                "failure_threshold": 1
              }
            ],
            "id": "srv-6ohv6yssgo5hlg3y",
            "name": "api-gateway",
            "namespace_id": "ns-d7co6lycd7o7rcwf",
            "tags": {
              "Budget": "minimal",
              "Course": "Software Architecture",
              "Environment": "dev",
              "ManagedBy": "Terraform",
              "Method": "CloudMap",
              "Name": "neumo-dev-api-gateway",
              "Owner": "student@university.edu",
              "Pattern": "ServiceDiscovery",
              "Port": "8080",
              "Project": "NeumoDiagnostics",
              "Scenario": "2-ServiceDiscovery",
              "Service": "api-gateway",
              "Team": "NeumoDiagnostics"
            },
            "tags_all": {
              "Budget": "minimal",
              "Course": "Software Architecture",
              "Environment": "dev",
              "ManagedBy": "Terraform",
              "Method": "CloudMap",
              "Name": "neumo-dev-api-gateway",
              "Owner": "student@university.edu",
              "Pattern": "ServiceDiscovery",
              "Port": "8080",
              "Project": "NeumoDiagnostics",
              "Repository": "NeumoDiagnostics-Docker-1",
              "Scenario": "2-ServiceDiscovery",
              "Service": "api-gateway",
              "Team": "NeumoDiagnostics"
            },
            "type": "DNS_HTTP"
          },
          "sensitive_attributes": [],
          "identity_schema_version": 0,
          "private": "bnVsbA==",
          "dependencies": [
            "module.network.aws_vpc.main",
            "module.service_discovery.aws_service_discovery_private_dns_namespace.main"
          ]
        },
        {
          "index_key": "auth-be",
          "schema_version": 0,
          "attributes": {
            "arn": "arn:aws:servicediscovery:us-east-1:566115828526:service/srv-xup5to3nke5nkyjy",
            "description": "",
            "dns_config": [
              {
                "dns_records": [
                  {
                    "ttl": 10,
                    "type": "A"
                  }
                ],
                "namespace_id": "ns-d7co6lycd7o7rcwf",
                "routing_policy": "MULTIVALUE"
              }
            ],
            "force_destroy": false,
            "health_check_config": [],
            "health_check_custom_config": [
              {
                "failure_threshold": 1
              }
            ],
            "id": "srv-xup5to3nke5nkyjy",
            "name": "auth-be",
            "namespace_id": "ns-d7co6lycd7o7rcwf",
            "tags": {
              "Budget": "minimal",
              "Course": "Software Architecture",
              "Environment": "dev",
              "ManagedBy": "Terraform",
              "Method": "CloudMap",
              "Name": "neumo-dev-auth-be",
              "Owner": "student@university.edu",
              "Pattern": "ServiceDiscovery",
              "Port": "8081",
              "Project": "NeumoDiagnostics",
              "Scenario": "2-ServiceDiscovery",
              "Service": "auth-be",
              "Team": "NeumoDiagnostics"
            },
            "tags_all": {
              "Budget": "minimal",
              "Course": "Software Architecture",
              "Environment": "dev",
              "ManagedBy": "Terraform",
              "Method": "CloudMap",
              "Name": "neumo-dev-auth-be",
              "Owner": "student@university.edu",
              "Pattern": "ServiceDiscovery",
              "Port": "8081",
              "Project": "NeumoDiagnostics",
              "Repository": "NeumoDiagnostics-Docker-1",
              "Scenario": "2-ServiceDiscovery",
              "Service": "auth-be",
              "Team": "NeumoDiagnostics"
            },
            "type": "DNS_HTTP"
          },
          "sensitive_attributes": [],
          "identity_schema_version": 0,
          "private": "bnVsbA==",
          "dependencies": [
            "module.network.aws_vpc.main",
            "module.service_discovery.aws_service_discovery_private_dns_namespace.main"
          ]
        },
        {
          "index_key": "message-producer",
          "schema_version": 0,
          "attributes": {
            "arn": "arn:aws:servicediscovery:us-east-1:566115828526:service/srv-ferdiebnstnqw5g6",
            "description": "",
            "dns_config": [
              {
                "dns_records": [
                  {
                    "ttl": 10,
                    "type": "A"
                  }
                ],
                "namespace_id": "ns-d7co6lycd7o7rcwf",
                "routing_policy": "MULTIVALUE"
              }
            ],
            "force_destroy": false,
            "health_check_config": [],
            "health_check_custom_config": [
              {
                "failure_threshold": 1
              }
            ],
            "id": "srv-ferdiebnstnqw5g6",
            "name": "message-producer",
            "namespace_id": "ns-d7co6lycd7o7rcwf",
            "tags": {
              "Budget": "minimal",
              "Course": "Software Architecture",
              "Environment": "dev",
              "ManagedBy": "Terraform",
              "Method": "CloudMap",
              "Name": "neumo-dev-message-producer",
              "Owner": "student@university.edu",
              "Pattern": "ServiceDiscovery",
              "Port": "8082",
              "Project": "NeumoDiagnostics",
              "Scenario": "2-ServiceDiscovery",
              "Service": "message-producer",
              "Team": "NeumoDiagnostics"
            },
            "tags_all": {
              "Budget": "minimal",
              "Course": "Software Architecture",
              "Environment": "dev",
              "ManagedBy": "Terraform",
              "Method": "CloudMap",
              "Name": "neumo-dev-message-producer",
              "Owner": "student@university.edu",
              "Pattern": "ServiceDiscovery",
              "Port": "8082",
              "Project": "NeumoDiagnostics",
              "Repository": "NeumoDiagnostics-Docker-1",
              "Scenario": "2-ServiceDiscovery",
              "Service": "message-producer",
              "Team": "NeumoDiagnostics"
            },
            "type": "DNS_HTTP"
          },
          "sensitive_attributes": [],
          "identity_schema_version": 0,
          "private": "bnVsbA==",
          "dependencies": [
            "module.network.aws_vpc.main",
            "module.service_discovery.aws_service_discovery_private_dns_namespace.main"
          ]
        },
        {
          "index_key": "mongodb",
          "schema_version": 0,
          "attributes": {
            "arn": "arn:aws:servicediscovery:us-east-1:566115828526:service/srv-dbkmeqmkydxkefjd",
            "description": "",
            "dns_config": [
              {
                "dns_records": [
                  {
                    "ttl": 10,
                    "type": "A"
                  }
                ],
                "namespace_id": "ns-d7co6lycd7o7rcwf",
                "routing_policy": "MULTIVALUE"
              }
            ],
            "force_destroy": false,
            "health_check_config": [],
            "health_check_custom_config": [
              {
                "failure_threshold": 1
              }
            ],
            "id": "srv-dbkmeqmkydxkefjd",
            "name": "mongodb",
            "namespace_id": "ns-d7co6lycd7o7rcwf",
            "tags": {
              "Budget": "minimal",
              "Course": "Software Architecture",
              "Environment": "dev",
              "ManagedBy": "Terraform",
              "Method": "CloudMap",
              "Name": "neumo-dev-mongodb",
              "Owner": "student@university.edu",
              "Pattern": "ServiceDiscovery",
              "Port": "27017",
              "Project": "NeumoDiagnostics",
              "Scenario": "2-ServiceDiscovery",
              "Service": "mongodb",
              "Team": "NeumoDiagnostics"
            },
            "tags_all": {
              "Budget": "minimal",
              "Course": "Software Architecture",
              "Environment": "dev",
              "ManagedBy": "Terraform",
              "Method": "CloudMap",
              "Name": "neumo-dev-mongodb",
              "Owner": "student@university.edu",
              "Pattern": "ServiceDiscovery",
              "Port": "27017",
              "Project": "NeumoDiagnostics",
              "Repository": "NeumoDiagnostics-Docker-1",
              "Scenario": "2-ServiceDiscovery",
              "Service": "mongodb",
              "Team": "NeumoDiagnostics"
            },
            "type": "DNS_HTTP"
          },
          "sensitive_attributes": [],
          "identity_schema_version": 0,
          "private": "bnVsbA==",
          "dependencies": [
            "module.network.aws_vpc.main",
            "module.service_discovery.aws_service_discovery_private_dns_namespace.main"
          ]
        },
        {
          "index_key": "notification-be",
          "schema_version": 0,
          "attributes": {
            "arn": "arn:aws:servicediscovery:us-east-1:566115828526:service/srv-l7f6y6jbbom6aceg",
            "description": "",
            "dns_config": [
              {
                "dns_records": [
                  {
                    "ttl": 10,
                    "type": "A"
                  }
                ],
                "namespace_id": "ns-d7co6lycd7o7rcwf",
                "routing_policy": "MULTIVALUE"
              }
            ],
            "force_destroy": false,
            "health_check_config": [],
            "health_check_custom_config": [
              {
                "failure_threshold": 1
              }
            ],
            "id": "srv-l7f6y6jbbom6aceg",
            "name": "notification-be",
            "namespace_id": "ns-d7co6lycd7o7rcwf",
            "tags": {
              "Budget": "minimal",
              "Course": "Software Architecture",
              "Environment": "dev",
              "ManagedBy": "Terraform",
              "Method": "CloudMap",
              "Name": "neumo-dev-notification-be",
              "Owner": "student@university.edu",
              "Pattern": "ServiceDiscovery",
              "Port": "8003",
              "Project": "NeumoDiagnostics",
              "Scenario": "2-ServiceDiscovery",
              "Service": "notification-be",
              "Team": "NeumoDiagnostics"
            },
            "tags_all": {
              "Budget": "minimal",
              "Course": "Software Architecture",
              "Environment": "dev",
              "ManagedBy": "Terraform",
              "Method": "CloudMap",
              "Name": "neumo-dev-notification-be",
              "Owner": "student@university.edu",
              "Pattern": "ServiceDiscovery",
              "Port": "8003",
              "Project": "NeumoDiagnostics",
              "Repository": "NeumoDiagnostics-Docker-1",
              "Scenario": "2-ServiceDiscovery",
              "Service": "notification-be",
              "Team": "NeumoDiagnostics"
            },
            "type": "DNS_HTTP"
          },
          "sensitive_attributes": [],
          "identity_schema_version": 0,
          "private": "bnVsbA==",
          "dependencies": [
            "module.network.aws_vpc.main",
            "module.service_discovery.aws_service_discovery_private_dns_namespace.main"
          ]
        },
        {
          "index_key": "prediagnostic-be",
          "schema_version": 0,
          "attributes": {
            "arn": "arn:aws:servicediscovery:us-east-1:566115828526:service/srv-7wvipc7qjtqxlvd7",
            "description": "",
            "dns_config": [
              {
                "dns_records": [
                  {
                    "ttl": 10,
                    "type": "A"
                  }
                ],
                "namespace_id": "ns-d7co6lycd7o7rcwf",
                "routing_policy": "MULTIVALUE"
              }
            ],
            "force_destroy": false,
            "health_check_config": [],
            "health_check_custom_config": [
              {
                "failure_threshold": 1
              }
            ],
            "id": "srv-7wvipc7qjtqxlvd7",
            "name": "prediagnostic-be",
            "namespace_id": "ns-d7co6lycd7o7rcwf",
            "tags": {
              "Budget": "minimal",
              "Course": "Software Architecture",
              "Environment": "dev",
              "ManagedBy": "Terraform",
              "Method": "CloudMap",
              "Name": "neumo-dev-prediagnostic-be",
              "Owner": "student@university.edu",
              "Pattern": "ServiceDiscovery",
              "Port": "8000",
              "Project": "NeumoDiagnostics",
              "Scenario": "2-ServiceDiscovery",
              "Service": "prediagnostic-be",
              "Team": "NeumoDiagnostics"
            },
            "tags_all": {
              "Budget": "minimal",
              "Course": "Software Architecture",
              "Environment": "dev",
              "ManagedBy": "Terraform",
              "Method": "CloudMap",
              "Name": "neumo-dev-prediagnostic-be",
              "Owner": "student@university.edu",
              "Pattern": "ServiceDiscovery",
              "Port": "8000",
              "Project": "NeumoDiagnostics",
              "Repository": "NeumoDiagnostics-Docker-1",
              "Scenario": "2-ServiceDiscovery",
              "Service": "prediagnostic-be",
              "Team": "NeumoDiagnostics"
            },
            "type": "DNS_HTTP"
          },
          "sensitive_attributes": [],
          "identity_schema_version": 0,
          "private": "bnVsbA==",
          "dependencies": [
            "module.network.aws_vpc.main",
            "module.service_discovery.aws_service_discovery_private_dns_namespace.main"
          ]
        },
        {
          "index_key": "rabbitmq",
          "schema_version": 0,
          "attributes": {
            "arn": "arn:aws:servicediscovery:us-east-1:566115828526:service/srv-7gkflb3kfd5cjejw",
            "description": "",
            "dns_config": [
              {
                "dns_records": [
                  {
                    "ttl": 10,
                    "type": "A"
                  }
                ],
                "namespace_id": "ns-d7co6lycd7o7rcwf",
                "routing_policy": "MULTIVALUE"
              }
            ],
            "force_destroy": false,
            "health_check_config": [],
            "health_check_custom_config": [
              {
                "failure_threshold": 1
              }
            ],
            "id": "srv-7gkflb3kfd5cjejw",
            "name": "rabbitmq",
            "namespace_id": "ns-d7co6lycd7o7rcwf",
            "tags": {
              "Budget": "minimal",
              "Course": "Software Architecture",
              "Environment": "dev",
              "ManagedBy": "Terraform",
              "Method": "CloudMap",
              "Name": "neumo-dev-rabbitmq",
              "Owner": "student@university.edu",
              "Pattern": "ServiceDiscovery",
              "Port": "5672",
              "Project": "NeumoDiagnostics",
              "Scenario": "2-ServiceDiscovery",
              "Service": "rabbitmq",
              "Team": "NeumoDiagnostics"
            },
            "tags_all": {
              "Budget": "minimal",
              "Course": "Software Architecture",
              "Environment": "dev",
              "ManagedBy": "Terraform",
              "Method": "CloudMap",
              "Name": "neumo-dev-rabbitmq",
              "Owner": "student@university.edu",
              "Pattern": "ServiceDiscovery",
              "Port": "5672",
              "Project": "NeumoDiagnostics",
              "Repository": "NeumoDiagnostics-Docker-1",
              "Scenario": "2-ServiceDiscovery",
              "Service": "rabbitmq",
              "Team": "NeumoDiagnostics"
            },
            "type": "DNS_HTTP"
          },
          "sensitive_attributes": [],
          "identity_schema_version": 0,
          "private": "bnVsbA==",
          "dependencies": [
            "module.network.aws_vpc.main",
            "module.service_discovery.aws_service_discovery_private_dns_namespace.main"
          ]
        }
      ]
    }
  ],
  "check_results": [
    {
      "object_kind": "var",
      "config_addr": "var.environment",
      "status": "pass",
      "objects": [
        {
          "object_addr": "var.environment",
          "status": "pass"
        }
      ]
    }
  ]
}
